// !$*UTF8*$!
{
	archiveVersion = 1;
	classes = {
	};
	objectVersion = 55;
	objects = {

/* Begin PBXBuildFile section */
		F125D08E2873296600049427 /* (null) in Sources */ = {isa = PBXBuildFile; };
		F17299AC2905A338008A97C4 /* ViewController.swift in Sources */ = {isa = PBXBuildFile; fileRef = F17298E22905A338008A97C4 /* ViewController.swift */; };
		F17299AD2905A338008A97C4 /* AnyModel.swift in Sources */ = {isa = PBXBuildFile; fileRef = F17298E52905A338008A97C4 /* AnyModel.swift */; };
		F17299AE2905A338008A97C4 /* ArrayExtensions.swift in Sources */ = {isa = PBXBuildFile; fileRef = F17298E72905A338008A97C4 /* ArrayExtensions.swift */; };
		F17299AF2905A338008A97C4 /* StringExtensions.swift in Sources */ = {isa = PBXBuildFile; fileRef = F17298E82905A338008A97C4 /* StringExtensions.swift */; };
		F17299B02905A338008A97C4 /* CIFilterExtension.swift in Sources */ = {isa = PBXBuildFile; fileRef = F17298E92905A338008A97C4 /* CIFilterExtension.swift */; };
		F17299B12905A338008A97C4 /* LayerOrderNumber.swift in Sources */ = {isa = PBXBuildFile; fileRef = F17298EB2905A338008A97C4 /* LayerOrderNumber.swift */; };
		F17299B22905A338008A97C4 /* ImageConfig.swift in Sources */ = {isa = PBXBuildFile; fileRef = F17298EC2905A338008A97C4 /* ImageConfig.swift */; };
		F17299B32905A338008A97C4 /* UniqueIdentifier.swift in Sources */ = {isa = PBXBuildFile; fileRef = F17298ED2905A338008A97C4 /* UniqueIdentifier.swift */; };
		F17299B42905A338008A97C4 /* Attributes.swift in Sources */ = {isa = PBXBuildFile; fileRef = F17298EE2905A338008A97C4 /* Attributes.swift */; };
		F17299B52905A338008A97C4 /* Config.swift in Sources */ = {isa = PBXBuildFile; fileRef = F17298EF2905A338008A97C4 /* Config.swift */; };
		F17299B62905A338008A97C4 /* AssetType.swift in Sources */ = {isa = PBXBuildFile; fileRef = F17298F02905A338008A97C4 /* AssetType.swift */; };
		F17299B72905A338008A97C4 /* Resource.swift in Sources */ = {isa = PBXBuildFile; fileRef = F17298F12905A338008A97C4 /* Resource.swift */; };
		F17299B82905A338008A97C4 /* Tags.swift in Sources */ = {isa = PBXBuildFile; fileRef = F17298F22905A338008A97C4 /* Tags.swift */; };
		F17299B92905A338008A97C4 /* LayerRarity.swift in Sources */ = {isa = PBXBuildFile; fileRef = F17298F32905A338008A97C4 /* LayerRarity.swift */; };
		F17299BA2905A338008A97C4 /* AssetRarity.swift in Sources */ = {isa = PBXBuildFile; fileRef = F17298F42905A338008A97C4 /* AssetRarity.swift */; };
		F17299BB2905A338008A97C4 /* Asset.swift in Sources */ = {isa = PBXBuildFile; fileRef = F17298F52905A338008A97C4 /* Asset.swift */; };
		F17299BC2905A338008A97C4 /* Tag.swift in Sources */ = {isa = PBXBuildFile; fileRef = F17298F62905A338008A97C4 /* Tag.swift */; };
		F17299BD2905A338008A97C4 /* Assets.xcassets in Resources */ = {isa = PBXBuildFile; fileRef = F17298F72905A338008A97C4 /* Assets.xcassets */; };
		F17299BE2905A338008A97C4 /* Main.storyboard in Resources */ = {isa = PBXBuildFile; fileRef = F17298F82905A338008A97C4 /* Main.storyboard */; };
		F17299BF2905A338008A97C4 /* AppDelegate.swift in Sources */ = {isa = PBXBuildFile; fileRef = F17298FA2905A338008A97C4 /* AppDelegate.swift */; };
		F17299C02905A338008A97C4 /* ClothAccessory.json in Resources */ = {isa = PBXBuildFile; fileRef = F17298FD2905A338008A97C4 /* ClothAccessory.json */; };
		F17299C12905A338008A97C4 /* ForearmAccessory.json in Resources */ = {isa = PBXBuildFile; fileRef = F17298FF2905A338008A97C4 /* ForearmAccessory.json */; };
		F17299C22905A338008A97C4 /* FaceHair.json in Resources */ = {isa = PBXBuildFile; fileRef = F17299012905A338008A97C4 /* FaceHair.json */; };
		F17299C32905A338008A97C4 /* hand_black_2.png in Resources */ = {isa = PBXBuildFile; fileRef = F17299032905A338008A97C4 /* hand_black_2.png */; };
		F17299C42905A338008A97C4 /* hand_strng_yellow.png in Resources */ = {isa = PBXBuildFile; fileRef = F17299042905A338008A97C4 /* hand_strng_yellow.png */; };
		F17299C52905A338008A97C4 /* hand_strng_perple.png in Resources */ = {isa = PBXBuildFile; fileRef = F17299052905A338008A97C4 /* hand_strng_perple.png */; };
		F17299C62905A338008A97C4 /* hand_white_1.png in Resources */ = {isa = PBXBuildFile; fileRef = F17299062905A338008A97C4 /* hand_white_1.png */; };
		F17299C72905A338008A97C4 /* hand_white_2.png in Resources */ = {isa = PBXBuildFile; fileRef = F17299072905A338008A97C4 /* hand_white_2.png */; };
		F17299C82905A338008A97C4 /* Hand.json in Resources */ = {isa = PBXBuildFile; fileRef = F17299082905A338008A97C4 /* Hand.json */; };
		F17299C92905A338008A97C4 /* hand_white_+1.png in Resources */ = {isa = PBXBuildFile; fileRef = F17299092905A338008A97C4 /* hand_white_+1.png */; };
		F17299CA2905A338008A97C4 /* hand_strng_green.png in Resources */ = {isa = PBXBuildFile; fileRef = F172990A2905A338008A97C4 /* hand_strng_green.png */; };
		F17299CB2905A338008A97C4 /* Config.json in Resources */ = {isa = PBXBuildFile; fileRef = F172990B2905A338008A97C4 /* Config.json */; };
		F17299CC2905A338008A97C4 /* F1_wings_2_c.png in Resources */ = {isa = PBXBuildFile; fileRef = F172990D2905A338008A97C4 /* F1_wings_2_c.png */; };
		F17299CD2905A338008A97C4 /* F1_wings_2_b.png in Resources */ = {isa = PBXBuildFile; fileRef = F172990E2905A338008A97C4 /* F1_wings_2_b.png */; };
		F17299CE2905A338008A97C4 /* F1_wings_2_a.png in Resources */ = {isa = PBXBuildFile; fileRef = F172990F2905A338008A97C4 /* F1_wings_2_a.png */; };
		F17299CF2905A338008A97C4 /* Wings.json in Resources */ = {isa = PBXBuildFile; fileRef = F17299102905A338008A97C4 /* Wings.json */; };
		F17299D02905A338008A97C4 /* F1_wings_1_d.png in Resources */ = {isa = PBXBuildFile; fileRef = F17299112905A338008A97C4 /* F1_wings_1_d.png */; };
		F17299D12905A338008A97C4 /* F1_wings_1_e.png in Resources */ = {isa = PBXBuildFile; fileRef = F17299122905A338008A97C4 /* F1_wings_1_e.png */; };
		F17299D22905A338008A97C4 /* F1_wings_3_d.png in Resources */ = {isa = PBXBuildFile; fileRef = F17299132905A338008A97C4 /* F1_wings_3_d.png */; };
		F17299D32905A338008A97C4 /* F1_wings_1_b.png in Resources */ = {isa = PBXBuildFile; fileRef = F17299142905A338008A97C4 /* F1_wings_1_b.png */; };
		F17299D42905A338008A97C4 /* F1_wings_1_c.png in Resources */ = {isa = PBXBuildFile; fileRef = F17299152905A338008A97C4 /* F1_wings_1_c.png */; };
		F17299D52905A338008A97C4 /* F1_wings_3_a.png in Resources */ = {isa = PBXBuildFile; fileRef = F17299162905A338008A97C4 /* F1_wings_3_a.png */; };
		F17299D62905A338008A97C4 /* F1_wings_3_c.png in Resources */ = {isa = PBXBuildFile; fileRef = F17299172905A338008A97C4 /* F1_wings_3_c.png */; };
		F17299D72905A338008A97C4 /* F1_wings_1_a.png in Resources */ = {isa = PBXBuildFile; fileRef = F17299182905A338008A97C4 /* F1_wings_1_a.png */; };
		F17299D82905A338008A97C4 /* F1_wings_3_b.png in Resources */ = {isa = PBXBuildFile; fileRef = F17299192905A338008A97C4 /* F1_wings_3_b.png */; };
		F17299D92905A338008A97C4 /* HandAccessory.json in Resources */ = {isa = PBXBuildFile; fileRef = F172991B2905A338008A97C4 /* HandAccessory.json */; };
		F17299DA2905A338008A97C4 /* Tatto.json in Resources */ = {isa = PBXBuildFile; fileRef = F172991D2905A338008A97C4 /* Tatto.json */; };
		F17299DB2905A338008A97C4 /* HandTattoo.json in Resources */ = {isa = PBXBuildFile; fileRef = F172991E2905A338008A97C4 /* HandTattoo.json */; };
		F17299DC2905A338008A97C4 /* body_strng_perple.png in Resources */ = {isa = PBXBuildFile; fileRef = F17299202905A338008A97C4 /* body_strng_perple.png */; };
		F17299DD2905A338008A97C4 /* body_white_2.png in Resources */ = {isa = PBXBuildFile; fileRef = F17299212905A338008A97C4 /* body_white_2.png */; };
		F17299DE2905A338008A97C4 /* body_white_1.png in Resources */ = {isa = PBXBuildFile; fileRef = F17299222905A338008A97C4 /* body_white_1.png */; };
		F17299DF2905A338008A97C4 /* body_strng_yellow.png in Resources */ = {isa = PBXBuildFile; fileRef = F17299232905A338008A97C4 /* body_strng_yellow.png */; };
		F17299E02905A338008A97C4 /* body_black_2.png in Resources */ = {isa = PBXBuildFile; fileRef = F17299242905A338008A97C4 /* body_black_2.png */; };
		F17299E12905A338008A97C4 /* body_strng_green.png in Resources */ = {isa = PBXBuildFile; fileRef = F17299252905A338008A97C4 /* body_strng_green.png */; };
		F17299E22905A338008A97C4 /* Body.json in Resources */ = {isa = PBXBuildFile; fileRef = F17299262905A338008A97C4 /* Body.json */; };
		F17299E32905A338008A97C4 /* body_white_+1.png in Resources */ = {isa = PBXBuildFile; fileRef = F17299272905A338008A97C4 /* body_white_+1.png */; };
		F17299E42905A338008A97C4 /* NeckAccesory.json in Resources */ = {isa = PBXBuildFile; fileRef = F17299292905A338008A97C4 /* NeckAccesory.json */; };
		F17299E52905A338008A97C4 /* Hair.json in Resources */ = {isa = PBXBuildFile; fileRef = F172992B2905A338008A97C4 /* Hair.json */; };
		F17299E62905A338008A97C4 /* FF7777.png in Resources */ = {isa = PBXBuildFile; fileRef = F172992D2905A338008A97C4 /* FF7777.png */; };
		F17299E72905A338008A97C4 /* Background.json in Resources */ = {isa = PBXBuildFile; fileRef = F172992E2905A338008A97C4 /* Background.json */; };
		F17299E82905A338008A97C4 /* q_background_8.png in Resources */ = {isa = PBXBuildFile; fileRef = F172992F2905A338008A97C4 /* q_background_8.png */; };
		F17299E92905A338008A97C4 /* q_background_9.png in Resources */ = {isa = PBXBuildFile; fileRef = F17299302905A338008A97C4 /* q_background_9.png */; };
		F17299EA2905A338008A97C4 /* E0C398.png in Resources */ = {isa = PBXBuildFile; fileRef = F17299312905A338008A97C4 /* E0C398.png */; };
		F17299EB2905A338008A97C4 /* q_background_10.png in Resources */ = {isa = PBXBuildFile; fileRef = F17299322905A338008A97C4 /* q_background_10.png */; };
		F17299EC2905A338008A97C4 /* q_background_4.png in Resources */ = {isa = PBXBuildFile; fileRef = F17299332905A338008A97C4 /* q_background_4.png */; };
		F17299ED2905A338008A97C4 /* q_background_5.png in Resources */ = {isa = PBXBuildFile; fileRef = F17299342905A338008A97C4 /* q_background_5.png */; };
		F17299EE2905A338008A97C4 /* q_background_7.png in Resources */ = {isa = PBXBuildFile; fileRef = F17299352905A338008A97C4 /* q_background_7.png */; };
		F17299EF2905A338008A97C4 /* 989FE0.png in Resources */ = {isa = PBXBuildFile; fileRef = F17299362905A338008A97C4 /* 989FE0.png */; };
		F17299F02905A338008A97C4 /* q_background_6.png in Resources */ = {isa = PBXBuildFile; fileRef = F17299372905A338008A97C4 /* q_background_6.png */; };
		F17299F12905A338008A97C4 /* EyesAccesory.json in Resources */ = {isa = PBXBuildFile; fileRef = F17299392905A338008A97C4 /* EyesAccesory.json */; };
		F17299F22905A338008A97C4 /* FaceAccesory.json in Resources */ = {isa = PBXBuildFile; fileRef = F172993B2905A338008A97C4 /* FaceAccesory.json */; };
		F17299F32905A338008A97C4 /* Hat.json in Resources */ = {isa = PBXBuildFile; fileRef = F172993D2905A338008A97C4 /* Hat.json */; };
		F17299F42905A338008A97C4 /* eyes_white_1_2.png in Resources */ = {isa = PBXBuildFile; fileRef = F172993F2905A338008A97C4 /* eyes_white_1_2.png */; };
		F17299F52905A338008A97C4 /* Eyes.json in Resources */ = {isa = PBXBuildFile; fileRef = F17299402905A338008A97C4 /* Eyes.json */; };
		F17299F62905A338008A97C4 /* eyes_white_1_3.png in Resources */ = {isa = PBXBuildFile; fileRef = F17299412905A338008A97C4 /* eyes_white_1_3.png */; };
		F17299F72905A338008A97C4 /* eyes_white_1_1.png in Resources */ = {isa = PBXBuildFile; fileRef = F17299422905A338008A97C4 /* eyes_white_1_1.png */; };
		F17299F82905A338008A97C4 /* eyes_strng_yellow_2.png in Resources */ = {isa = PBXBuildFile; fileRef = F17299432905A338008A97C4 /* eyes_strng_yellow_2.png */; };
		F17299F92905A338008A97C4 /* eyes_strng_yellow_3.png in Resources */ = {isa = PBXBuildFile; fileRef = F17299442905A338008A97C4 /* eyes_strng_yellow_3.png */; };
		F17299FA2905A338008A97C4 /* eyes_strng_yellow_1.png in Resources */ = {isa = PBXBuildFile; fileRef = F17299452905A338008A97C4 /* eyes_strng_yellow_1.png */; };
		F17299FB2905A338008A97C4 /* eyes_white_2_3.png in Resources */ = {isa = PBXBuildFile; fileRef = F17299462905A338008A97C4 /* eyes_white_2_3.png */; };
		F17299FC2905A338008A97C4 /* eyes_strng_green_3.png in Resources */ = {isa = PBXBuildFile; fileRef = F17299472905A338008A97C4 /* eyes_strng_green_3.png */; };
		F17299FD2905A338008A97C4 /* eyes_strng_green_2.png in Resources */ = {isa = PBXBuildFile; fileRef = F17299482905A338008A97C4 /* eyes_strng_green_2.png */; };
		F17299FE2905A338008A97C4 /* eyes_white_2_2.png in Resources */ = {isa = PBXBuildFile; fileRef = F17299492905A338008A97C4 /* eyes_white_2_2.png */; };
		F17299FF2905A338008A97C4 /* eyes_black_2_1.png in Resources */ = {isa = PBXBuildFile; fileRef = F172994A2905A338008A97C4 /* eyes_black_2_1.png */; };
		F1729A002905A338008A97C4 /* eyes_black_2_3.png in Resources */ = {isa = PBXBuildFile; fileRef = F172994B2905A338008A97C4 /* eyes_black_2_3.png */; };
		F1729A012905A338008A97C4 /* eyes_strng_green_1.png in Resources */ = {isa = PBXBuildFile; fileRef = F172994C2905A338008A97C4 /* eyes_strng_green_1.png */; };
		F1729A022905A338008A97C4 /* eyes_white_2_1.png in Resources */ = {isa = PBXBuildFile; fileRef = F172994D2905A338008A97C4 /* eyes_white_2_1.png */; };
		F1729A032905A338008A97C4 /* eyes_black_2_2.png in Resources */ = {isa = PBXBuildFile; fileRef = F172994E2905A338008A97C4 /* eyes_black_2_2.png */; };
		F1729A042905A338008A97C4 /* eyes_white_+1_3.png in Resources */ = {isa = PBXBuildFile; fileRef = F172994F2905A338008A97C4 /* eyes_white_+1_3.png */; };
		F1729A052905A338008A97C4 /* eyes_white_+1_2.png in Resources */ = {isa = PBXBuildFile; fileRef = F17299502905A338008A97C4 /* eyes_white_+1_2.png */; };
		F1729A062905A338008A97C4 /* eyes_white_+1_1.png in Resources */ = {isa = PBXBuildFile; fileRef = F17299512905A338008A97C4 /* eyes_white_+1_1.png */; };
		F1729A072905A338008A97C4 /* eyes_strng_perple_1.png in Resources */ = {isa = PBXBuildFile; fileRef = F17299522905A338008A97C4 /* eyes_strng_perple_1.png */; };
		F1729A082905A338008A97C4 /* eyes_strng_perple_2.png in Resources */ = {isa = PBXBuildFile; fileRef = F17299532905A338008A97C4 /* eyes_strng_perple_2.png */; };
		F1729A092905A338008A97C4 /* eyes_strng_perple_3.png in Resources */ = {isa = PBXBuildFile; fileRef = F17299542905A338008A97C4 /* eyes_strng_perple_3.png */; };
		F1729A0A2905A338008A97C4 /* Eye.json in Resources */ = {isa = PBXBuildFile; fileRef = F17299552905A338008A97C4 /* Eye.json */; };
		F1729A0B2905A338008A97C4 /* plumber_overall_red.png in Resources */ = {isa = PBXBuildFile; fileRef = F17299582905A338008A97C4 /* plumber_overall_red.png */; };
		F1729A0C2905A338008A97C4 /* uniform_tShirt_brown.png in Resources */ = {isa = PBXBuildFile; fileRef = F17299592905A338008A97C4 /* uniform_tShirt_brown.png */; };
		F1729A0D2905A338008A97C4 /* plumber_overall_violet.png in Resources */ = {isa = PBXBuildFile; fileRef = F172995A2905A338008A97C4 /* plumber_overall_violet.png */; };
		F1729A0E2905A338008A97C4 /* uniform_shirt_brown.png in Resources */ = {isa = PBXBuildFile; fileRef = F172995B2905A338008A97C4 /* uniform_shirt_brown.png */; };
		F1729A0F2905A338008A97C4 /* builder_neonOrange_vest.png in Resources */ = {isa = PBXBuildFile; fileRef = F172995C2905A338008A97C4 /* builder_neonOrange_vest.png */; };
		F1729A102905A338008A97C4 /* uniform_shirt_blue.png in Resources */ = {isa = PBXBuildFile; fileRef = F172995D2905A338008A97C4 /* uniform_shirt_blue.png */; };
		F1729A112905A338008A97C4 /* builder_neonGreen_vest.png in Resources */ = {isa = PBXBuildFile; fileRef = F172995E2905A338008A97C4 /* builder_neonGreen_vest.png */; };
		F1729A122905A338008A97C4 /* uniform_tShirt_khaki.png in Resources */ = {isa = PBXBuildFile; fileRef = F172995F2905A338008A97C4 /* uniform_tShirt_khaki.png */; };
		F1729A132905A338008A97C4 /* uniform_tShirt_blue.png in Resources */ = {isa = PBXBuildFile; fileRef = F17299602905A338008A97C4 /* uniform_tShirt_blue.png */; };
		F1729A142905A338008A97C4 /* plumber_overall_babyBlue.png in Resources */ = {isa = PBXBuildFile; fileRef = F17299612905A338008A97C4 /* plumber_overall_babyBlue.png */; };
		F1729A152905A338008A97C4 /* cellie_prisonOverall_grey.png in Resources */ = {isa = PBXBuildFile; fileRef = F17299632905A338008A97C4 /* cellie_prisonOverall_grey.png */; };
		F1729A162905A338008A97C4 /* funky_prisonJumpsuit_orange.png in Resources */ = {isa = PBXBuildFile; fileRef = F17299642905A338008A97C4 /* funky_prisonJumpsuit_orange.png */; };
		F1729A172905A338008A97C4 /* strapped_tornClothing_brown.png in Resources */ = {isa = PBXBuildFile; fileRef = F17299652905A338008A97C4 /* strapped_tornClothing_brown.png */; };
		F1729A182905A338008A97C4 /* jailbird_sweatshirt_red.png in Resources */ = {isa = PBXBuildFile; fileRef = F17299662905A338008A97C4 /* jailbird_sweatshirt_red.png */; };
		F1729A192905A338008A97C4 /* cellie_prisonOverall_dark.png in Resources */ = {isa = PBXBuildFile; fileRef = F17299672905A338008A97C4 /* cellie_prisonOverall_dark.png */; };
		F1729A1A2905A338008A97C4 /* jailbird_sweatshirt_orange.png in Resources */ = {isa = PBXBuildFile; fileRef = F17299682905A338008A97C4 /* jailbird_sweatshirt_orange.png */; };
		F1729A1B2905A338008A97C4 /* funky_prisonJumpsuit_grey.png in Resources */ = {isa = PBXBuildFile; fileRef = F17299692905A338008A97C4 /* funky_prisonJumpsuit_grey.png */; };
		F1729A1C2905A338008A97C4 /* strapped_tornClothing_orange.png in Resources */ = {isa = PBXBuildFile; fileRef = F172996A2905A338008A97C4 /* strapped_tornClothing_orange.png */; };
		F1729A1D2905A338008A97C4 /* jacket_green.png in Resources */ = {isa = PBXBuildFile; fileRef = F172996C2905A338008A97C4 /* jacket_green.png */; };
		F1729A1E2905A338008A97C4 /* shirt_grey.png in Resources */ = {isa = PBXBuildFile; fileRef = F172996D2905A338008A97C4 /* shirt_grey.png */; };
		F1729A1F2905A338008A97C4 /* blouse_red.png in Resources */ = {isa = PBXBuildFile; fileRef = F172996E2905A338008A97C4 /* blouse_red.png */; };
		F1729A202905A338008A97C4 /* shirt_brown.png in Resources */ = {isa = PBXBuildFile; fileRef = F172996F2905A338008A97C4 /* shirt_brown.png */; };
		F1729A212905A338008A97C4 /* suit_blue.png in Resources */ = {isa = PBXBuildFile; fileRef = F17299702905A338008A97C4 /* suit_blue.png */; };
		F1729A222905A338008A97C4 /* jacket_blue.png in Resources */ = {isa = PBXBuildFile; fileRef = F17299712905A338008A97C4 /* jacket_blue.png */; };
		F1729A232905A338008A97C4 /* tShirt_grey.png in Resources */ = {isa = PBXBuildFile; fileRef = F17299722905A338008A97C4 /* tShirt_grey.png */; };
		F1729A242905A338008A97C4 /* sweater_blacknred.png in Resources */ = {isa = PBXBuildFile; fileRef = F17299732905A338008A97C4 /* sweater_blacknred.png */; };
		F1729A252905A338008A97C4 /* sweater_Vibrant.png in Resources */ = {isa = PBXBuildFile; fileRef = F17299742905A338008A97C4 /* sweater_Vibrant.png */; };
		F1729A262905A338008A97C4 /* tShirt_milk.png in Resources */ = {isa = PBXBuildFile; fileRef = F17299752905A338008A97C4 /* tShirt_milk.png */; };
		F1729A272905A338008A97C4 /* suit_brown.png in Resources */ = {isa = PBXBuildFile; fileRef = F17299762905A338008A97C4 /* suit_brown.png */; };
		F1729A282905A338008A97C4 /* tShirt_blue.png in Resources */ = {isa = PBXBuildFile; fileRef = F17299772905A338008A97C4 /* tShirt_blue.png */; };
		F1729A292905A338008A97C4 /* tShirt_violet.png in Resources */ = {isa = PBXBuildFile; fileRef = F17299782905A338008A97C4 /* tShirt_violet.png */; };
		F1729A2A2905A338008A97C4 /* sweater_blacknwhite.png in Resources */ = {isa = PBXBuildFile; fileRef = F17299792905A338008A97C4 /* sweater_blacknwhite.png */; };
		F1729A2B2905A338008A97C4 /* shirt_blue.png in Resources */ = {isa = PBXBuildFile; fileRef = F172997A2905A338008A97C4 /* shirt_blue.png */; };
		F1729A2C2905A338008A97C4 /* shirt_camel.png in Resources */ = {isa = PBXBuildFile; fileRef = F172997B2905A338008A97C4 /* shirt_camel.png */; };
		F1729A2D2905A338008A97C4 /* tShirt_brown.png in Resources */ = {isa = PBXBuildFile; fileRef = F172997C2905A338008A97C4 /* tShirt_brown.png */; };
		F1729A2E2905A338008A97C4 /* tShirt_teal.png in Resources */ = {isa = PBXBuildFile; fileRef = F172997D2905A338008A97C4 /* tShirt_teal.png */; };
		F1729A2F2905A338008A97C4 /* Clothing.json in Resources */ = {isa = PBXBuildFile; fileRef = F172997E2905A338008A97C4 /* Clothing.json */; };
		F1729A302905A338008A97C4 /* singer_dress_teal.png in Resources */ = {isa = PBXBuildFile; fileRef = F17299802905A338008A97C4 /* singer_dress_teal.png */; };
		F1729A312905A338008A97C4 /* author_coat_brown.png in Resources */ = {isa = PBXBuildFile; fileRef = F17299812905A338008A97C4 /* author_coat_brown.png */; };
		F1729A322905A338008A97C4 /* rapper_longsleeve_blue.png in Resources */ = {isa = PBXBuildFile; fileRef = F17299822905A338008A97C4 /* rapper_longsleeve_blue.png */; };
		F1729A332905A338008A97C4 /* tattoo master_tShirt_aegean.png in Resources */ = {isa = PBXBuildFile; fileRef = F17299832905A338008A97C4 /* tattoo master_tShirt_aegean.png */; };
		F1729A342905A338008A97C4 /* dancer_jacket_orange.png in Resources */ = {isa = PBXBuildFile; fileRef = F17299842905A338008A97C4 /* dancer_jacket_orange.png */; };
		F1729A352905A338008A97C4 /* rapper_longsleeve_purple.png in Resources */ = {isa = PBXBuildFile; fileRef = F17299852905A338008A97C4 /* rapper_longsleeve_purple.png */; };
		F1729A362905A338008A97C4 /* sculptere_overall_clay.png in Resources */ = {isa = PBXBuildFile; fileRef = F17299862905A338008A97C4 /* sculptere_overall_clay.png */; };
		F1729A372905A338008A97C4 /* painter_overall_ink.png in Resources */ = {isa = PBXBuildFile; fileRef = F17299872905A338008A97C4 /* painter_overall_ink.png */; };
		F1729A382905A338008A97C4 /* singer_dress_red.png in Resources */ = {isa = PBXBuildFile; fileRef = F17299882905A338008A97C4 /* singer_dress_red.png */; };
		F1729A392905A338008A97C4 /* author_coat_beige.png in Resources */ = {isa = PBXBuildFile; fileRef = F17299892905A338008A97C4 /* author_coat_beige.png */; };
		F1729A3A2905A338008A97C4 /* tattoo master_tShirt_violet.png in Resources */ = {isa = PBXBuildFile; fileRef = F172998A2905A338008A97C4 /* tattoo master_tShirt_violet.png */; };
		F1729A3B2905A338008A97C4 /* dancer_jacket_blue.png in Resources */ = {isa = PBXBuildFile; fileRef = F172998B2905A338008A97C4 /* dancer_jacket_blue.png */; };
		F1729A3C2905A338008A97C4 /* taxist_shirt_white.png in Resources */ = {isa = PBXBuildFile; fileRef = F172998D2905A338008A97C4 /* taxist_shirt_white.png */; };
		F1729A3D2905A338008A97C4 /* maid_pinafore_darkBlie.png in Resources */ = {isa = PBXBuildFile; fileRef = F172998E2905A338008A97C4 /* maid_pinafore_darkBlie.png */; };
		F1729A3E2905A338008A97C4 /* taxist_shirt_brown.png in Resources */ = {isa = PBXBuildFile; fileRef = F172998F2905A338008A97C4 /* taxist_shirt_brown.png */; };
		F1729A3F2905A338008A97C4 /* maid_pinafore_darkGreen.png in Resources */ = {isa = PBXBuildFile; fileRef = F17299902905A338008A97C4 /* maid_pinafore_darkGreen.png */; };
		F1729A402905A338008A97C4 /* housemaid_apron_musturd.png in Resources */ = {isa = PBXBuildFile; fileRef = F17299912905A338008A97C4 /* housemaid_apron_musturd.png */; };
		F1729A412905A338008A97C4 /* bartender_apron_frappuccino.png in Resources */ = {isa = PBXBuildFile; fileRef = F17299922905A338008A97C4 /* bartender_apron_frappuccino.png */; };
		F1729A422905A338008A97C4 /* policeman_uniform_pink.png in Resources */ = {isa = PBXBuildFile; fileRef = F17299932905A338008A97C4 /* policeman_uniform_pink.png */; };
		F1729A432905A338008A97C4 /* policeman_uniform_blue.png in Resources */ = {isa = PBXBuildFile; fileRef = F17299942905A338008A97C4 /* policeman_uniform_blue.png */; };
		F1729A442905A338008A97C4 /* medicalGown_pink.png in Resources */ = {isa = PBXBuildFile; fileRef = F17299952905A338008A97C4 /* medicalGown_pink.png */; };
		F1729A452905A338008A97C4 /* medicalGown_blue.png in Resources */ = {isa = PBXBuildFile; fileRef = F17299962905A338008A97C4 /* medicalGown_blue.png */; };
		F1729A462905A338008A97C4 /* bartender_apron_blacknbrown.png in Resources */ = {isa = PBXBuildFile; fileRef = F17299972905A338008A97C4 /* bartender_apron_blacknbrown.png */; };
		F1729A472905A338008A97C4 /* fireman_uniform_green.png in Resources */ = {isa = PBXBuildFile; fileRef = F17299982905A338008A97C4 /* fireman_uniform_green.png */; };
		F1729A482905A338008A97C4 /* fireman_uniform_orange.png in Resources */ = {isa = PBXBuildFile; fileRef = F17299992905A338008A97C4 /* fireman_uniform_orange.png */; };
		F1729A492905A338008A97C4 /* waistcoat_peach.png in Resources */ = {isa = PBXBuildFile; fileRef = F172999A2905A338008A97C4 /* waistcoat_peach.png */; };
		F1729A4A2905A338008A97C4 /* barista_apron_bluenwhite.png in Resources */ = {isa = PBXBuildFile; fileRef = F172999B2905A338008A97C4 /* barista_apron_bluenwhite.png */; };
		F1729A4B2905A338008A97C4 /* chef_jacket_peach.png in Resources */ = {isa = PBXBuildFile; fileRef = F172999C2905A338008A97C4 /* chef_jacket_peach.png */; };
		F1729A4C2905A338008A97C4 /* waistcoat_blue.png in Resources */ = {isa = PBXBuildFile; fileRef = F172999D2905A338008A97C4 /* waistcoat_blue.png */; };
		F1729A4D2905A338008A97C4 /* barista_apron_milk.png in Resources */ = {isa = PBXBuildFile; fileRef = F172999E2905A338008A97C4 /* barista_apron_milk.png */; };
		F1729A4E2905A338008A97C4 /* chef_jacket_blue.png in Resources */ = {isa = PBXBuildFile; fileRef = F172999F2905A338008A97C4 /* chef_jacket_blue.png */; };
		F1729A4F2905A338008A97C4 /* housemaid_apron_green.png in Resources */ = {isa = PBXBuildFile; fileRef = F17299A02905A338008A97C4 /* housemaid_apron_green.png */; };
		F1729A502905A338008A97C4 /* Mouth.json in Resources */ = {isa = PBXBuildFile; fileRef = F17299A22905A338008A97C4 /* Mouth.json */; };
		F1729A512905A338008A97C4 /* F1_mouth_4.png in Resources */ = {isa = PBXBuildFile; fileRef = F17299A32905A338008A97C4 /* F1_mouth_4.png */; };
		F1729A522905A338008A97C4 /* F1_mouth_5.png in Resources */ = {isa = PBXBuildFile; fileRef = F17299A42905A338008A97C4 /* F1_mouth_5.png */; };
		F1729A532905A338008A97C4 /* F1_mouth_2.png in Resources */ = {isa = PBXBuildFile; fileRef = F17299A52905A338008A97C4 /* F1_mouth_2.png */; };
		F1729A542905A338008A97C4 /* F1_mouth_3.png in Resources */ = {isa = PBXBuildFile; fileRef = F17299A62905A338008A97C4 /* F1_mouth_3.png */; };
		F1729A552905A338008A97C4 /* F1_mouth_1.png in Resources */ = {isa = PBXBuildFile; fileRef = F17299A72905A338008A97C4 /* F1_mouth_1.png */; };
		F1729A562905A338008A97C4 /* Outerwear.json in Resources */ = {isa = PBXBuildFile; fileRef = F17299A92905A338008A97C4 /* Outerwear.json */; };
		F1729A572905A338008A97C4 /* Facilities.json in Resources */ = {isa = PBXBuildFile; fileRef = F17299AB2905A338008A97C4 /* Facilities.json */; };
/* End PBXBuildFile section */

/* Begin PBXFileReference section */
		685D3194290598F1002FBC8D /* NFTGenerator.xcodeproj */ = {isa = PBXFileReference; lastKnownFileType = "wrapper.pb-project"; path = NFTGenerator.xcodeproj; sourceTree = "<group>"; };
		F1646E252872F3E2009B2FF9 /* NFTGenerator.app */ = {isa = PBXFileReference; explicitFileType = wrapper.application; includeInIndex = 0; path = NFTGenerator.app; sourceTree = BUILT_PRODUCTS_DIR; };
		F17298E22905A338008A97C4 /* ViewController.swift */ = {isa = PBXFileReference; fileEncoding = 4; lastKnownFileType = sourcecode.swift; path = ViewController.swift; sourceTree = "<group>"; };
		F17298E32905A338008A97C4 /* NFTGenerator.entitlements */ = {isa = PBXFileReference; fileEncoding = 4; lastKnownFileType = text.plist.entitlements; path = NFTGenerator.entitlements; sourceTree = "<group>"; };
		F17298E52905A338008A97C4 /* AnyModel.swift */ = {isa = PBXFileReference; fileEncoding = 4; lastKnownFileType = sourcecode.swift; path = AnyModel.swift; sourceTree = "<group>"; };
		F17298E72905A338008A97C4 /* ArrayExtensions.swift */ = {isa = PBXFileReference; fileEncoding = 4; lastKnownFileType = sourcecode.swift; path = ArrayExtensions.swift; sourceTree = "<group>"; };
		F17298E82905A338008A97C4 /* StringExtensions.swift */ = {isa = PBXFileReference; fileEncoding = 4; lastKnownFileType = sourcecode.swift; path = StringExtensions.swift; sourceTree = "<group>"; };
		F17298E92905A338008A97C4 /* CIFilterExtension.swift */ = {isa = PBXFileReference; fileEncoding = 4; lastKnownFileType = sourcecode.swift; path = CIFilterExtension.swift; sourceTree = "<group>"; };
		F17298EB2905A338008A97C4 /* LayerOrderNumber.swift */ = {isa = PBXFileReference; fileEncoding = 4; lastKnownFileType = sourcecode.swift; path = LayerOrderNumber.swift; sourceTree = "<group>"; };
		F17298EC2905A338008A97C4 /* ImageConfig.swift */ = {isa = PBXFileReference; fileEncoding = 4; lastKnownFileType = sourcecode.swift; path = ImageConfig.swift; sourceTree = "<group>"; };
		F17298ED2905A338008A97C4 /* UniqueIdentifier.swift */ = {isa = PBXFileReference; fileEncoding = 4; lastKnownFileType = sourcecode.swift; path = UniqueIdentifier.swift; sourceTree = "<group>"; };
		F17298EE2905A338008A97C4 /* Attributes.swift */ = {isa = PBXFileReference; fileEncoding = 4; lastKnownFileType = sourcecode.swift; path = Attributes.swift; sourceTree = "<group>"; };
		F17298EF2905A338008A97C4 /* Config.swift */ = {isa = PBXFileReference; fileEncoding = 4; lastKnownFileType = sourcecode.swift; path = Config.swift; sourceTree = "<group>"; };
		F17298F02905A338008A97C4 /* AssetType.swift */ = {isa = PBXFileReference; fileEncoding = 4; lastKnownFileType = sourcecode.swift; path = AssetType.swift; sourceTree = "<group>"; };
		F17298F12905A338008A97C4 /* Resource.swift */ = {isa = PBXFileReference; fileEncoding = 4; lastKnownFileType = sourcecode.swift; path = Resource.swift; sourceTree = "<group>"; };
		F17298F22905A338008A97C4 /* Tags.swift */ = {isa = PBXFileReference; fileEncoding = 4; lastKnownFileType = sourcecode.swift; path = Tags.swift; sourceTree = "<group>"; };
		F17298F32905A338008A97C4 /* LayerRarity.swift */ = {isa = PBXFileReference; fileEncoding = 4; lastKnownFileType = sourcecode.swift; path = LayerRarity.swift; sourceTree = "<group>"; };
		F17298F42905A338008A97C4 /* AssetRarity.swift */ = {isa = PBXFileReference; fileEncoding = 4; lastKnownFileType = sourcecode.swift; path = AssetRarity.swift; sourceTree = "<group>"; };
		F17298F52905A338008A97C4 /* Asset.swift */ = {isa = PBXFileReference; fileEncoding = 4; lastKnownFileType = sourcecode.swift; path = Asset.swift; sourceTree = "<group>"; };
		F17298F62905A338008A97C4 /* Tag.swift */ = {isa = PBXFileReference; fileEncoding = 4; lastKnownFileType = sourcecode.swift; path = Tag.swift; sourceTree = "<group>"; };
		F17298F72905A338008A97C4 /* Assets.xcassets */ = {isa = PBXFileReference; lastKnownFileType = folder.assetcatalog; path = Assets.xcassets; sourceTree = "<group>"; };
		F17298F92905A338008A97C4 /* Base */ = {isa = PBXFileReference; lastKnownFileType = file.storyboard; name = Base; path = Base.lproj/Main.storyboard; sourceTree = "<group>"; };
		F17298FA2905A338008A97C4 /* AppDelegate.swift */ = {isa = PBXFileReference; fileEncoding = 4; lastKnownFileType = sourcecode.swift; path = AppDelegate.swift; sourceTree = "<group>"; };
		F17298FD2905A338008A97C4 /* ClothAccessory.json */ = {isa = PBXFileReference; fileEncoding = 4; lastKnownFileType = text.json; path = ClothAccessory.json; sourceTree = "<group>"; };
		F17298FF2905A338008A97C4 /* ForearmAccessory.json */ = {isa = PBXFileReference; fileEncoding = 4; lastKnownFileType = text.json; path = ForearmAccessory.json; sourceTree = "<group>"; };
		F17299012905A338008A97C4 /* FaceHair.json */ = {isa = PBXFileReference; fileEncoding = 4; lastKnownFileType = text.json; path = FaceHair.json; sourceTree = "<group>"; };
		F17299032905A338008A97C4 /* hand_black_2.png */ = {isa = PBXFileReference; lastKnownFileType = image.png; path = hand_black_2.png; sourceTree = "<group>"; };
		F17299042905A338008A97C4 /* hand_strng_yellow.png */ = {isa = PBXFileReference; lastKnownFileType = image.png; path = hand_strng_yellow.png; sourceTree = "<group>"; };
		F17299052905A338008A97C4 /* hand_strng_perple.png */ = {isa = PBXFileReference; lastKnownFileType = image.png; path = hand_strng_perple.png; sourceTree = "<group>"; };
		F17299062905A338008A97C4 /* hand_white_1.png */ = {isa = PBXFileReference; lastKnownFileType = image.png; path = hand_white_1.png; sourceTree = "<group>"; };
		F17299072905A338008A97C4 /* hand_white_2.png */ = {isa = PBXFileReference; lastKnownFileType = image.png; path = hand_white_2.png; sourceTree = "<group>"; };
		F17299082905A338008A97C4 /* Hand.json */ = {isa = PBXFileReference; fileEncoding = 4; lastKnownFileType = text.json; path = Hand.json; sourceTree = "<group>"; };
		F17299092905A338008A97C4 /* hand_white_+1.png */ = {isa = PBXFileReference; lastKnownFileType = image.png; path = "hand_white_+1.png"; sourceTree = "<group>"; };
		F172990A2905A338008A97C4 /* hand_strng_green.png */ = {isa = PBXFileReference; lastKnownFileType = image.png; path = hand_strng_green.png; sourceTree = "<group>"; };
		F172990B2905A338008A97C4 /* Config.json */ = {isa = PBXFileReference; fileEncoding = 4; lastKnownFileType = text.json; path = Config.json; sourceTree = "<group>"; };
		F172990D2905A338008A97C4 /* F1_wings_2_c.png */ = {isa = PBXFileReference; lastKnownFileType = image.png; path = F1_wings_2_c.png; sourceTree = "<group>"; };
		F172990E2905A338008A97C4 /* F1_wings_2_b.png */ = {isa = PBXFileReference; lastKnownFileType = image.png; path = F1_wings_2_b.png; sourceTree = "<group>"; };
		F172990F2905A338008A97C4 /* F1_wings_2_a.png */ = {isa = PBXFileReference; lastKnownFileType = image.png; path = F1_wings_2_a.png; sourceTree = "<group>"; };
		F17299102905A338008A97C4 /* Wings.json */ = {isa = PBXFileReference; fileEncoding = 4; lastKnownFileType = text.json; path = Wings.json; sourceTree = "<group>"; };
		F17299112905A338008A97C4 /* F1_wings_1_d.png */ = {isa = PBXFileReference; lastKnownFileType = image.png; path = F1_wings_1_d.png; sourceTree = "<group>"; };
		F17299122905A338008A97C4 /* F1_wings_1_e.png */ = {isa = PBXFileReference; lastKnownFileType = image.png; path = F1_wings_1_e.png; sourceTree = "<group>"; };
		F17299132905A338008A97C4 /* F1_wings_3_d.png */ = {isa = PBXFileReference; lastKnownFileType = image.png; path = F1_wings_3_d.png; sourceTree = "<group>"; };
		F17299142905A338008A97C4 /* F1_wings_1_b.png */ = {isa = PBXFileReference; lastKnownFileType = image.png; path = F1_wings_1_b.png; sourceTree = "<group>"; };
		F17299152905A338008A97C4 /* F1_wings_1_c.png */ = {isa = PBXFileReference; lastKnownFileType = image.png; path = F1_wings_1_c.png; sourceTree = "<group>"; };
		F17299162905A338008A97C4 /* F1_wings_3_a.png */ = {isa = PBXFileReference; lastKnownFileType = image.png; path = F1_wings_3_a.png; sourceTree = "<group>"; };
		F17299172905A338008A97C4 /* F1_wings_3_c.png */ = {isa = PBXFileReference; lastKnownFileType = image.png; path = F1_wings_3_c.png; sourceTree = "<group>"; };
		F17299182905A338008A97C4 /* F1_wings_1_a.png */ = {isa = PBXFileReference; lastKnownFileType = image.png; path = F1_wings_1_a.png; sourceTree = "<group>"; };
		F17299192905A338008A97C4 /* F1_wings_3_b.png */ = {isa = PBXFileReference; lastKnownFileType = image.png; path = F1_wings_3_b.png; sourceTree = "<group>"; };
		F172991B2905A338008A97C4 /* HandAccessory.json */ = {isa = PBXFileReference; fileEncoding = 4; lastKnownFileType = text.json; path = HandAccessory.json; sourceTree = "<group>"; };
		F172991D2905A338008A97C4 /* Tatto.json */ = {isa = PBXFileReference; fileEncoding = 4; lastKnownFileType = text.json; path = Tatto.json; sourceTree = "<group>"; };
		F172991E2905A338008A97C4 /* HandTattoo.json */ = {isa = PBXFileReference; fileEncoding = 4; lastKnownFileType = text.json; path = HandTattoo.json; sourceTree = "<group>"; };
		F17299202905A338008A97C4 /* body_strng_perple.png */ = {isa = PBXFileReference; lastKnownFileType = image.png; path = body_strng_perple.png; sourceTree = "<group>"; };
		F17299212905A338008A97C4 /* body_white_2.png */ = {isa = PBXFileReference; lastKnownFileType = image.png; path = body_white_2.png; sourceTree = "<group>"; };
		F17299222905A338008A97C4 /* body_white_1.png */ = {isa = PBXFileReference; lastKnownFileType = image.png; path = body_white_1.png; sourceTree = "<group>"; };
		F17299232905A338008A97C4 /* body_strng_yellow.png */ = {isa = PBXFileReference; lastKnownFileType = image.png; path = body_strng_yellow.png; sourceTree = "<group>"; };
		F17299242905A338008A97C4 /* body_black_2.png */ = {isa = PBXFileReference; lastKnownFileType = image.png; path = body_black_2.png; sourceTree = "<group>"; };
		F17299252905A338008A97C4 /* body_strng_green.png */ = {isa = PBXFileReference; lastKnownFileType = image.png; path = body_strng_green.png; sourceTree = "<group>"; };
		F17299262905A338008A97C4 /* Body.json */ = {isa = PBXFileReference; fileEncoding = 4; lastKnownFileType = text.json; path = Body.json; sourceTree = "<group>"; };
		F17299272905A338008A97C4 /* body_white_+1.png */ = {isa = PBXFileReference; lastKnownFileType = image.png; path = "body_white_+1.png"; sourceTree = "<group>"; };
		F17299292905A338008A97C4 /* NeckAccesory.json */ = {isa = PBXFileReference; fileEncoding = 4; lastKnownFileType = text.json; path = NeckAccesory.json; sourceTree = "<group>"; };
		F172992B2905A338008A97C4 /* Hair.json */ = {isa = PBXFileReference; fileEncoding = 4; lastKnownFileType = text.json; path = Hair.json; sourceTree = "<group>"; };
		F172992D2905A338008A97C4 /* FF7777.png */ = {isa = PBXFileReference; lastKnownFileType = image.png; path = FF7777.png; sourceTree = "<group>"; };
		F172992E2905A338008A97C4 /* Background.json */ = {isa = PBXFileReference; fileEncoding = 4; lastKnownFileType = text.json; path = Background.json; sourceTree = "<group>"; };
		F172992F2905A338008A97C4 /* q_background_8.png */ = {isa = PBXFileReference; lastKnownFileType = image.png; path = q_background_8.png; sourceTree = "<group>"; };
		F17299302905A338008A97C4 /* q_background_9.png */ = {isa = PBXFileReference; lastKnownFileType = image.png; path = q_background_9.png; sourceTree = "<group>"; };
		F17299312905A338008A97C4 /* E0C398.png */ = {isa = PBXFileReference; lastKnownFileType = image.png; path = E0C398.png; sourceTree = "<group>"; };
		F17299322905A338008A97C4 /* q_background_10.png */ = {isa = PBXFileReference; lastKnownFileType = image.png; path = q_background_10.png; sourceTree = "<group>"; };
		F17299332905A338008A97C4 /* q_background_4.png */ = {isa = PBXFileReference; lastKnownFileType = image.png; path = q_background_4.png; sourceTree = "<group>"; };
		F17299342905A338008A97C4 /* q_background_5.png */ = {isa = PBXFileReference; lastKnownFileType = image.png; path = q_background_5.png; sourceTree = "<group>"; };
		F17299352905A338008A97C4 /* q_background_7.png */ = {isa = PBXFileReference; lastKnownFileType = image.png; path = q_background_7.png; sourceTree = "<group>"; };
		F17299362905A338008A97C4 /* 989FE0.png */ = {isa = PBXFileReference; lastKnownFileType = image.png; path = 989FE0.png; sourceTree = "<group>"; };
		F17299372905A338008A97C4 /* q_background_6.png */ = {isa = PBXFileReference; lastKnownFileType = image.png; path = q_background_6.png; sourceTree = "<group>"; };
		F17299392905A338008A97C4 /* EyesAccesory.json */ = {isa = PBXFileReference; fileEncoding = 4; lastKnownFileType = text.json; path = EyesAccesory.json; sourceTree = "<group>"; };
		F172993B2905A338008A97C4 /* FaceAccesory.json */ = {isa = PBXFileReference; fileEncoding = 4; lastKnownFileType = text.json; path = FaceAccesory.json; sourceTree = "<group>"; };
		F172993D2905A338008A97C4 /* Hat.json */ = {isa = PBXFileReference; fileEncoding = 4; lastKnownFileType = text.json; path = Hat.json; sourceTree = "<group>"; };
		F172993F2905A338008A97C4 /* eyes_white_1_2.png */ = {isa = PBXFileReference; lastKnownFileType = image.png; path = eyes_white_1_2.png; sourceTree = "<group>"; };
		F17299402905A338008A97C4 /* Eyes.json */ = {isa = PBXFileReference; fileEncoding = 4; lastKnownFileType = text.json; path = Eyes.json; sourceTree = "<group>"; };
		F17299412905A338008A97C4 /* eyes_white_1_3.png */ = {isa = PBXFileReference; lastKnownFileType = image.png; path = eyes_white_1_3.png; sourceTree = "<group>"; };
		F17299422905A338008A97C4 /* eyes_white_1_1.png */ = {isa = PBXFileReference; lastKnownFileType = image.png; path = eyes_white_1_1.png; sourceTree = "<group>"; };
		F17299432905A338008A97C4 /* eyes_strng_yellow_2.png */ = {isa = PBXFileReference; lastKnownFileType = image.png; path = eyes_strng_yellow_2.png; sourceTree = "<group>"; };
		F17299442905A338008A97C4 /* eyes_strng_yellow_3.png */ = {isa = PBXFileReference; lastKnownFileType = image.png; path = eyes_strng_yellow_3.png; sourceTree = "<group>"; };
		F17299452905A338008A97C4 /* eyes_strng_yellow_1.png */ = {isa = PBXFileReference; lastKnownFileType = image.png; path = eyes_strng_yellow_1.png; sourceTree = "<group>"; };
		F17299462905A338008A97C4 /* eyes_white_2_3.png */ = {isa = PBXFileReference; lastKnownFileType = image.png; path = eyes_white_2_3.png; sourceTree = "<group>"; };
		F17299472905A338008A97C4 /* eyes_strng_green_3.png */ = {isa = PBXFileReference; lastKnownFileType = image.png; path = eyes_strng_green_3.png; sourceTree = "<group>"; };
		F17299482905A338008A97C4 /* eyes_strng_green_2.png */ = {isa = PBXFileReference; lastKnownFileType = image.png; path = eyes_strng_green_2.png; sourceTree = "<group>"; };
		F17299492905A338008A97C4 /* eyes_white_2_2.png */ = {isa = PBXFileReference; lastKnownFileType = image.png; path = eyes_white_2_2.png; sourceTree = "<group>"; };
		F172994A2905A338008A97C4 /* eyes_black_2_1.png */ = {isa = PBXFileReference; lastKnownFileType = image.png; path = eyes_black_2_1.png; sourceTree = "<group>"; };
		F172994B2905A338008A97C4 /* eyes_black_2_3.png */ = {isa = PBXFileReference; lastKnownFileType = image.png; path = eyes_black_2_3.png; sourceTree = "<group>"; };
		F172994C2905A338008A97C4 /* eyes_strng_green_1.png */ = {isa = PBXFileReference; lastKnownFileType = image.png; path = eyes_strng_green_1.png; sourceTree = "<group>"; };
		F172994D2905A338008A97C4 /* eyes_white_2_1.png */ = {isa = PBXFileReference; lastKnownFileType = image.png; path = eyes_white_2_1.png; sourceTree = "<group>"; };
		F172994E2905A338008A97C4 /* eyes_black_2_2.png */ = {isa = PBXFileReference; lastKnownFileType = image.png; path = eyes_black_2_2.png; sourceTree = "<group>"; };
		F172994F2905A338008A97C4 /* eyes_white_+1_3.png */ = {isa = PBXFileReference; lastKnownFileType = image.png; path = "eyes_white_+1_3.png"; sourceTree = "<group>"; };
		F17299502905A338008A97C4 /* eyes_white_+1_2.png */ = {isa = PBXFileReference; lastKnownFileType = image.png; path = "eyes_white_+1_2.png"; sourceTree = "<group>"; };
		F17299512905A338008A97C4 /* eyes_white_+1_1.png */ = {isa = PBXFileReference; lastKnownFileType = image.png; path = "eyes_white_+1_1.png"; sourceTree = "<group>"; };
		F17299522905A338008A97C4 /* eyes_strng_perple_1.png */ = {isa = PBXFileReference; lastKnownFileType = image.png; path = eyes_strng_perple_1.png; sourceTree = "<group>"; };
		F17299532905A338008A97C4 /* eyes_strng_perple_2.png */ = {isa = PBXFileReference; lastKnownFileType = image.png; path = eyes_strng_perple_2.png; sourceTree = "<group>"; };
		F17299542905A338008A97C4 /* eyes_strng_perple_3.png */ = {isa = PBXFileReference; lastKnownFileType = image.png; path = eyes_strng_perple_3.png; sourceTree = "<group>"; };
		F17299552905A338008A97C4 /* Eye.json */ = {isa = PBXFileReference; fileEncoding = 4; lastKnownFileType = text.json; path = Eye.json; sourceTree = "<group>"; };
		F17299582905A338008A97C4 /* plumber_overall_red.png */ = {isa = PBXFileReference; lastKnownFileType = image.png; path = plumber_overall_red.png; sourceTree = "<group>"; };
		F17299592905A338008A97C4 /* uniform_tShirt_brown.png */ = {isa = PBXFileReference; lastKnownFileType = image.png; path = uniform_tShirt_brown.png; sourceTree = "<group>"; };
		F172995A2905A338008A97C4 /* plumber_overall_violet.png */ = {isa = PBXFileReference; lastKnownFileType = image.png; path = plumber_overall_violet.png; sourceTree = "<group>"; };
		F172995B2905A338008A97C4 /* uniform_shirt_brown.png */ = {isa = PBXFileReference; lastKnownFileType = image.png; path = uniform_shirt_brown.png; sourceTree = "<group>"; };
		F172995C2905A338008A97C4 /* builder_neonOrange_vest.png */ = {isa = PBXFileReference; lastKnownFileType = image.png; path = builder_neonOrange_vest.png; sourceTree = "<group>"; };
		F172995D2905A338008A97C4 /* uniform_shirt_blue.png */ = {isa = PBXFileReference; lastKnownFileType = image.png; path = uniform_shirt_blue.png; sourceTree = "<group>"; };
		F172995E2905A338008A97C4 /* builder_neonGreen_vest.png */ = {isa = PBXFileReference; lastKnownFileType = image.png; path = builder_neonGreen_vest.png; sourceTree = "<group>"; };
		F172995F2905A338008A97C4 /* uniform_tShirt_khaki.png */ = {isa = PBXFileReference; lastKnownFileType = image.png; path = uniform_tShirt_khaki.png; sourceTree = "<group>"; };
		F17299602905A338008A97C4 /* uniform_tShirt_blue.png */ = {isa = PBXFileReference; lastKnownFileType = image.png; path = uniform_tShirt_blue.png; sourceTree = "<group>"; };
		F17299612905A338008A97C4 /* plumber_overall_babyBlue.png */ = {isa = PBXFileReference; lastKnownFileType = image.png; path = plumber_overall_babyBlue.png; sourceTree = "<group>"; };
		F17299632905A338008A97C4 /* cellie_prisonOverall_grey.png */ = {isa = PBXFileReference; lastKnownFileType = image.png; path = cellie_prisonOverall_grey.png; sourceTree = "<group>"; };
		F17299642905A338008A97C4 /* funky_prisonJumpsuit_orange.png */ = {isa = PBXFileReference; lastKnownFileType = image.png; path = funky_prisonJumpsuit_orange.png; sourceTree = "<group>"; };
		F17299652905A338008A97C4 /* strapped_tornClothing_brown.png */ = {isa = PBXFileReference; lastKnownFileType = image.png; path = strapped_tornClothing_brown.png; sourceTree = "<group>"; };
		F17299662905A338008A97C4 /* jailbird_sweatshirt_red.png */ = {isa = PBXFileReference; lastKnownFileType = image.png; path = jailbird_sweatshirt_red.png; sourceTree = "<group>"; };
		F17299672905A338008A97C4 /* cellie_prisonOverall_dark.png */ = {isa = PBXFileReference; lastKnownFileType = image.png; path = cellie_prisonOverall_dark.png; sourceTree = "<group>"; };
		F17299682905A338008A97C4 /* jailbird_sweatshirt_orange.png */ = {isa = PBXFileReference; lastKnownFileType = image.png; path = jailbird_sweatshirt_orange.png; sourceTree = "<group>"; };
		F17299692905A338008A97C4 /* funky_prisonJumpsuit_grey.png */ = {isa = PBXFileReference; lastKnownFileType = image.png; path = funky_prisonJumpsuit_grey.png; sourceTree = "<group>"; };
		F172996A2905A338008A97C4 /* strapped_tornClothing_orange.png */ = {isa = PBXFileReference; lastKnownFileType = image.png; path = strapped_tornClothing_orange.png; sourceTree = "<group>"; };
		F172996C2905A338008A97C4 /* jacket_green.png */ = {isa = PBXFileReference; lastKnownFileType = image.png; path = jacket_green.png; sourceTree = "<group>"; };
		F172996D2905A338008A97C4 /* shirt_grey.png */ = {isa = PBXFileReference; lastKnownFileType = image.png; path = shirt_grey.png; sourceTree = "<group>"; };
		F172996E2905A338008A97C4 /* blouse_red.png */ = {isa = PBXFileReference; lastKnownFileType = image.png; path = blouse_red.png; sourceTree = "<group>"; };
		F172996F2905A338008A97C4 /* shirt_brown.png */ = {isa = PBXFileReference; lastKnownFileType = image.png; path = shirt_brown.png; sourceTree = "<group>"; };
		F17299702905A338008A97C4 /* suit_blue.png */ = {isa = PBXFileReference; lastKnownFileType = image.png; path = suit_blue.png; sourceTree = "<group>"; };
		F17299712905A338008A97C4 /* jacket_blue.png */ = {isa = PBXFileReference; lastKnownFileType = image.png; path = jacket_blue.png; sourceTree = "<group>"; };
		F17299722905A338008A97C4 /* tShirt_grey.png */ = {isa = PBXFileReference; lastKnownFileType = image.png; path = tShirt_grey.png; sourceTree = "<group>"; };
		F17299732905A338008A97C4 /* sweater_blacknred.png */ = {isa = PBXFileReference; lastKnownFileType = image.png; path = sweater_blacknred.png; sourceTree = "<group>"; };
		F17299742905A338008A97C4 /* sweater_Vibrant.png */ = {isa = PBXFileReference; lastKnownFileType = image.png; path = sweater_Vibrant.png; sourceTree = "<group>"; };
		F17299752905A338008A97C4 /* tShirt_milk.png */ = {isa = PBXFileReference; lastKnownFileType = image.png; path = tShirt_milk.png; sourceTree = "<group>"; };
		F17299762905A338008A97C4 /* suit_brown.png */ = {isa = PBXFileReference; lastKnownFileType = image.png; path = suit_brown.png; sourceTree = "<group>"; };
		F17299772905A338008A97C4 /* tShirt_blue.png */ = {isa = PBXFileReference; lastKnownFileType = image.png; path = tShirt_blue.png; sourceTree = "<group>"; };
		F17299782905A338008A97C4 /* tShirt_violet.png */ = {isa = PBXFileReference; lastKnownFileType = image.png; path = tShirt_violet.png; sourceTree = "<group>"; };
		F17299792905A338008A97C4 /* sweater_blacknwhite.png */ = {isa = PBXFileReference; lastKnownFileType = image.png; path = sweater_blacknwhite.png; sourceTree = "<group>"; };
		F172997A2905A338008A97C4 /* shirt_blue.png */ = {isa = PBXFileReference; lastKnownFileType = image.png; path = shirt_blue.png; sourceTree = "<group>"; };
		F172997B2905A338008A97C4 /* shirt_camel.png */ = {isa = PBXFileReference; lastKnownFileType = image.png; path = shirt_camel.png; sourceTree = "<group>"; };
		F172997C2905A338008A97C4 /* tShirt_brown.png */ = {isa = PBXFileReference; lastKnownFileType = image.png; path = tShirt_brown.png; sourceTree = "<group>"; };
		F172997D2905A338008A97C4 /* tShirt_teal.png */ = {isa = PBXFileReference; lastKnownFileType = image.png; path = tShirt_teal.png; sourceTree = "<group>"; };
		F172997E2905A338008A97C4 /* Clothing.json */ = {isa = PBXFileReference; fileEncoding = 4; lastKnownFileType = text.json; path = Clothing.json; sourceTree = "<group>"; };
		F17299802905A338008A97C4 /* singer_dress_teal.png */ = {isa = PBXFileReference; lastKnownFileType = image.png; path = singer_dress_teal.png; sourceTree = "<group>"; };
		F17299812905A338008A97C4 /* author_coat_brown.png */ = {isa = PBXFileReference; lastKnownFileType = image.png; path = author_coat_brown.png; sourceTree = "<group>"; };
		F17299822905A338008A97C4 /* rapper_longsleeve_blue.png */ = {isa = PBXFileReference; lastKnownFileType = image.png; path = rapper_longsleeve_blue.png; sourceTree = "<group>"; };
		F17299832905A338008A97C4 /* tattoo master_tShirt_aegean.png */ = {isa = PBXFileReference; lastKnownFileType = image.png; path = "tattoo master_tShirt_aegean.png"; sourceTree = "<group>"; };
		F17299842905A338008A97C4 /* dancer_jacket_orange.png */ = {isa = PBXFileReference; lastKnownFileType = image.png; path = dancer_jacket_orange.png; sourceTree = "<group>"; };
		F17299852905A338008A97C4 /* rapper_longsleeve_purple.png */ = {isa = PBXFileReference; lastKnownFileType = image.png; path = rapper_longsleeve_purple.png; sourceTree = "<group>"; };
		F17299862905A338008A97C4 /* sculptere_overall_clay.png */ = {isa = PBXFileReference; lastKnownFileType = image.png; path = sculptere_overall_clay.png; sourceTree = "<group>"; };
		F17299872905A338008A97C4 /* painter_overall_ink.png */ = {isa = PBXFileReference; lastKnownFileType = image.png; path = painter_overall_ink.png; sourceTree = "<group>"; };
		F17299882905A338008A97C4 /* singer_dress_red.png */ = {isa = PBXFileReference; lastKnownFileType = image.png; path = singer_dress_red.png; sourceTree = "<group>"; };
		F17299892905A338008A97C4 /* author_coat_beige.png */ = {isa = PBXFileReference; lastKnownFileType = image.png; path = author_coat_beige.png; sourceTree = "<group>"; };
		F172998A2905A338008A97C4 /* tattoo master_tShirt_violet.png */ = {isa = PBXFileReference; lastKnownFileType = image.png; path = "tattoo master_tShirt_violet.png"; sourceTree = "<group>"; };
		F172998B2905A338008A97C4 /* dancer_jacket_blue.png */ = {isa = PBXFileReference; lastKnownFileType = image.png; path = dancer_jacket_blue.png; sourceTree = "<group>"; };
		F172998D2905A338008A97C4 /* taxist_shirt_white.png */ = {isa = PBXFileReference; lastKnownFileType = image.png; path = taxist_shirt_white.png; sourceTree = "<group>"; };
		F172998E2905A338008A97C4 /* maid_pinafore_darkBlie.png */ = {isa = PBXFileReference; lastKnownFileType = image.png; path = maid_pinafore_darkBlie.png; sourceTree = "<group>"; };
		F172998F2905A338008A97C4 /* taxist_shirt_brown.png */ = {isa = PBXFileReference; lastKnownFileType = image.png; path = taxist_shirt_brown.png; sourceTree = "<group>"; };
		F17299902905A338008A97C4 /* maid_pinafore_darkGreen.png */ = {isa = PBXFileReference; lastKnownFileType = image.png; path = maid_pinafore_darkGreen.png; sourceTree = "<group>"; };
		F17299912905A338008A97C4 /* housemaid_apron_musturd.png */ = {isa = PBXFileReference; lastKnownFileType = image.png; path = housemaid_apron_musturd.png; sourceTree = "<group>"; };
		F17299922905A338008A97C4 /* bartender_apron_frappuccino.png */ = {isa = PBXFileReference; lastKnownFileType = image.png; path = bartender_apron_frappuccino.png; sourceTree = "<group>"; };
		F17299932905A338008A97C4 /* policeman_uniform_pink.png */ = {isa = PBXFileReference; lastKnownFileType = image.png; path = policeman_uniform_pink.png; sourceTree = "<group>"; };
		F17299942905A338008A97C4 /* policeman_uniform_blue.png */ = {isa = PBXFileReference; lastKnownFileType = image.png; path = policeman_uniform_blue.png; sourceTree = "<group>"; };
		F17299952905A338008A97C4 /* medicalGown_pink.png */ = {isa = PBXFileReference; lastKnownFileType = image.png; path = medicalGown_pink.png; sourceTree = "<group>"; };
		F17299962905A338008A97C4 /* medicalGown_blue.png */ = {isa = PBXFileReference; lastKnownFileType = image.png; path = medicalGown_blue.png; sourceTree = "<group>"; };
		F17299972905A338008A97C4 /* bartender_apron_blacknbrown.png */ = {isa = PBXFileReference; lastKnownFileType = image.png; path = bartender_apron_blacknbrown.png; sourceTree = "<group>"; };
		F17299982905A338008A97C4 /* fireman_uniform_green.png */ = {isa = PBXFileReference; lastKnownFileType = image.png; path = fireman_uniform_green.png; sourceTree = "<group>"; };
		F17299992905A338008A97C4 /* fireman_uniform_orange.png */ = {isa = PBXFileReference; lastKnownFileType = image.png; path = fireman_uniform_orange.png; sourceTree = "<group>"; };
		F172999A2905A338008A97C4 /* waistcoat_peach.png */ = {isa = PBXFileReference; lastKnownFileType = image.png; path = waistcoat_peach.png; sourceTree = "<group>"; };
		F172999B2905A338008A97C4 /* barista_apron_bluenwhite.png */ = {isa = PBXFileReference; lastKnownFileType = image.png; path = barista_apron_bluenwhite.png; sourceTree = "<group>"; };
		F172999C2905A338008A97C4 /* chef_jacket_peach.png */ = {isa = PBXFileReference; lastKnownFileType = image.png; path = chef_jacket_peach.png; sourceTree = "<group>"; };
		F172999D2905A338008A97C4 /* waistcoat_blue.png */ = {isa = PBXFileReference; lastKnownFileType = image.png; path = waistcoat_blue.png; sourceTree = "<group>"; };
		F172999E2905A338008A97C4 /* barista_apron_milk.png */ = {isa = PBXFileReference; lastKnownFileType = image.png; path = barista_apron_milk.png; sourceTree = "<group>"; };
		F172999F2905A338008A97C4 /* chef_jacket_blue.png */ = {isa = PBXFileReference; lastKnownFileType = image.png; path = chef_jacket_blue.png; sourceTree = "<group>"; };
		F17299A02905A338008A97C4 /* housemaid_apron_green.png */ = {isa = PBXFileReference; lastKnownFileType = image.png; path = housemaid_apron_green.png; sourceTree = "<group>"; };
		F17299A22905A338008A97C4 /* Mouth.json */ = {isa = PBXFileReference; fileEncoding = 4; lastKnownFileType = text.json; path = Mouth.json; sourceTree = "<group>"; };
		F17299A32905A338008A97C4 /* F1_mouth_4.png */ = {isa = PBXFileReference; lastKnownFileType = image.png; path = F1_mouth_4.png; sourceTree = "<group>"; };
		F17299A42905A338008A97C4 /* F1_mouth_5.png */ = {isa = PBXFileReference; lastKnownFileType = image.png; path = F1_mouth_5.png; sourceTree = "<group>"; };
		F17299A52905A338008A97C4 /* F1_mouth_2.png */ = {isa = PBXFileReference; lastKnownFileType = image.png; path = F1_mouth_2.png; sourceTree = "<group>"; };
		F17299A62905A338008A97C4 /* F1_mouth_3.png */ = {isa = PBXFileReference; lastKnownFileType = image.png; path = F1_mouth_3.png; sourceTree = "<group>"; };
		F17299A72905A338008A97C4 /* F1_mouth_1.png */ = {isa = PBXFileReference; lastKnownFileType = image.png; path = F1_mouth_1.png; sourceTree = "<group>"; };
		F17299A92905A338008A97C4 /* Outerwear.json */ = {isa = PBXFileReference; fileEncoding = 4; lastKnownFileType = text.json; path = Outerwear.json; sourceTree = "<group>"; };
		F17299AB2905A338008A97C4 /* Facilities.json */ = {isa = PBXFileReference; fileEncoding = 4; lastKnownFileType = text.json; path = Facilities.json; sourceTree = "<group>"; };
/* End PBXFileReference section */

/* Begin PBXFrameworksBuildPhase section */
		F1646E222872F3E2009B2FF9 /* Frameworks */ = {
			isa = PBXFrameworksBuildPhase;
			buildActionMask = 2147483647;
			files = (
			);
			runOnlyForDeploymentPostprocessing = 0;
		};
/* End PBXFrameworksBuildPhase section */

/* Begin PBXGroup section */
		685D3195290598F1002FBC8D /* Products */ = {
			isa = PBXGroup;
			name = Products;
			sourceTree = "<group>";
		};
		F1646E1C2872F3E2009B2FF9 = {
			isa = PBXGroup;
			children = (
				F17298FB2905A338008A97C4 /* assets_export */,
				F17298E12905A338008A97C4 /* NFTGenerator */,
				F1646E262872F3E2009B2FF9 /* Products */,
			);
			sourceTree = "<group>";
		};
		F1646E262872F3E2009B2FF9 /* Products */ = {
			isa = PBXGroup;
			children = (
				F1646E252872F3E2009B2FF9 /* NFTGenerator.app */,
			);
			name = Products;
			sourceTree = "<group>";
		};
		F17298E12905A338008A97C4 /* NFTGenerator */ = {
			isa = PBXGroup;
			children = (
				F17298E22905A338008A97C4 /* ViewController.swift */,
				F17298E32905A338008A97C4 /* NFTGenerator.entitlements */,
				F17298E42905A338008A97C4 /* Source */,
				F17298F72905A338008A97C4 /* Assets.xcassets */,
				F17298F82905A338008A97C4 /* Main.storyboard */,
				F17298FA2905A338008A97C4 /* AppDelegate.swift */,
			);
			path = NFTGenerator;
			sourceTree = "<group>";
		};
		F17298E42905A338008A97C4 /* Source */ = {
			isa = PBXGroup;
			children = (
				F17298E52905A338008A97C4 /* AnyModel.swift */,
				F17298E62905A338008A97C4 /* Extensions */,
				F17298EA2905A338008A97C4 /* Entities */,
			);
			path = Source;
			sourceTree = "<group>";
		};
		F17298E62905A338008A97C4 /* Extensions */ = {
			isa = PBXGroup;
			children = (
				F17298E72905A338008A97C4 /* ArrayExtensions.swift */,
				F17298E82905A338008A97C4 /* StringExtensions.swift */,
				F17298E92905A338008A97C4 /* CIFilterExtension.swift */,
			);
			path = Extensions;
			sourceTree = "<group>";
		};
		F17298EA2905A338008A97C4 /* Entities */ = {
			isa = PBXGroup;
			children = (
				F17298EB2905A338008A97C4 /* LayerOrderNumber.swift */,
				F17298EC2905A338008A97C4 /* ImageConfig.swift */,
				F17298ED2905A338008A97C4 /* UniqueIdentifier.swift */,
				F17298EE2905A338008A97C4 /* Attributes.swift */,
				F17298EF2905A338008A97C4 /* Config.swift */,
				F17298F02905A338008A97C4 /* AssetType.swift */,
				F17298F12905A338008A97C4 /* Resource.swift */,
				F17298F22905A338008A97C4 /* Tags.swift */,
				F17298F32905A338008A97C4 /* LayerRarity.swift */,
				F17298F42905A338008A97C4 /* AssetRarity.swift */,
				F17298F52905A338008A97C4 /* Asset.swift */,
				F17298F62905A338008A97C4 /* Tag.swift */,
			);
			path = Entities;
			sourceTree = "<group>";
		};
		F17298FB2905A338008A97C4 /* assets_export */ = {
			isa = PBXGroup;
			children = (
				F17298FC2905A338008A97C4 /* cloth accessory */,
				F17298FE2905A338008A97C4 /* forearm accessory */,
				F17299002905A338008A97C4 /* face hair */,
				F17299022905A338008A97C4 /* base_hand */,
				F172990B2905A338008A97C4 /* Config.json */,
				F172990C2905A338008A97C4 /* base_wings */,
				F172991A2905A338008A97C4 /* hand accessory */,
				F172991C2905A338008A97C4 /* tattoo */,
				F172991F2905A338008A97C4 /* base_body */,
				F17299282905A338008A97C4 /* neck accesory */,
				F172992A2905A338008A97C4 /* hairstyle */,
				F172992C2905A338008A97C4 /* base_background */,
				F17299382905A338008A97C4 /* eyes accessory */,
				F172993A2905A338008A97C4 /* face accessory */,
				F172993C2905A338008A97C4 /* hat */,
				F172993E2905A338008A97C4 /* base_eyes */,
				F17299562905A338008A97C4 /* cloth */,
				F17299A12905A338008A97C4 /* base_mouth */,
				F17299A82905A338008A97C4 /* outerwear */,
				F17299AA2905A338008A97C4 /* facilities */,
			);
			path = assets_export;
			sourceTree = "<group>";
		};
		F17298FC2905A338008A97C4 /* cloth accessory */ = {
			isa = PBXGroup;
			children = (
				F17298FD2905A338008A97C4 /* ClothAccessory.json */,
			);
			path = "cloth accessory";
			sourceTree = "<group>";
		};
		F17298FE2905A338008A97C4 /* forearm accessory */ = {
			isa = PBXGroup;
			children = (
				F17298FF2905A338008A97C4 /* ForearmAccessory.json */,
			);
			path = "forearm accessory";
			sourceTree = "<group>";
		};
		F17299002905A338008A97C4 /* face hair */ = {
			isa = PBXGroup;
			children = (
				F17299012905A338008A97C4 /* FaceHair.json */,
			);
			path = "face hair";
			sourceTree = "<group>";
		};
		F17299022905A338008A97C4 /* base_hand */ = {
			isa = PBXGroup;
			children = (
				F17299032905A338008A97C4 /* hand_black_2.png */,
				F17299042905A338008A97C4 /* hand_strng_yellow.png */,
				F17299052905A338008A97C4 /* hand_strng_perple.png */,
				F17299062905A338008A97C4 /* hand_white_1.png */,
				F17299072905A338008A97C4 /* hand_white_2.png */,
				F17299082905A338008A97C4 /* Hand.json */,
				F17299092905A338008A97C4 /* hand_white_+1.png */,
				F172990A2905A338008A97C4 /* hand_strng_green.png */,
			);
			path = base_hand;
			sourceTree = "<group>";
		};
		F172990C2905A338008A97C4 /* base_wings */ = {
			isa = PBXGroup;
			children = (
				F172990D2905A338008A97C4 /* F1_wings_2_c.png */,
				F172990E2905A338008A97C4 /* F1_wings_2_b.png */,
				F172990F2905A338008A97C4 /* F1_wings_2_a.png */,
				F17299102905A338008A97C4 /* Wings.json */,
				F17299112905A338008A97C4 /* F1_wings_1_d.png */,
				F17299122905A338008A97C4 /* F1_wings_1_e.png */,
				F17299132905A338008A97C4 /* F1_wings_3_d.png */,
				F17299142905A338008A97C4 /* F1_wings_1_b.png */,
				F17299152905A338008A97C4 /* F1_wings_1_c.png */,
				F17299162905A338008A97C4 /* F1_wings_3_a.png */,
				F17299172905A338008A97C4 /* F1_wings_3_c.png */,
				F17299182905A338008A97C4 /* F1_wings_1_a.png */,
				F17299192905A338008A97C4 /* F1_wings_3_b.png */,
			);
			path = base_wings;
			sourceTree = "<group>";
		};
		F172991A2905A338008A97C4 /* hand accessory */ = {
			isa = PBXGroup;
			children = (
				F172991B2905A338008A97C4 /* HandAccessory.json */,
			);
			path = "hand accessory";
			sourceTree = "<group>";
		};
		F172991C2905A338008A97C4 /* tattoo */ = {
			isa = PBXGroup;
			children = (
				F172991D2905A338008A97C4 /* Tatto.json */,
				F172991E2905A338008A97C4 /* HandTattoo.json */,
			);
			path = tattoo;
			sourceTree = "<group>";
		};
		F172991F2905A338008A97C4 /* base_body */ = {
			isa = PBXGroup;
			children = (
				F17299202905A338008A97C4 /* body_strng_perple.png */,
				F17299212905A338008A97C4 /* body_white_2.png */,
				F17299222905A338008A97C4 /* body_white_1.png */,
				F17299232905A338008A97C4 /* body_strng_yellow.png */,
				F17299242905A338008A97C4 /* body_black_2.png */,
				F17299252905A338008A97C4 /* body_strng_green.png */,
				F17299262905A338008A97C4 /* Body.json */,
				F17299272905A338008A97C4 /* body_white_+1.png */,
			);
			path = base_body;
			sourceTree = "<group>";
		};
		F17299282905A338008A97C4 /* neck accesory */ = {
			isa = PBXGroup;
			children = (
				F17299292905A338008A97C4 /* NeckAccesory.json */,
			);
			path = "neck accesory";
			sourceTree = "<group>";
		};
		F172992A2905A338008A97C4 /* hairstyle */ = {
			isa = PBXGroup;
			children = (
				F172992B2905A338008A97C4 /* Hair.json */,
			);
			path = hairstyle;
			sourceTree = "<group>";
		};
		F172992C2905A338008A97C4 /* base_background */ = {
			isa = PBXGroup;
			children = (
				F172992D2905A338008A97C4 /* FF7777.png */,
				F172992E2905A338008A97C4 /* Background.json */,
				F172992F2905A338008A97C4 /* q_background_8.png */,
				F17299302905A338008A97C4 /* q_background_9.png */,
				F17299312905A338008A97C4 /* E0C398.png */,
				F17299322905A338008A97C4 /* q_background_10.png */,
				F17299332905A338008A97C4 /* q_background_4.png */,
				F17299342905A338008A97C4 /* q_background_5.png */,
				F17299352905A338008A97C4 /* q_background_7.png */,
				F17299362905A338008A97C4 /* 989FE0.png */,
				F17299372905A338008A97C4 /* q_background_6.png */,
			);
			path = base_background;
			sourceTree = "<group>";
		};
		F17299382905A338008A97C4 /* eyes accessory */ = {
			isa = PBXGroup;
			children = (
				F17299392905A338008A97C4 /* EyesAccesory.json */,
			);
			path = "eyes accessory";
			sourceTree = "<group>";
		};
		F172993A2905A338008A97C4 /* face accessory */ = {
			isa = PBXGroup;
			children = (
				F172993B2905A338008A97C4 /* FaceAccesory.json */,
			);
			path = "face accessory";
			sourceTree = "<group>";
		};
		F172993C2905A338008A97C4 /* hat */ = {
			isa = PBXGroup;
			children = (
				F172993D2905A338008A97C4 /* Hat.json */,
			);
			path = hat;
			sourceTree = "<group>";
		};
		F172993E2905A338008A97C4 /* base_eyes */ = {
			isa = PBXGroup;
			children = (
				F172993F2905A338008A97C4 /* eyes_white_1_2.png */,
				F17299402905A338008A97C4 /* Eyes.json */,
				F17299412905A338008A97C4 /* eyes_white_1_3.png */,
				F17299422905A338008A97C4 /* eyes_white_1_1.png */,
				F17299432905A338008A97C4 /* eyes_strng_yellow_2.png */,
				F17299442905A338008A97C4 /* eyes_strng_yellow_3.png */,
				F17299452905A338008A97C4 /* eyes_strng_yellow_1.png */,
				F17299462905A338008A97C4 /* eyes_white_2_3.png */,
				F17299472905A338008A97C4 /* eyes_strng_green_3.png */,
				F17299482905A338008A97C4 /* eyes_strng_green_2.png */,
				F17299492905A338008A97C4 /* eyes_white_2_2.png */,
				F172994A2905A338008A97C4 /* eyes_black_2_1.png */,
				F172994B2905A338008A97C4 /* eyes_black_2_3.png */,
				F172994C2905A338008A97C4 /* eyes_strng_green_1.png */,
				F172994D2905A338008A97C4 /* eyes_white_2_1.png */,
				F172994E2905A338008A97C4 /* eyes_black_2_2.png */,
				F172994F2905A338008A97C4 /* eyes_white_+1_3.png */,
				F17299502905A338008A97C4 /* eyes_white_+1_2.png */,
				F17299512905A338008A97C4 /* eyes_white_+1_1.png */,
				F17299522905A338008A97C4 /* eyes_strng_perple_1.png */,
				F17299532905A338008A97C4 /* eyes_strng_perple_2.png */,
				F17299542905A338008A97C4 /* eyes_strng_perple_3.png */,
				F17299552905A338008A97C4 /* Eye.json */,
			);
			path = base_eyes;
			sourceTree = "<group>";
		};
		F17299562905A338008A97C4 /* cloth */ = {
			isa = PBXGroup;
			children = (
				F17299572905A338008A97C4 /* handyman */,
				F17299622905A338008A97C4 /* jailbird */,
				F172996B2905A338008A97C4 /* office */,
				F172997E2905A338008A97C4 /* Clothing.json */,
				F172997F2905A338008A97C4 /* creative */,
				F172998C2905A338008A97C4 /* service */,
			);
			path = cloth;
			sourceTree = "<group>";
		};
		F17299572905A338008A97C4 /* handyman */ = {
			isa = PBXGroup;
			children = (
				F17299582905A338008A97C4 /* plumber_overall_red.png */,
				F17299592905A338008A97C4 /* uniform_tShirt_brown.png */,
				F172995A2905A338008A97C4 /* plumber_overall_violet.png */,
				F172995B2905A338008A97C4 /* uniform_shirt_brown.png */,
				F172995C2905A338008A97C4 /* builder_neonOrange_vest.png */,
				F172995D2905A338008A97C4 /* uniform_shirt_blue.png */,
				F172995E2905A338008A97C4 /* builder_neonGreen_vest.png */,
				F172995F2905A338008A97C4 /* uniform_tShirt_khaki.png */,
				F17299602905A338008A97C4 /* uniform_tShirt_blue.png */,
				F17299612905A338008A97C4 /* plumber_overall_babyBlue.png */,
			);
			path = handyman;
			sourceTree = "<group>";
		};
		F17299622905A338008A97C4 /* jailbird */ = {
			isa = PBXGroup;
			children = (
				F17299632905A338008A97C4 /* cellie_prisonOverall_grey.png */,
				F17299642905A338008A97C4 /* funky_prisonJumpsuit_orange.png */,
				F17299652905A338008A97C4 /* strapped_tornClothing_brown.png */,
				F17299662905A338008A97C4 /* jailbird_sweatshirt_red.png */,
				F17299672905A338008A97C4 /* cellie_prisonOverall_dark.png */,
				F17299682905A338008A97C4 /* jailbird_sweatshirt_orange.png */,
				F17299692905A338008A97C4 /* funky_prisonJumpsuit_grey.png */,
				F172996A2905A338008A97C4 /* strapped_tornClothing_orange.png */,
			);
			path = jailbird;
			sourceTree = "<group>";
		};
		F172996B2905A338008A97C4 /* office */ = {
			isa = PBXGroup;
			children = (
				F172996C2905A338008A97C4 /* jacket_green.png */,
				F172996D2905A338008A97C4 /* shirt_grey.png */,
				F172996E2905A338008A97C4 /* blouse_red.png */,
				F172996F2905A338008A97C4 /* shirt_brown.png */,
				F17299702905A338008A97C4 /* suit_blue.png */,
				F17299712905A338008A97C4 /* jacket_blue.png */,
				F17299722905A338008A97C4 /* tShirt_grey.png */,
				F17299732905A338008A97C4 /* sweater_blacknred.png */,
				F17299742905A338008A97C4 /* sweater_Vibrant.png */,
				F17299752905A338008A97C4 /* tShirt_milk.png */,
				F17299762905A338008A97C4 /* suit_brown.png */,
				F17299772905A338008A97C4 /* tShirt_blue.png */,
				F17299782905A338008A97C4 /* tShirt_violet.png */,
				F17299792905A338008A97C4 /* sweater_blacknwhite.png */,
				F172997A2905A338008A97C4 /* shirt_blue.png */,
				F172997B2905A338008A97C4 /* shirt_camel.png */,
				F172997C2905A338008A97C4 /* tShirt_brown.png */,
				F172997D2905A338008A97C4 /* tShirt_teal.png */,
			);
			path = office;
			sourceTree = "<group>";
		};
		F172997F2905A338008A97C4 /* creative */ = {
			isa = PBXGroup;
			children = (
				F17299802905A338008A97C4 /* singer_dress_teal.png */,
				F17299812905A338008A97C4 /* author_coat_brown.png */,
				F17299822905A338008A97C4 /* rapper_longsleeve_blue.png */,
				F17299832905A338008A97C4 /* tattoo master_tShirt_aegean.png */,
				F17299842905A338008A97C4 /* dancer_jacket_orange.png */,
				F17299852905A338008A97C4 /* rapper_longsleeve_purple.png */,
				F17299862905A338008A97C4 /* sculptere_overall_clay.png */,
				F17299872905A338008A97C4 /* painter_overall_ink.png */,
				F17299882905A338008A97C4 /* singer_dress_red.png */,
				F17299892905A338008A97C4 /* author_coat_beige.png */,
				F172998A2905A338008A97C4 /* tattoo master_tShirt_violet.png */,
				F172998B2905A338008A97C4 /* dancer_jacket_blue.png */,
			);
			path = creative;
			sourceTree = "<group>";
		};
		F172998C2905A338008A97C4 /* service */ = {
			isa = PBXGroup;
			children = (
				F172998D2905A338008A97C4 /* taxist_shirt_white.png */,
				F172998E2905A338008A97C4 /* maid_pinafore_darkBlie.png */,
				F172998F2905A338008A97C4 /* taxist_shirt_brown.png */,
				F17299902905A338008A97C4 /* maid_pinafore_darkGreen.png */,
				F17299912905A338008A97C4 /* housemaid_apron_musturd.png */,
				F17299922905A338008A97C4 /* bartender_apron_frappuccino.png */,
				F17299932905A338008A97C4 /* policeman_uniform_pink.png */,
				F17299942905A338008A97C4 /* policeman_uniform_blue.png */,
				F17299952905A338008A97C4 /* medicalGown_pink.png */,
				F17299962905A338008A97C4 /* medicalGown_blue.png */,
				F17299972905A338008A97C4 /* bartender_apron_blacknbrown.png */,
				F17299982905A338008A97C4 /* fireman_uniform_green.png */,
				F17299992905A338008A97C4 /* fireman_uniform_orange.png */,
				F172999A2905A338008A97C4 /* waistcoat_peach.png */,
				F172999B2905A338008A97C4 /* barista_apron_bluenwhite.png */,
				F172999C2905A338008A97C4 /* chef_jacket_peach.png */,
				F172999D2905A338008A97C4 /* waistcoat_blue.png */,
				F172999E2905A338008A97C4 /* barista_apron_milk.png */,
				F172999F2905A338008A97C4 /* chef_jacket_blue.png */,
				F17299A02905A338008A97C4 /* housemaid_apron_green.png */,
			);
			path = service;
			sourceTree = "<group>";
		};
		F17299A12905A338008A97C4 /* base_mouth */ = {
			isa = PBXGroup;
			children = (
				F17299A22905A338008A97C4 /* Mouth.json */,
				F17299A32905A338008A97C4 /* F1_mouth_4.png */,
				F17299A42905A338008A97C4 /* F1_mouth_5.png */,
				F17299A52905A338008A97C4 /* F1_mouth_2.png */,
				F17299A62905A338008A97C4 /* F1_mouth_3.png */,
				F17299A72905A338008A97C4 /* F1_mouth_1.png */,
			);
			path = base_mouth;
			sourceTree = "<group>";
		};
		F17299A82905A338008A97C4 /* outerwear */ = {
			isa = PBXGroup;
			children = (
				F17299A92905A338008A97C4 /* Outerwear.json */,
			);
			path = outerwear;
			sourceTree = "<group>";
		};
		F17299AA2905A338008A97C4 /* facilities */ = {
			isa = PBXGroup;
			children = (
				F17299AB2905A338008A97C4 /* Facilities.json */,
			);
			path = facilities;
			sourceTree = "<group>";
		};
/* End PBXGroup section */

/* Begin PBXNativeTarget section */
		F1646E242872F3E2009B2FF9 /* NFTGenerator */ = {
			isa = PBXNativeTarget;
			buildConfigurationList = F1646E342872F3E4009B2FF9 /* Build configuration list for PBXNativeTarget "NFTGenerator" */;
			buildPhases = (
				F1646E212872F3E2009B2FF9 /* Sources */,
				F1646E222872F3E2009B2FF9 /* Frameworks */,
				F1646E232872F3E2009B2FF9 /* Resources */,
			);
			buildRules = (
			);
			dependencies = (
			);
			name = NFTGenerator;
			productName = NFTGenerator;
			productReference = F1646E252872F3E2009B2FF9 /* NFTGenerator.app */;
			productType = "com.apple.product-type.application";
		};
/* End PBXNativeTarget section */

/* Begin PBXProject section */
		F1646E1D2872F3E2009B2FF9 /* Project object */ = {
			isa = PBXProject;
			attributes = {
				BuildIndependentTargetsInParallel = 1;
				LastSwiftUpdateCheck = 1340;
				LastUpgradeCheck = 1340;
				TargetAttributes = {
					F1646E242872F3E2009B2FF9 = {
						CreatedOnToolsVersion = 13.4.1;
					};
				};
			};
			buildConfigurationList = F1646E202872F3E2009B2FF9 /* Build configuration list for PBXProject "NFTGenerator" */;
			compatibilityVersion = "Xcode 13.0";
			developmentRegion = en;
			hasScannedForEncodings = 0;
			knownRegions = (
				en,
				Base,
			);
			mainGroup = F1646E1C2872F3E2009B2FF9;
			productRefGroup = F1646E262872F3E2009B2FF9 /* Products */;
			projectDirPath = "";
			projectReferences = (
				{
					ProductGroup = 685D3195290598F1002FBC8D /* Products */;
					ProjectRef = 685D3194290598F1002FBC8D /* NFTGenerator.xcodeproj */;
				},
			);
			projectRoot = "";
			targets = (
				F1646E242872F3E2009B2FF9 /* NFTGenerator */,
			);
		};
/* End PBXProject section */

/* Begin PBXResourcesBuildPhase section */
		F1646E232872F3E2009B2FF9 /* Resources */ = {
			isa = PBXResourcesBuildPhase;
			buildActionMask = 2147483647;
			files = (
				F1729A3E2905A338008A97C4 /* taxist_shirt_brown.png in Resources */,
				F1729A302905A338008A97C4 /* singer_dress_teal.png in Resources */,
				F17299EB2905A338008A97C4 /* q_background_10.png in Resources */,
				F17299D32905A338008A97C4 /* F1_wings_1_b.png in Resources */,
				F1729A3F2905A338008A97C4 /* maid_pinafore_darkGreen.png in Resources */,
				F17299E82905A338008A97C4 /* q_background_8.png in Resources */,
				F1729A522905A338008A97C4 /* F1_mouth_5.png in Resources */,
				F17299DB2905A338008A97C4 /* HandTattoo.json in Resources */,
				F1729A262905A338008A97C4 /* tShirt_milk.png in Resources */,
				F1729A562905A338008A97C4 /* Outerwear.json in Resources */,
				F1729A012905A338008A97C4 /* eyes_strng_green_1.png in Resources */,
				F1729A112905A338008A97C4 /* builder_neonGreen_vest.png in Resources */,
				F1729A232905A338008A97C4 /* tShirt_grey.png in Resources */,
				F1729A1E2905A338008A97C4 /* shirt_grey.png in Resources */,
				F1729A572905A338008A97C4 /* Facilities.json in Resources */,
				F1729A062905A338008A97C4 /* eyes_white_+1_1.png in Resources */,
				F17299FC2905A338008A97C4 /* eyes_strng_green_3.png in Resources */,
				F1729A332905A338008A97C4 /* tattoo master_tShirt_aegean.png in Resources */,
				F1729A0C2905A338008A97C4 /* uniform_tShirt_brown.png in Resources */,
				F1729A292905A338008A97C4 /* tShirt_violet.png in Resources */,
				F1729A1A2905A338008A97C4 /* jailbird_sweatshirt_orange.png in Resources */,
				F17299DD2905A338008A97C4 /* body_white_2.png in Resources */,
				F17299D92905A338008A97C4 /* HandAccessory.json in Resources */,
				F1729A272905A338008A97C4 /* suit_brown.png in Resources */,
				F1729A352905A338008A97C4 /* rapper_longsleeve_purple.png in Resources */,
				F1729A152905A338008A97C4 /* cellie_prisonOverall_grey.png in Resources */,
				F1729A2A2905A338008A97C4 /* sweater_blacknwhite.png in Resources */,
				F17299CF2905A338008A97C4 /* Wings.json in Resources */,
				F17299E42905A338008A97C4 /* NeckAccesory.json in Resources */,
				F17299E02905A338008A97C4 /* body_black_2.png in Resources */,
				F17299EE2905A338008A97C4 /* q_background_7.png in Resources */,
				F1729A2C2905A338008A97C4 /* shirt_camel.png in Resources */,
				F1729A472905A338008A97C4 /* fireman_uniform_green.png in Resources */,
				F1729A1C2905A338008A97C4 /* strapped_tornClothing_orange.png in Resources */,
				F1729A172905A338008A97C4 /* strapped_tornClothing_brown.png in Resources */,
				F17299ED2905A338008A97C4 /* q_background_5.png in Resources */,
				F17299D22905A338008A97C4 /* F1_wings_3_d.png in Resources */,
				F17299FD2905A338008A97C4 /* eyes_strng_green_2.png in Resources */,
				F1729A3A2905A338008A97C4 /* tattoo master_tShirt_violet.png in Resources */,
				F17299E22905A338008A97C4 /* Body.json in Resources */,
				F1729A282905A338008A97C4 /* tShirt_blue.png in Resources */,
				F17299FA2905A338008A97C4 /* eyes_strng_yellow_1.png in Resources */,
				F1729A162905A338008A97C4 /* funky_prisonJumpsuit_orange.png in Resources */,
				F1729A4C2905A338008A97C4 /* waistcoat_blue.png in Resources */,
				F1729A342905A338008A97C4 /* dancer_jacket_orange.png in Resources */,
				F17299DF2905A338008A97C4 /* body_strng_yellow.png in Resources */,
				F1729A242905A338008A97C4 /* sweater_blacknred.png in Resources */,
				F17299F92905A338008A97C4 /* eyes_strng_yellow_3.png in Resources */,
				F1729A0F2905A338008A97C4 /* builder_neonOrange_vest.png in Resources */,
				F17299F02905A338008A97C4 /* q_background_6.png in Resources */,
				F17299D72905A338008A97C4 /* F1_wings_1_a.png in Resources */,
				F1729A532905A338008A97C4 /* F1_mouth_2.png in Resources */,
				F17299C02905A338008A97C4 /* ClothAccessory.json in Resources */,
				F1729A442905A338008A97C4 /* medicalGown_pink.png in Resources */,
				F17299C12905A338008A97C4 /* ForearmAccessory.json in Resources */,
				F1729A1F2905A338008A97C4 /* blouse_red.png in Resources */,
				F1729A382905A338008A97C4 /* singer_dress_red.png in Resources */,
				F1729A192905A338008A97C4 /* cellie_prisonOverall_dark.png in Resources */,
				F17299E52905A338008A97C4 /* Hair.json in Resources */,
				F1729A252905A338008A97C4 /* sweater_Vibrant.png in Resources */,
				F1729A412905A338008A97C4 /* bartender_apron_frappuccino.png in Resources */,
				F1729A0D2905A338008A97C4 /* plumber_overall_violet.png in Resources */,
				F1729A552905A338008A97C4 /* F1_mouth_1.png in Resources */,
				F1729A362905A338008A97C4 /* sculptere_overall_clay.png in Resources */,
				F1729A052905A338008A97C4 /* eyes_white_+1_2.png in Resources */,
				F1729A312905A338008A97C4 /* author_coat_brown.png in Resources */,
				F1729A2E2905A338008A97C4 /* tShirt_teal.png in Resources */,
				F1729A4E2905A338008A97C4 /* chef_jacket_blue.png in Resources */,
				F17299F22905A338008A97C4 /* FaceAccesory.json in Resources */,
				F1729A1D2905A338008A97C4 /* jacket_green.png in Resources */,
				F1729A3B2905A338008A97C4 /* dancer_jacket_blue.png in Resources */,
				F1729A3C2905A338008A97C4 /* taxist_shirt_white.png in Resources */,
				F1729A512905A338008A97C4 /* F1_mouth_4.png in Resources */,
				F17299F62905A338008A97C4 /* eyes_white_1_3.png in Resources */,
				F17299C42905A338008A97C4 /* hand_strng_yellow.png in Resources */,
				F17299F12905A338008A97C4 /* EyesAccesory.json in Resources */,
				F17299E32905A338008A97C4 /* body_white_+1.png in Resources */,
				F17299CD2905A338008A97C4 /* F1_wings_2_b.png in Resources */,
				F17299E62905A338008A97C4 /* FF7777.png in Resources */,
				F1729A1B2905A338008A97C4 /* funky_prisonJumpsuit_grey.png in Resources */,
				F17299D02905A338008A97C4 /* F1_wings_1_d.png in Resources */,
				F1729A432905A338008A97C4 /* policeman_uniform_blue.png in Resources */,
				F17299C22905A338008A97C4 /* FaceHair.json in Resources */,
				F1729A222905A338008A97C4 /* jacket_blue.png in Resources */,
				F1729A032905A338008A97C4 /* eyes_black_2_2.png in Resources */,
				F1729A542905A338008A97C4 /* F1_mouth_3.png in Resources */,
				F17299CE2905A338008A97C4 /* F1_wings_2_a.png in Resources */,
				F17299F72905A338008A97C4 /* eyes_white_1_1.png in Resources */,
				F1729A0A2905A338008A97C4 /* Eye.json in Resources */,
				F17299BD2905A338008A97C4 /* Assets.xcassets in Resources */,
				F17299C82905A338008A97C4 /* Hand.json in Resources */,
				F17299D62905A338008A97C4 /* F1_wings_3_c.png in Resources */,
				F17299F52905A338008A97C4 /* Eyes.json in Resources */,
				F1729A092905A338008A97C4 /* eyes_strng_perple_3.png in Resources */,
				F1729A182905A338008A97C4 /* jailbird_sweatshirt_red.png in Resources */,
				F1729A372905A338008A97C4 /* painter_overall_ink.png in Resources */,
				F1729A002905A338008A97C4 /* eyes_black_2_3.png in Resources */,
				F1729A142905A338008A97C4 /* plumber_overall_babyBlue.png in Resources */,
				F1729A492905A338008A97C4 /* waistcoat_peach.png in Resources */,
				F17299FB2905A338008A97C4 /* eyes_white_2_3.png in Resources */,
				F17299DA2905A338008A97C4 /* Tatto.json in Resources */,
				F17299EC2905A338008A97C4 /* q_background_4.png in Resources */,
				F1729A212905A338008A97C4 /* suit_blue.png in Resources */,
				F1729A392905A338008A97C4 /* author_coat_beige.png in Resources */,
				F1729A3D2905A338008A97C4 /* maid_pinafore_darkBlie.png in Resources */,
				F1729A202905A338008A97C4 /* shirt_brown.png in Resources */,
				F17299C92905A338008A97C4 /* hand_white_+1.png in Resources */,
				F17299CC2905A338008A97C4 /* F1_wings_2_c.png in Resources */,
				F1729A2F2905A338008A97C4 /* Clothing.json in Resources */,
				F1729A072905A338008A97C4 /* eyes_strng_perple_1.png in Resources */,
				F17299C72905A338008A97C4 /* hand_white_2.png in Resources */,
				F17299E92905A338008A97C4 /* q_background_9.png in Resources */,
				F17299EF2905A338008A97C4 /* 989FE0.png in Resources */,
				F17299D42905A338008A97C4 /* F1_wings_1_c.png in Resources */,
				F17299F42905A338008A97C4 /* eyes_white_1_2.png in Resources */,
				F1729A132905A338008A97C4 /* uniform_tShirt_blue.png in Resources */,
				F17299BE2905A338008A97C4 /* Main.storyboard in Resources */,
				F1729A4F2905A338008A97C4 /* housemaid_apron_green.png in Resources */,
				F1729A0B2905A338008A97C4 /* plumber_overall_red.png in Resources */,
				F17299D82905A338008A97C4 /* F1_wings_3_b.png in Resources */,
				F1729A2D2905A338008A97C4 /* tShirt_brown.png in Resources */,
				F17299E12905A338008A97C4 /* body_strng_green.png in Resources */,
				F1729A102905A338008A97C4 /* uniform_shirt_blue.png in Resources */,
				F17299CB2905A338008A97C4 /* Config.json in Resources */,
				F17299DC2905A338008A97C4 /* body_strng_perple.png in Resources */,
				F1729A462905A338008A97C4 /* bartender_apron_blacknbrown.png in Resources */,
				F17299C62905A338008A97C4 /* hand_white_1.png in Resources */,
				F17299F32905A338008A97C4 /* Hat.json in Resources */,
				F17299F82905A338008A97C4 /* eyes_strng_yellow_2.png in Resources */,
				F1729A0E2905A338008A97C4 /* uniform_shirt_brown.png in Resources */,
				F1729A502905A338008A97C4 /* Mouth.json in Resources */,
				F1729A422905A338008A97C4 /* policeman_uniform_pink.png in Resources */,
				F1729A4D2905A338008A97C4 /* barista_apron_milk.png in Resources */,
				F1729A402905A338008A97C4 /* housemaid_apron_musturd.png in Resources */,
				F17299DE2905A338008A97C4 /* body_white_1.png in Resources */,
				F17299D52905A338008A97C4 /* F1_wings_3_a.png in Resources */,
				F17299C32905A338008A97C4 /* hand_black_2.png in Resources */,
				F1729A2B2905A338008A97C4 /* shirt_blue.png in Resources */,
				F1729A322905A338008A97C4 /* rapper_longsleeve_blue.png in Resources */,
				F17299D12905A338008A97C4 /* F1_wings_1_e.png in Resources */,
				F1729A042905A338008A97C4 /* eyes_white_+1_3.png in Resources */,
				F1729A482905A338008A97C4 /* fireman_uniform_orange.png in Resources */,
				F1729A4A2905A338008A97C4 /* barista_apron_bluenwhite.png in Resources */,
				F1729A4B2905A338008A97C4 /* chef_jacket_peach.png in Resources */,
				F17299EA2905A338008A97C4 /* E0C398.png in Resources */,
				F17299E72905A338008A97C4 /* Background.json in Resources */,
				F1729A452905A338008A97C4 /* medicalGown_blue.png in Resources */,
				F1729A082905A338008A97C4 /* eyes_strng_perple_2.png in Resources */,
				F1729A022905A338008A97C4 /* eyes_white_2_1.png in Resources */,
				F17299CA2905A338008A97C4 /* hand_strng_green.png in Resources */,
				F17299C52905A338008A97C4 /* hand_strng_perple.png in Resources */,
				F17299FF2905A338008A97C4 /* eyes_black_2_1.png in Resources */,
				F1729A122905A338008A97C4 /* uniform_tShirt_khaki.png in Resources */,
				F17299FE2905A338008A97C4 /* eyes_white_2_2.png in Resources */,
			);
			runOnlyForDeploymentPostprocessing = 0;
		};
/* End PBXResourcesBuildPhase section */

/* Begin PBXSourcesBuildPhase section */
		F1646E212872F3E2009B2FF9 /* Sources */ = {
			isa = PBXSourcesBuildPhase;
			buildActionMask = 2147483647;
			files = (
				F17299B72905A338008A97C4 /* Resource.swift in Sources */,
				F17299AC2905A338008A97C4 /* ViewController.swift in Sources */,
				F17299BF2905A338008A97C4 /* AppDelegate.swift in Sources */,
				F17299B82905A338008A97C4 /* Tags.swift in Sources */,
				F125D08E2873296600049427 /* (null) in Sources */,
				F17299B32905A338008A97C4 /* UniqueIdentifier.swift in Sources */,
				F17299B12905A338008A97C4 /* LayerOrderNumber.swift in Sources */,
				F17299BC2905A338008A97C4 /* Tag.swift in Sources */,
				F17299B52905A338008A97C4 /* Config.swift in Sources */,
				F17299BA2905A338008A97C4 /* AssetRarity.swift in Sources */,
				F17299AF2905A338008A97C4 /* StringExtensions.swift in Sources */,
				F17299AD2905A338008A97C4 /* AnyModel.swift in Sources */,
				F17299B22905A338008A97C4 /* ImageConfig.swift in Sources */,
				F17299BB2905A338008A97C4 /* Asset.swift in Sources */,
				F17299B62905A338008A97C4 /* AssetType.swift in Sources */,
				F17299B92905A338008A97C4 /* LayerRarity.swift in Sources */,
				F17299AE2905A338008A97C4 /* ArrayExtensions.swift in Sources */,
				F17299B42905A338008A97C4 /* Attributes.swift in Sources */,
				F17299B02905A338008A97C4 /* CIFilterExtension.swift in Sources */,
			);
			runOnlyForDeploymentPostprocessing = 0;
		};
/* End PBXSourcesBuildPhase section */

/* Begin PBXVariantGroup section */
		F17298F82905A338008A97C4 /* Main.storyboard */ = {
			isa = PBXVariantGroup;
			children = (
				F17298F92905A338008A97C4 /* Base */,
			);
			name = Main.storyboard;
			sourceTree = "<group>";
		};
/* End PBXVariantGroup section */

/* Begin XCBuildConfiguration section */
		F1646E322872F3E4009B2FF9 /* Debug */ = {
			isa = XCBuildConfiguration;
			buildSettings = {
				ALWAYS_SEARCH_USER_PATHS = NO;
				CLANG_ANALYZER_NONNULL = YES;
				CLANG_ANALYZER_NUMBER_OBJECT_CONVERSION = YES_AGGRESSIVE;
				CLANG_CXX_LANGUAGE_STANDARD = "gnu++17";
				CLANG_ENABLE_MODULES = YES;
				CLANG_ENABLE_OBJC_ARC = YES;
				CLANG_ENABLE_OBJC_WEAK = YES;
				CLANG_WARN_BLOCK_CAPTURE_AUTORELEASING = YES;
				CLANG_WARN_BOOL_CONVERSION = YES;
				CLANG_WARN_COMMA = YES;
				CLANG_WARN_CONSTANT_CONVERSION = YES;
				CLANG_WARN_DEPRECATED_OBJC_IMPLEMENTATIONS = YES;
				CLANG_WARN_DIRECT_OBJC_ISA_USAGE = YES_ERROR;
				CLANG_WARN_DOCUMENTATION_COMMENTS = YES;
				CLANG_WARN_EMPTY_BODY = YES;
				CLANG_WARN_ENUM_CONVERSION = YES;
				CLANG_WARN_INFINITE_RECURSION = YES;
				CLANG_WARN_INT_CONVERSION = YES;
				CLANG_WARN_NON_LITERAL_NULL_CONVERSION = YES;
				CLANG_WARN_OBJC_IMPLICIT_RETAIN_SELF = YES;
				CLANG_WARN_OBJC_LITERAL_CONVERSION = YES;
				CLANG_WARN_OBJC_ROOT_CLASS = YES_ERROR;
				CLANG_WARN_QUOTED_INCLUDE_IN_FRAMEWORK_HEADER = YES;
				CLANG_WARN_RANGE_LOOP_ANALYSIS = YES;
				CLANG_WARN_STRICT_PROTOTYPES = YES;
				CLANG_WARN_SUSPICIOUS_MOVE = YES;
				CLANG_WARN_UNGUARDED_AVAILABILITY = YES_AGGRESSIVE;
				CLANG_WARN_UNREACHABLE_CODE = YES;
				CLANG_WARN__DUPLICATE_METHOD_MATCH = YES;
				COPY_PHASE_STRIP = NO;
				DEBUG_INFORMATION_FORMAT = dwarf;
				ENABLE_STRICT_OBJC_MSGSEND = YES;
				ENABLE_TESTABILITY = YES;
				GCC_C_LANGUAGE_STANDARD = gnu11;
				GCC_DYNAMIC_NO_PIC = NO;
				GCC_NO_COMMON_BLOCKS = YES;
				GCC_OPTIMIZATION_LEVEL = 0;
				GCC_PREPROCESSOR_DEFINITIONS = (
					"DEBUG=1",
					"$(inherited)",
				);
				GCC_WARN_64_TO_32_BIT_CONVERSION = YES;
				GCC_WARN_ABOUT_RETURN_TYPE = YES_ERROR;
				GCC_WARN_UNDECLARED_SELECTOR = YES;
				GCC_WARN_UNINITIALIZED_AUTOS = YES_AGGRESSIVE;
				GCC_WARN_UNUSED_FUNCTION = YES;
				GCC_WARN_UNUSED_VARIABLE = YES;
				MACOSX_DEPLOYMENT_TARGET = 12.3;
				MTL_ENABLE_DEBUG_INFO = INCLUDE_SOURCE;
				MTL_FAST_MATH = YES;
				ONLY_ACTIVE_ARCH = YES;
				SDKROOT = macosx;
				SWIFT_ACTIVE_COMPILATION_CONDITIONS = DEBUG;
				SWIFT_OPTIMIZATION_LEVEL = "-Onone";
			};
			name = Debug;
		};
		F1646E332872F3E4009B2FF9 /* Release */ = {
			isa = XCBuildConfiguration;
			buildSettings = {
				ALWAYS_SEARCH_USER_PATHS = NO;
				CLANG_ANALYZER_NONNULL = YES;
				CLANG_ANALYZER_NUMBER_OBJECT_CONVERSION = YES_AGGRESSIVE;
				CLANG_CXX_LANGUAGE_STANDARD = "gnu++17";
				CLANG_ENABLE_MODULES = YES;
				CLANG_ENABLE_OBJC_ARC = YES;
				CLANG_ENABLE_OBJC_WEAK = YES;
				CLANG_WARN_BLOCK_CAPTURE_AUTORELEASING = YES;
				CLANG_WARN_BOOL_CONVERSION = YES;
				CLANG_WARN_COMMA = YES;
				CLANG_WARN_CONSTANT_CONVERSION = YES;
				CLANG_WARN_DEPRECATED_OBJC_IMPLEMENTATIONS = YES;
				CLANG_WARN_DIRECT_OBJC_ISA_USAGE = YES_ERROR;
				CLANG_WARN_DOCUMENTATION_COMMENTS = YES;
				CLANG_WARN_EMPTY_BODY = YES;
				CLANG_WARN_ENUM_CONVERSION = YES;
				CLANG_WARN_INFINITE_RECURSION = YES;
				CLANG_WARN_INT_CONVERSION = YES;
				CLANG_WARN_NON_LITERAL_NULL_CONVERSION = YES;
				CLANG_WARN_OBJC_IMPLICIT_RETAIN_SELF = YES;
				CLANG_WARN_OBJC_LITERAL_CONVERSION = YES;
				CLANG_WARN_OBJC_ROOT_CLASS = YES_ERROR;
				CLANG_WARN_QUOTED_INCLUDE_IN_FRAMEWORK_HEADER = YES;
				CLANG_WARN_RANGE_LOOP_ANALYSIS = YES;
				CLANG_WARN_STRICT_PROTOTYPES = YES;
				CLANG_WARN_SUSPICIOUS_MOVE = YES;
				CLANG_WARN_UNGUARDED_AVAILABILITY = YES_AGGRESSIVE;
				CLANG_WARN_UNREACHABLE_CODE = YES;
				CLANG_WARN__DUPLICATE_METHOD_MATCH = YES;
				COPY_PHASE_STRIP = NO;
				DEBUG_INFORMATION_FORMAT = "dwarf-with-dsym";
				ENABLE_NS_ASSERTIONS = NO;
				ENABLE_STRICT_OBJC_MSGSEND = YES;
				GCC_C_LANGUAGE_STANDARD = gnu11;
				GCC_NO_COMMON_BLOCKS = YES;
				GCC_WARN_64_TO_32_BIT_CONVERSION = YES;
				GCC_WARN_ABOUT_RETURN_TYPE = YES_ERROR;
				GCC_WARN_UNDECLARED_SELECTOR = YES;
				GCC_WARN_UNINITIALIZED_AUTOS = YES_AGGRESSIVE;
				GCC_WARN_UNUSED_FUNCTION = YES;
				GCC_WARN_UNUSED_VARIABLE = YES;
				MACOSX_DEPLOYMENT_TARGET = 12.3;
				MTL_ENABLE_DEBUG_INFO = NO;
				MTL_FAST_MATH = YES;
				SDKROOT = macosx;
				SWIFT_COMPILATION_MODE = wholemodule;
				SWIFT_OPTIMIZATION_LEVEL = "-O";
			};
			name = Release;
		};
		F1646E352872F3E4009B2FF9 /* Debug */ = {
			isa = XCBuildConfiguration;
			buildSettings = {
				ASSETCATALOG_COMPILER_APPICON_NAME = AppIcon;
				ASSETCATALOG_COMPILER_GLOBAL_ACCENT_COLOR_NAME = AccentColor;
				CODE_SIGN_ENTITLEMENTS = NFTGenerator/NFTGenerator.entitlements;
				CODE_SIGN_STYLE = Automatic;
				COMBINE_HIDPI_IMAGES = YES;
				CURRENT_PROJECT_VERSION = 1;
				DEVELOPMENT_TEAM = QF9TKHN83N;
				ENABLE_HARDENED_RUNTIME = YES;
				GCC_OPTIMIZATION_LEVEL = 0;
				GENERATE_INFOPLIST_FILE = YES;
				INFOPLIST_KEY_NSHumanReadableCopyright = "";
				INFOPLIST_KEY_NSMainStoryboardFile = Main;
				INFOPLIST_KEY_NSPrincipalClass = NSApplication;
				LD_RUNPATH_SEARCH_PATHS = (
					"$(inherited)",
					"@executable_path/../Frameworks",
				);
				MARKETING_VERSION = 1.0;
				PRODUCT_BUNDLE_IDENTIFIER = com.fairies.NFTGenerator;
				PRODUCT_NAME = "$(TARGET_NAME)";
				SWIFT_COMPILATION_MODE = wholemodule;
				SWIFT_EMIT_LOC_STRINGS = YES;
				SWIFT_OPTIMIZATION_LEVEL = "-Onone";
				SWIFT_VERSION = 5.0;
			};
			name = Debug;
		};
		F1646E362872F3E4009B2FF9 /* Release */ = {
			isa = XCBuildConfiguration;
			buildSettings = {
				ASSETCATALOG_COMPILER_APPICON_NAME = AppIcon;
				ASSETCATALOG_COMPILER_GLOBAL_ACCENT_COLOR_NAME = AccentColor;
				CODE_SIGN_ENTITLEMENTS = NFTGenerator/NFTGenerator.entitlements;
				CODE_SIGN_STYLE = Automatic;
				COMBINE_HIDPI_IMAGES = YES;
				CURRENT_PROJECT_VERSION = 1;
				DEBUG_INFORMATION_FORMAT = dwarf;
				DEVELOPMENT_TEAM = QF9TKHN83N;
				ENABLE_HARDENED_RUNTIME = YES;
				GCC_OPTIMIZATION_LEVEL = 3;
				GENERATE_INFOPLIST_FILE = YES;
				INFOPLIST_KEY_NSHumanReadableCopyright = "";
				INFOPLIST_KEY_NSMainStoryboardFile = Main;
				INFOPLIST_KEY_NSPrincipalClass = NSApplication;
				LD_RUNPATH_SEARCH_PATHS = (
					"$(inherited)",
					"@executable_path/../Frameworks",
				);
				MARKETING_VERSION = 1.0;
				PRODUCT_BUNDLE_IDENTIFIER = com.fairies.NFTGenerator;
				PRODUCT_NAME = "$(TARGET_NAME)";
				SWIFT_EMIT_LOC_STRINGS = YES;
				SWIFT_VERSION = 5.0;
			};
			name = Release;
		};
/* End XCBuildConfiguration section */

/* Begin XCConfigurationList section */
		F1646E202872F3E2009B2FF9 /* Build configuration list for PBXProject "NFTGenerator" */ = {
			isa = XCConfigurationList;
			buildConfigurations = (
				F1646E322872F3E4009B2FF9 /* Debug */,
				F1646E332872F3E4009B2FF9 /* Release */,
			);
			defaultConfigurationIsVisible = 0;
			defaultConfigurationName = Release;
		};
		F1646E342872F3E4009B2FF9 /* Build configuration list for PBXNativeTarget "NFTGenerator" */ = {
			isa = XCConfigurationList;
			buildConfigurations = (
				F1646E352872F3E4009B2FF9 /* Debug */,
				F1646E362872F3E4009B2FF9 /* Release */,
			);
			defaultConfigurationIsVisible = 0;
			defaultConfigurationName = Release;
		};
/* End XCConfigurationList section */
	};
	rootObject = F1646E1D2872F3E2009B2FF9 /* Project object */;
}
