// !$*UTF8*$!
{
	archiveVersion = 1;
	classes = {
	};
	objectVersion = 55;
	objects = {

/* Begin PBXBuildFile section */
		685D304029058832002FBC8D /* hand_black_2.png in Resources */ = {isa = PBXBuildFile; fileRef = 685D2F8A29058832002FBC8D /* hand_black_2.png */; };
		685D304129058832002FBC8D /* hand_strng_yellow.png in Resources */ = {isa = PBXBuildFile; fileRef = 685D2F8B29058832002FBC8D /* hand_strng_yellow.png */; };
		685D304229058832002FBC8D /* hand_strng_perple.png in Resources */ = {isa = PBXBuildFile; fileRef = 685D2F8C29058832002FBC8D /* hand_strng_perple.png */; };
		685D304329058832002FBC8D /* hand_white_1.png in Resources */ = {isa = PBXBuildFile; fileRef = 685D2F8D29058832002FBC8D /* hand_white_1.png */; };
		685D304429058832002FBC8D /* hand_white_2.png in Resources */ = {isa = PBXBuildFile; fileRef = 685D2F8E29058832002FBC8D /* hand_white_2.png */; };
		685D304529058832002FBC8D /* Hand.json in Resources */ = {isa = PBXBuildFile; fileRef = 685D2F8F29058832002FBC8D /* Hand.json */; };
		685D304629058832002FBC8D /* hand_white_+1.png in Resources */ = {isa = PBXBuildFile; fileRef = 685D2F9029058832002FBC8D /* hand_white_+1.png */; };
		685D304729058832002FBC8D /* hand_strng_green.png in Resources */ = {isa = PBXBuildFile; fileRef = 685D2F9129058832002FBC8D /* hand_strng_green.png */; };
		685D304829058832002FBC8D /* Config.json in Resources */ = {isa = PBXBuildFile; fileRef = 685D2F9229058832002FBC8D /* Config.json */; };
		685D304929058832002FBC8D /* F1_wings_2_c.png in Resources */ = {isa = PBXBuildFile; fileRef = 685D2F9429058832002FBC8D /* F1_wings_2_c.png */; };
		685D304A29058832002FBC8D /* F1_wings_2_b.png in Resources */ = {isa = PBXBuildFile; fileRef = 685D2F9529058832002FBC8D /* F1_wings_2_b.png */; };
		685D304B29058832002FBC8D /* F1_wings_2_a.png in Resources */ = {isa = PBXBuildFile; fileRef = 685D2F9629058832002FBC8D /* F1_wings_2_a.png */; };
		685D304C29058832002FBC8D /* Wings.json in Resources */ = {isa = PBXBuildFile; fileRef = 685D2F9729058832002FBC8D /* Wings.json */; };
		685D304D29058832002FBC8D /* F1_wings_1_d.png in Resources */ = {isa = PBXBuildFile; fileRef = 685D2F9829058832002FBC8D /* F1_wings_1_d.png */; };
		685D304E29058832002FBC8D /* F1_wings_1_e.png in Resources */ = {isa = PBXBuildFile; fileRef = 685D2F9929058832002FBC8D /* F1_wings_1_e.png */; };
		685D304F29058832002FBC8D /* F1_wings_3_d.png in Resources */ = {isa = PBXBuildFile; fileRef = 685D2F9A29058832002FBC8D /* F1_wings_3_d.png */; };
		685D305029058832002FBC8D /* F1_wings_1_b.png in Resources */ = {isa = PBXBuildFile; fileRef = 685D2F9B29058832002FBC8D /* F1_wings_1_b.png */; };
		685D305129058832002FBC8D /* F1_wings_1_c.png in Resources */ = {isa = PBXBuildFile; fileRef = 685D2F9C29058832002FBC8D /* F1_wings_1_c.png */; };
		685D305229058832002FBC8D /* F1_wings_3_a.png in Resources */ = {isa = PBXBuildFile; fileRef = 685D2F9D29058832002FBC8D /* F1_wings_3_a.png */; };
		685D305329058832002FBC8D /* F1_wings_3_c.png in Resources */ = {isa = PBXBuildFile; fileRef = 685D2F9E29058832002FBC8D /* F1_wings_3_c.png */; };
		685D305429058832002FBC8D /* F1_wings_1_a.png in Resources */ = {isa = PBXBuildFile; fileRef = 685D2F9F29058832002FBC8D /* F1_wings_1_a.png */; };
		685D305529058832002FBC8D /* F1_wings_3_b.png in Resources */ = {isa = PBXBuildFile; fileRef = 685D2FA029058832002FBC8D /* F1_wings_3_b.png */; };
		685D305629058832002FBC8D /* body_strng_perple.png in Resources */ = {isa = PBXBuildFile; fileRef = 685D2FAE29058832002FBC8D /* body_strng_perple.png */; };
		685D305729058832002FBC8D /* body_white_2.png in Resources */ = {isa = PBXBuildFile; fileRef = 685D2FAF29058832002FBC8D /* body_white_2.png */; };
		685D305829058832002FBC8D /* body_white_1.png in Resources */ = {isa = PBXBuildFile; fileRef = 685D2FB029058832002FBC8D /* body_white_1.png */; };
		685D305929058832002FBC8D /* body_strng_yellow.png in Resources */ = {isa = PBXBuildFile; fileRef = 685D2FB129058832002FBC8D /* body_strng_yellow.png */; };
		685D305A29058832002FBC8D /* body_black_2.png in Resources */ = {isa = PBXBuildFile; fileRef = 685D2FB229058832002FBC8D /* body_black_2.png */; };
		685D305B29058832002FBC8D /* body_strng_green.png in Resources */ = {isa = PBXBuildFile; fileRef = 685D2FB329058832002FBC8D /* body_strng_green.png */; };
		685D305C29058832002FBC8D /* Body.json in Resources */ = {isa = PBXBuildFile; fileRef = 685D2FB429058832002FBC8D /* Body.json */; };
		685D305D29058832002FBC8D /* body_white_+1.png in Resources */ = {isa = PBXBuildFile; fileRef = 685D2FB529058832002FBC8D /* body_white_+1.png */; };
		685D305E29058832002FBC8D /* FF7777.png in Resources */ = {isa = PBXBuildFile; fileRef = 685D2FBD29058832002FBC8D /* FF7777.png */; };
		685D305F29058832002FBC8D /* Background.json in Resources */ = {isa = PBXBuildFile; fileRef = 685D2FBE29058832002FBC8D /* Background.json */; };
		685D306029058832002FBC8D /* q_background_8.png in Resources */ = {isa = PBXBuildFile; fileRef = 685D2FBF29058832002FBC8D /* q_background_8.png */; };
		685D306129058832002FBC8D /* q_background_9.png in Resources */ = {isa = PBXBuildFile; fileRef = 685D2FC029058832002FBC8D /* q_background_9.png */; };
		685D306229058832002FBC8D /* E0C398.png in Resources */ = {isa = PBXBuildFile; fileRef = 685D2FC129058832002FBC8D /* E0C398.png */; };
		685D306329058832002FBC8D /* q_background_10.png in Resources */ = {isa = PBXBuildFile; fileRef = 685D2FC229058832002FBC8D /* q_background_10.png */; };
		685D306429058832002FBC8D /* q_background_4.png in Resources */ = {isa = PBXBuildFile; fileRef = 685D2FC329058832002FBC8D /* q_background_4.png */; };
		685D306529058832002FBC8D /* q_background_5.png in Resources */ = {isa = PBXBuildFile; fileRef = 685D2FC429058832002FBC8D /* q_background_5.png */; };
		685D306629058832002FBC8D /* q_background_7.png in Resources */ = {isa = PBXBuildFile; fileRef = 685D2FC529058832002FBC8D /* q_background_7.png */; };
		685D306729058832002FBC8D /* 989FE0.png in Resources */ = {isa = PBXBuildFile; fileRef = 685D2FC629058832002FBC8D /* 989FE0.png */; };
		685D306829058832002FBC8D /* q_background_6.png in Resources */ = {isa = PBXBuildFile; fileRef = 685D2FC729058832002FBC8D /* q_background_6.png */; };
		685D306929058832002FBC8D /* eyes_white_1_2.png in Resources */ = {isa = PBXBuildFile; fileRef = 685D2FD529058832002FBC8D /* eyes_white_1_2.png */; };
		685D306A29058832002FBC8D /* eyes_white_1_3.png in Resources */ = {isa = PBXBuildFile; fileRef = 685D2FD629058832002FBC8D /* eyes_white_1_3.png */; };
		685D306B29058832002FBC8D /* eyes_white_1_1.png in Resources */ = {isa = PBXBuildFile; fileRef = 685D2FD729058832002FBC8D /* eyes_white_1_1.png */; };
		685D306C29058832002FBC8D /* eyes_strng_yellow_2.png in Resources */ = {isa = PBXBuildFile; fileRef = 685D2FD829058832002FBC8D /* eyes_strng_yellow_2.png */; };
		685D306D29058832002FBC8D /* eyes_strng_yellow_3.png in Resources */ = {isa = PBXBuildFile; fileRef = 685D2FD929058832002FBC8D /* eyes_strng_yellow_3.png */; };
		685D306E29058832002FBC8D /* eyes_strng_yellow_1.png in Resources */ = {isa = PBXBuildFile; fileRef = 685D2FDA29058832002FBC8D /* eyes_strng_yellow_1.png */; };
		685D306F29058832002FBC8D /* eyes_white_2_3.png in Resources */ = {isa = PBXBuildFile; fileRef = 685D2FDB29058832002FBC8D /* eyes_white_2_3.png */; };
		685D307029058832002FBC8D /* eyes_strng_green_3.png in Resources */ = {isa = PBXBuildFile; fileRef = 685D2FDC29058832002FBC8D /* eyes_strng_green_3.png */; };
		685D307129058832002FBC8D /* eyes_strng_green_2.png in Resources */ = {isa = PBXBuildFile; fileRef = 685D2FDD29058832002FBC8D /* eyes_strng_green_2.png */; };
		685D307229058832002FBC8D /* eyes_white_2_2.png in Resources */ = {isa = PBXBuildFile; fileRef = 685D2FDE29058832002FBC8D /* eyes_white_2_2.png */; };
		685D307329058832002FBC8D /* eyes_black_2_1.png in Resources */ = {isa = PBXBuildFile; fileRef = 685D2FDF29058832002FBC8D /* eyes_black_2_1.png */; };
		685D307429058832002FBC8D /* eyes_black_2_3.png in Resources */ = {isa = PBXBuildFile; fileRef = 685D2FE029058832002FBC8D /* eyes_black_2_3.png */; };
		685D307529058832002FBC8D /* eyes_strng_green_1.png in Resources */ = {isa = PBXBuildFile; fileRef = 685D2FE129058832002FBC8D /* eyes_strng_green_1.png */; };
		685D307629058832002FBC8D /* eyes_white_2_1.png in Resources */ = {isa = PBXBuildFile; fileRef = 685D2FE229058832002FBC8D /* eyes_white_2_1.png */; };
		685D307729058832002FBC8D /* eyes_black_2_2.png in Resources */ = {isa = PBXBuildFile; fileRef = 685D2FE329058832002FBC8D /* eyes_black_2_2.png */; };
		685D307829058832002FBC8D /* eyes_white_+1_3.png in Resources */ = {isa = PBXBuildFile; fileRef = 685D2FE429058832002FBC8D /* eyes_white_+1_3.png */; };
		685D307929058832002FBC8D /* eyes_white_+1_2.png in Resources */ = {isa = PBXBuildFile; fileRef = 685D2FE529058832002FBC8D /* eyes_white_+1_2.png */; };
		685D307A29058832002FBC8D /* eyes_white_+1_1.png in Resources */ = {isa = PBXBuildFile; fileRef = 685D2FE629058832002FBC8D /* eyes_white_+1_1.png */; };
		685D307B29058832002FBC8D /* eyes_strng_perple_1.png in Resources */ = {isa = PBXBuildFile; fileRef = 685D2FE729058832002FBC8D /* eyes_strng_perple_1.png */; };
		685D307C29058832002FBC8D /* eyes_strng_perple_2.png in Resources */ = {isa = PBXBuildFile; fileRef = 685D2FE829058832002FBC8D /* eyes_strng_perple_2.png */; };
		685D307D29058832002FBC8D /* eyes_strng_perple_3.png in Resources */ = {isa = PBXBuildFile; fileRef = 685D2FE929058832002FBC8D /* eyes_strng_perple_3.png */; };
		685D307E29058832002FBC8D /* Eye.json in Resources */ = {isa = PBXBuildFile; fileRef = 685D2FEA29058832002FBC8D /* Eye.json */; };
		685D307F29058832002FBC8D /* plumber_overall_red.png in Resources */ = {isa = PBXBuildFile; fileRef = 685D2FED29058832002FBC8D /* plumber_overall_red.png */; };
		685D308029058832002FBC8D /* uniform_tShirt_brown.png in Resources */ = {isa = PBXBuildFile; fileRef = 685D2FEE29058832002FBC8D /* uniform_tShirt_brown.png */; };
		685D308129058832002FBC8D /* plumber_overall_violet.png in Resources */ = {isa = PBXBuildFile; fileRef = 685D2FEF29058832002FBC8D /* plumber_overall_violet.png */; };
		685D308229058832002FBC8D /* uniform_shirt_brown.png in Resources */ = {isa = PBXBuildFile; fileRef = 685D2FF029058832002FBC8D /* uniform_shirt_brown.png */; };
		685D308329058832002FBC8D /* builder_neonOrange_vest.png in Resources */ = {isa = PBXBuildFile; fileRef = 685D2FF129058832002FBC8D /* builder_neonOrange_vest.png */; };
		685D308429058832002FBC8D /* uniform_shirt_blue.png in Resources */ = {isa = PBXBuildFile; fileRef = 685D2FF229058832002FBC8D /* uniform_shirt_blue.png */; };
		685D308529058832002FBC8D /* builder_neonGreen_vest.png in Resources */ = {isa = PBXBuildFile; fileRef = 685D2FF329058832002FBC8D /* builder_neonGreen_vest.png */; };
		685D308629058832002FBC8D /* uniform_tShirt_khaki.png in Resources */ = {isa = PBXBuildFile; fileRef = 685D2FF429058832002FBC8D /* uniform_tShirt_khaki.png */; };
		685D308729058832002FBC8D /* uniform_tShirt_blue.png in Resources */ = {isa = PBXBuildFile; fileRef = 685D2FF529058832002FBC8D /* uniform_tShirt_blue.png */; };
		685D308829058832002FBC8D /* plumber_overall_babyBlue.png in Resources */ = {isa = PBXBuildFile; fileRef = 685D2FF629058832002FBC8D /* plumber_overall_babyBlue.png */; };
		685D308929058832002FBC8D /* cellie_prisonOverall_grey.png in Resources */ = {isa = PBXBuildFile; fileRef = 685D2FF829058832002FBC8D /* cellie_prisonOverall_grey.png */; };
		685D308A29058832002FBC8D /* funky_prisonJumpsuit_orange.png in Resources */ = {isa = PBXBuildFile; fileRef = 685D2FF929058832002FBC8D /* funky_prisonJumpsuit_orange.png */; };
		685D308B29058832002FBC8D /* strapped_tornClothing_brown.png in Resources */ = {isa = PBXBuildFile; fileRef = 685D2FFA29058832002FBC8D /* strapped_tornClothing_brown.png */; };
		685D308C29058832002FBC8D /* jailbird_sweatshirt_red.png in Resources */ = {isa = PBXBuildFile; fileRef = 685D2FFB29058832002FBC8D /* jailbird_sweatshirt_red.png */; };
		685D308D29058832002FBC8D /* cellie_prisonOverall_dark.png in Resources */ = {isa = PBXBuildFile; fileRef = 685D2FFC29058832002FBC8D /* cellie_prisonOverall_dark.png */; };
		685D308E29058832002FBC8D /* jailbird_sweatshirt_orange.png in Resources */ = {isa = PBXBuildFile; fileRef = 685D2FFD29058832002FBC8D /* jailbird_sweatshirt_orange.png */; };
		685D308F29058832002FBC8D /* funky_prisonJumpsuit_grey.png in Resources */ = {isa = PBXBuildFile; fileRef = 685D2FFE29058832002FBC8D /* funky_prisonJumpsuit_grey.png */; };
		685D309029058832002FBC8D /* strapped_tornClothing_orange.png in Resources */ = {isa = PBXBuildFile; fileRef = 685D2FFF29058832002FBC8D /* strapped_tornClothing_orange.png */; };
		685D309129058832002FBC8D /* jacket_green.png in Resources */ = {isa = PBXBuildFile; fileRef = 685D300129058832002FBC8D /* jacket_green.png */; };
		685D309229058832002FBC8D /* shirt_grey.png in Resources */ = {isa = PBXBuildFile; fileRef = 685D300229058832002FBC8D /* shirt_grey.png */; };
		685D309329058832002FBC8D /* blouse_red.png in Resources */ = {isa = PBXBuildFile; fileRef = 685D300329058832002FBC8D /* blouse_red.png */; };
		685D309429058832002FBC8D /* shirt_brown.png in Resources */ = {isa = PBXBuildFile; fileRef = 685D300429058832002FBC8D /* shirt_brown.png */; };
		685D309529058832002FBC8D /* suit_blue.png in Resources */ = {isa = PBXBuildFile; fileRef = 685D300529058832002FBC8D /* suit_blue.png */; };
		685D309629058832002FBC8D /* jacket_blue.png in Resources */ = {isa = PBXBuildFile; fileRef = 685D300629058832002FBC8D /* jacket_blue.png */; };
		685D309729058832002FBC8D /* tShirt_grey.png in Resources */ = {isa = PBXBuildFile; fileRef = 685D300729058832002FBC8D /* tShirt_grey.png */; };
		685D309829058832002FBC8D /* sweater_blacknred.png in Resources */ = {isa = PBXBuildFile; fileRef = 685D300829058832002FBC8D /* sweater_blacknred.png */; };
		685D309929058832002FBC8D /* sweater_Vibrant.png in Resources */ = {isa = PBXBuildFile; fileRef = 685D300929058832002FBC8D /* sweater_Vibrant.png */; };
		685D309A29058832002FBC8D /* tShirt_milk.png in Resources */ = {isa = PBXBuildFile; fileRef = 685D300A29058832002FBC8D /* tShirt_milk.png */; };
		685D309B29058832002FBC8D /* suit_brown.png in Resources */ = {isa = PBXBuildFile; fileRef = 685D300B29058832002FBC8D /* suit_brown.png */; };
		685D309C29058832002FBC8D /* tShirt_blue.png in Resources */ = {isa = PBXBuildFile; fileRef = 685D300C29058832002FBC8D /* tShirt_blue.png */; };
		685D309D29058832002FBC8D /* tShirt_violet.png in Resources */ = {isa = PBXBuildFile; fileRef = 685D300D29058832002FBC8D /* tShirt_violet.png */; };
		685D309E29058832002FBC8D /* sweater_blacknwhite.png in Resources */ = {isa = PBXBuildFile; fileRef = 685D300E29058832002FBC8D /* sweater_blacknwhite.png */; };
		685D309F29058832002FBC8D /* shirt_blue.png in Resources */ = {isa = PBXBuildFile; fileRef = 685D300F29058832002FBC8D /* shirt_blue.png */; };
		685D30A029058832002FBC8D /* shirt_camel.png in Resources */ = {isa = PBXBuildFile; fileRef = 685D301029058832002FBC8D /* shirt_camel.png */; };
		685D30A129058832002FBC8D /* tShirt_brown.png in Resources */ = {isa = PBXBuildFile; fileRef = 685D301129058832002FBC8D /* tShirt_brown.png */; };
		685D30A229058832002FBC8D /* tShirt_teal.png in Resources */ = {isa = PBXBuildFile; fileRef = 685D301229058832002FBC8D /* tShirt_teal.png */; };
		685D30A329058832002FBC8D /* singer_dress_teal.png in Resources */ = {isa = PBXBuildFile; fileRef = 685D301429058832002FBC8D /* singer_dress_teal.png */; };
		685D30A429058832002FBC8D /* author_coat_brown.png in Resources */ = {isa = PBXBuildFile; fileRef = 685D301529058832002FBC8D /* author_coat_brown.png */; };
		685D30A529058832002FBC8D /* rapper_longsleeve_blue.png in Resources */ = {isa = PBXBuildFile; fileRef = 685D301629058832002FBC8D /* rapper_longsleeve_blue.png */; };
		685D30A629058832002FBC8D /* tattoo master_tShirt_aegean.png in Resources */ = {isa = PBXBuildFile; fileRef = 685D301729058832002FBC8D /* tattoo master_tShirt_aegean.png */; };
		685D30A729058832002FBC8D /* dancer_jacket_orange.png in Resources */ = {isa = PBXBuildFile; fileRef = 685D301829058832002FBC8D /* dancer_jacket_orange.png */; };
		685D30A829058832002FBC8D /* rapper_longsleeve_purple.png in Resources */ = {isa = PBXBuildFile; fileRef = 685D301929058832002FBC8D /* rapper_longsleeve_purple.png */; };
		685D30A929058832002FBC8D /* sculptere_overall_clay.png in Resources */ = {isa = PBXBuildFile; fileRef = 685D301A29058832002FBC8D /* sculptere_overall_clay.png */; };
		685D30AA29058832002FBC8D /* painter_overall_ink.png in Resources */ = {isa = PBXBuildFile; fileRef = 685D301B29058832002FBC8D /* painter_overall_ink.png */; };
		685D30AB29058832002FBC8D /* singer_dress_red.png in Resources */ = {isa = PBXBuildFile; fileRef = 685D301C29058832002FBC8D /* singer_dress_red.png */; };
		685D30AC29058832002FBC8D /* author_coat_beige.png in Resources */ = {isa = PBXBuildFile; fileRef = 685D301D29058832002FBC8D /* author_coat_beige.png */; };
		685D30AD29058832002FBC8D /* tattoo master_tShirt_violet.png in Resources */ = {isa = PBXBuildFile; fileRef = 685D301E29058832002FBC8D /* tattoo master_tShirt_violet.png */; };
		685D30AE29058832002FBC8D /* dancer_jacket_blue.png in Resources */ = {isa = PBXBuildFile; fileRef = 685D301F29058832002FBC8D /* dancer_jacket_blue.png */; };
		685D30AF29058832002FBC8D /* taxist_shirt_white.png in Resources */ = {isa = PBXBuildFile; fileRef = 685D302129058832002FBC8D /* taxist_shirt_white.png */; };
		685D30B029058832002FBC8D /* maid_pinafore_darkBlie.png in Resources */ = {isa = PBXBuildFile; fileRef = 685D302229058832002FBC8D /* maid_pinafore_darkBlie.png */; };
		685D30B129058832002FBC8D /* taxist_shirt_brown.png in Resources */ = {isa = PBXBuildFile; fileRef = 685D302329058832002FBC8D /* taxist_shirt_brown.png */; };
		685D30B229058832002FBC8D /* maid_pinafore_darkGreen.png in Resources */ = {isa = PBXBuildFile; fileRef = 685D302429058832002FBC8D /* maid_pinafore_darkGreen.png */; };
		685D30B329058832002FBC8D /* housemaid_apron_musturd.png in Resources */ = {isa = PBXBuildFile; fileRef = 685D302529058832002FBC8D /* housemaid_apron_musturd.png */; };
		685D30B429058832002FBC8D /* policeman_uniform_pink.png in Resources */ = {isa = PBXBuildFile; fileRef = 685D302629058832002FBC8D /* policeman_uniform_pink.png */; };
		685D30B529058832002FBC8D /* policeman_uniform_blue.png in Resources */ = {isa = PBXBuildFile; fileRef = 685D302729058832002FBC8D /* policeman_uniform_blue.png */; };
		685D30B629058832002FBC8D /* medicalGown_pink.png in Resources */ = {isa = PBXBuildFile; fileRef = 685D302829058832002FBC8D /* medicalGown_pink.png */; };
		685D30B729058832002FBC8D /* medicalGown_blue.png in Resources */ = {isa = PBXBuildFile; fileRef = 685D302929058832002FBC8D /* medicalGown_blue.png */; };
		685D30B829058832002FBC8D /* bartender_apron_blacknbrown.png in Resources */ = {isa = PBXBuildFile; fileRef = 685D302A29058832002FBC8D /* bartender_apron_blacknbrown.png */; };
		685D30B929058832002FBC8D /* fireman_uniform_green.png in Resources */ = {isa = PBXBuildFile; fileRef = 685D302B29058832002FBC8D /* fireman_uniform_green.png */; };
		685D30BA29058832002FBC8D /* fireman_uniform_orange.png in Resources */ = {isa = PBXBuildFile; fileRef = 685D302C29058832002FBC8D /* fireman_uniform_orange.png */; };
		685D30BB29058832002FBC8D /* waistcoat_peach.png in Resources */ = {isa = PBXBuildFile; fileRef = 685D302D29058832002FBC8D /* waistcoat_peach.png */; };
		685D30BC29058832002FBC8D /* barista_apron_bluenwhite.png in Resources */ = {isa = PBXBuildFile; fileRef = 685D302E29058832002FBC8D /* barista_apron_bluenwhite.png */; };
		685D30BD29058832002FBC8D /* chef_jacket_peach.png in Resources */ = {isa = PBXBuildFile; fileRef = 685D302F29058832002FBC8D /* chef_jacket_peach.png */; };
		685D30BE29058832002FBC8D /* waistcoat_blue.png in Resources */ = {isa = PBXBuildFile; fileRef = 685D303029058832002FBC8D /* waistcoat_blue.png */; };
		685D30BF29058832002FBC8D /* chef_jacket_blue.png in Resources */ = {isa = PBXBuildFile; fileRef = 685D303129058832002FBC8D /* chef_jacket_blue.png */; };
		685D30C029058832002FBC8D /* housemaid_apron_green.png in Resources */ = {isa = PBXBuildFile; fileRef = 685D303229058832002FBC8D /* housemaid_apron_green.png */; };
		685D30C129058832002FBC8D /* Mouth.json in Resources */ = {isa = PBXBuildFile; fileRef = 685D303429058832002FBC8D /* Mouth.json */; };
		685D30C229058832002FBC8D /* F1_mouth_4.png in Resources */ = {isa = PBXBuildFile; fileRef = 685D303529058832002FBC8D /* F1_mouth_4.png */; };
		685D30C329058832002FBC8D /* F1_mouth_5.png in Resources */ = {isa = PBXBuildFile; fileRef = 685D303629058832002FBC8D /* F1_mouth_5.png */; };
		685D30C429058832002FBC8D /* F1_mouth_2.png in Resources */ = {isa = PBXBuildFile; fileRef = 685D303729058832002FBC8D /* F1_mouth_2.png */; };
		685D30C529058832002FBC8D /* F1_mouth_3.png in Resources */ = {isa = PBXBuildFile; fileRef = 685D303829058832002FBC8D /* F1_mouth_3.png */; };
		685D30C629058832002FBC8D /* F1_mouth_1.png in Resources */ = {isa = PBXBuildFile; fileRef = 685D303929058832002FBC8D /* F1_mouth_1.png */; };
		F125D08E2873296600049427 /* CIFilterExtension.swift in Sources */ = {isa = PBXBuildFile; fileRef = F125D08D2873296600049427 /* CIFilterExtension.swift */; };
		F1646E292872F3E2009B2FF9 /* AppDelegate.swift in Sources */ = {isa = PBXBuildFile; fileRef = F1646E282872F3E2009B2FF9 /* AppDelegate.swift */; };
		F1646E2B2872F3E2009B2FF9 /* ViewController.swift in Sources */ = {isa = PBXBuildFile; fileRef = F1646E2A2872F3E2009B2FF9 /* ViewController.swift */; };
		F1646E2D2872F3E4009B2FF9 /* Assets.xcassets in Resources */ = {isa = PBXBuildFile; fileRef = F1646E2C2872F3E4009B2FF9 /* Assets.xcassets */; };
		F1646E302872F3E4009B2FF9 /* Main.storyboard in Resources */ = {isa = PBXBuildFile; fileRef = F1646E2E2872F3E4009B2FF9 /* Main.storyboard */; };
		F1646E392872F873009B2FF9 /* AnyModel.swift in Sources */ = {isa = PBXBuildFile; fileRef = F1646E382872F873009B2FF9 /* AnyModel.swift */; };
		F1646E3C2872F892009B2FF9 /* StringExtensions.swift in Sources */ = {isa = PBXBuildFile; fileRef = F1646E3B2872F892009B2FF9 /* StringExtensions.swift */; };
		F1646E3F2872F8B9009B2FF9 /* Asset.swift in Sources */ = {isa = PBXBuildFile; fileRef = F1646E3E2872F8B9009B2FF9 /* Asset.swift */; };
		F1646E412872F8F9009B2FF9 /* ArrayExtensions.swift in Sources */ = {isa = PBXBuildFile; fileRef = F1646E402872F8F9009B2FF9 /* ArrayExtensions.swift */; };
		F17298C829059573008A97C4 /* Config.swift in Sources */ = {isa = PBXBuildFile; fileRef = F17298C729059573008A97C4 /* Config.swift */; };
		F17298CA29059846008A97C4 /* Resource.swift in Sources */ = {isa = PBXBuildFile; fileRef = F17298C929059846008A97C4 /* Resource.swift */; };
		F17298CC29059868008A97C4 /* Tag.swift in Sources */ = {isa = PBXBuildFile; fileRef = F17298CB29059868008A97C4 /* Tag.swift */; };
		F17298CE29059898008A97C4 /* UniqueIdentifier.swift in Sources */ = {isa = PBXBuildFile; fileRef = F17298CD29059898008A97C4 /* UniqueIdentifier.swift */; };
		F17298D0290598C0008A97C4 /* LayerRarity.swift in Sources */ = {isa = PBXBuildFile; fileRef = F17298CF290598C0008A97C4 /* LayerRarity.swift */; };
		F17298D2290598E8008A97C4 /* LayerOrderNumber.swift in Sources */ = {isa = PBXBuildFile; fileRef = F17298D1290598E8008A97C4 /* LayerOrderNumber.swift */; };
		F17298D42905992B008A97C4 /* Tags.swift in Sources */ = {isa = PBXBuildFile; fileRef = F17298D32905992B008A97C4 /* Tags.swift */; };
		F17298D629059947008A97C4 /* Attributes.swift in Sources */ = {isa = PBXBuildFile; fileRef = F17298D529059947008A97C4 /* Attributes.swift */; };
		F17298D82905997B008A97C4 /* AssetType.swift in Sources */ = {isa = PBXBuildFile; fileRef = F17298D72905997B008A97C4 /* AssetType.swift */; };
		F17298DA29059986008A97C4 /* AssetRarity.swift in Sources */ = {isa = PBXBuildFile; fileRef = F17298D929059986008A97C4 /* AssetRarity.swift */; };
		F17298DC29059C34008A97C4 /* ImageConfig.swift in Sources */ = {isa = PBXBuildFile; fileRef = F17298DB29059C34008A97C4 /* ImageConfig.swift */; };
/* End PBXBuildFile section */

/* Begin PBXFileReference section */
		685D30CD290598F1002FBC8D /* ClothAccessory.json */ = {isa = PBXFileReference; fileEncoding = 4; lastKnownFileType = text.json; path = ClothAccessory.json; sourceTree = "<group>"; };
		685D30D4290598F1002FBC8D /* ForearmAccessory.json */ = {isa = PBXFileReference; fileEncoding = 4; lastKnownFileType = text.json; path = ForearmAccessory.json; sourceTree = "<group>"; };
		685D30D8290598F1002FBC8D /* FaceHair.json */ = {isa = PBXFileReference; fileEncoding = 4; lastKnownFileType = text.json; path = FaceHair.json; sourceTree = "<group>"; };
		685D30DA290598F1002FBC8D /* hand_black_2.png */ = {isa = PBXFileReference; lastKnownFileType = image.png; path = hand_black_2.png; sourceTree = "<group>"; };
		685D30DB290598F1002FBC8D /* hand_strng_yellow.png */ = {isa = PBXFileReference; lastKnownFileType = image.png; path = hand_strng_yellow.png; sourceTree = "<group>"; };
		685D30DC290598F1002FBC8D /* hand_strng_perple.png */ = {isa = PBXFileReference; lastKnownFileType = image.png; path = hand_strng_perple.png; sourceTree = "<group>"; };
		685D30DD290598F1002FBC8D /* hand_white_1.png */ = {isa = PBXFileReference; lastKnownFileType = image.png; path = hand_white_1.png; sourceTree = "<group>"; };
		685D30DE290598F1002FBC8D /* hand_white_2.png */ = {isa = PBXFileReference; lastKnownFileType = image.png; path = hand_white_2.png; sourceTree = "<group>"; };
		685D30DF290598F1002FBC8D /* Hand.json */ = {isa = PBXFileReference; fileEncoding = 4; lastKnownFileType = text.json; path = Hand.json; sourceTree = "<group>"; };
		685D30E0290598F1002FBC8D /* hand_white_+1.png */ = {isa = PBXFileReference; lastKnownFileType = image.png; path = "hand_white_+1.png"; sourceTree = "<group>"; };
		685D30E1290598F1002FBC8D /* hand_strng_green.png */ = {isa = PBXFileReference; lastKnownFileType = image.png; path = hand_strng_green.png; sourceTree = "<group>"; };
		685D30E2290598F1002FBC8D /* Config.json */ = {isa = PBXFileReference; fileEncoding = 4; lastKnownFileType = text.json; path = Config.json; sourceTree = "<group>"; };
		685D30E4290598F1002FBC8D /* F1_wings_2_c.png */ = {isa = PBXFileReference; lastKnownFileType = image.png; path = F1_wings_2_c.png; sourceTree = "<group>"; };
		685D30E5290598F1002FBC8D /* F1_wings_2_b.png */ = {isa = PBXFileReference; lastKnownFileType = image.png; path = F1_wings_2_b.png; sourceTree = "<group>"; };
		685D30E6290598F1002FBC8D /* F1_wings_2_a.png */ = {isa = PBXFileReference; lastKnownFileType = image.png; path = F1_wings_2_a.png; sourceTree = "<group>"; };
		685D30E7290598F1002FBC8D /* Wings.json */ = {isa = PBXFileReference; fileEncoding = 4; lastKnownFileType = text.json; path = Wings.json; sourceTree = "<group>"; };
		685D30E8290598F1002FBC8D /* F1_wings_1_d.png */ = {isa = PBXFileReference; lastKnownFileType = image.png; path = F1_wings_1_d.png; sourceTree = "<group>"; };
		685D30E9290598F1002FBC8D /* F1_wings_1_e.png */ = {isa = PBXFileReference; lastKnownFileType = image.png; path = F1_wings_1_e.png; sourceTree = "<group>"; };
		685D30EA290598F1002FBC8D /* F1_wings_3_d.png */ = {isa = PBXFileReference; lastKnownFileType = image.png; path = F1_wings_3_d.png; sourceTree = "<group>"; };
		685D30EB290598F1002FBC8D /* F1_wings_1_b.png */ = {isa = PBXFileReference; lastKnownFileType = image.png; path = F1_wings_1_b.png; sourceTree = "<group>"; };
		685D30EC290598F1002FBC8D /* F1_wings_1_c.png */ = {isa = PBXFileReference; lastKnownFileType = image.png; path = F1_wings_1_c.png; sourceTree = "<group>"; };
		685D30ED290598F1002FBC8D /* F1_wings_3_a.png */ = {isa = PBXFileReference; lastKnownFileType = image.png; path = F1_wings_3_a.png; sourceTree = "<group>"; };
		685D30EE290598F1002FBC8D /* F1_wings_3_c.png */ = {isa = PBXFileReference; lastKnownFileType = image.png; path = F1_wings_3_c.png; sourceTree = "<group>"; };
		685D30EF290598F1002FBC8D /* F1_wings_1_a.png */ = {isa = PBXFileReference; lastKnownFileType = image.png; path = F1_wings_1_a.png; sourceTree = "<group>"; };
		685D30F0290598F1002FBC8D /* F1_wings_3_b.png */ = {isa = PBXFileReference; lastKnownFileType = image.png; path = F1_wings_3_b.png; sourceTree = "<group>"; };
		685D30F2290598F1002FBC8D /* HandAccessory.json */ = {isa = PBXFileReference; fileEncoding = 4; lastKnownFileType = text.json; path = HandAccessory.json; sourceTree = "<group>"; };
		685D30F7290598F1002FBC8D /* Tatto.json */ = {isa = PBXFileReference; fileEncoding = 4; lastKnownFileType = text.json; path = Tatto.json; sourceTree = "<group>"; };
		685D30FA290598F1002FBC8D /* HandTattoo.json */ = {isa = PBXFileReference; fileEncoding = 4; lastKnownFileType = text.json; path = HandTattoo.json; sourceTree = "<group>"; };
		685D30FC290598F1002FBC8D /* body_strng_perple.png */ = {isa = PBXFileReference; lastKnownFileType = image.png; path = body_strng_perple.png; sourceTree = "<group>"; };
		685D30FD290598F1002FBC8D /* body_white_2.png */ = {isa = PBXFileReference; lastKnownFileType = image.png; path = body_white_2.png; sourceTree = "<group>"; };
		685D30FE290598F1002FBC8D /* body_white_1.png */ = {isa = PBXFileReference; lastKnownFileType = image.png; path = body_white_1.png; sourceTree = "<group>"; };
		685D30FF290598F1002FBC8D /* body_strng_yellow.png */ = {isa = PBXFileReference; lastKnownFileType = image.png; path = body_strng_yellow.png; sourceTree = "<group>"; };
		685D3100290598F1002FBC8D /* body_black_2.png */ = {isa = PBXFileReference; lastKnownFileType = image.png; path = body_black_2.png; sourceTree = "<group>"; };
		685D3101290598F1002FBC8D /* body_strng_green.png */ = {isa = PBXFileReference; lastKnownFileType = image.png; path = body_strng_green.png; sourceTree = "<group>"; };
		685D3102290598F1002FBC8D /* Body.json */ = {isa = PBXFileReference; fileEncoding = 4; lastKnownFileType = text.json; path = Body.json; sourceTree = "<group>"; };
		685D3103290598F1002FBC8D /* body_white_+1.png */ = {isa = PBXFileReference; lastKnownFileType = image.png; path = "body_white_+1.png"; sourceTree = "<group>"; };
		685D3108290598F1002FBC8D /* NeckAccesory.json */ = {isa = PBXFileReference; fileEncoding = 4; lastKnownFileType = text.json; path = NeckAccesory.json; sourceTree = "<group>"; };
		685D310C290598F1002FBC8D /* Hair.json */ = {isa = PBXFileReference; fileEncoding = 4; lastKnownFileType = text.json; path = Hair.json; sourceTree = "<group>"; };
		685D310E290598F1002FBC8D /* FF7777.png */ = {isa = PBXFileReference; lastKnownFileType = image.png; path = FF7777.png; sourceTree = "<group>"; };
		685D310F290598F1002FBC8D /* Background.json */ = {isa = PBXFileReference; fileEncoding = 4; lastKnownFileType = text.json; path = Background.json; sourceTree = "<group>"; };
		685D3110290598F1002FBC8D /* q_background_8.png */ = {isa = PBXFileReference; lastKnownFileType = image.png; path = q_background_8.png; sourceTree = "<group>"; };
		685D3111290598F1002FBC8D /* q_background_9.png */ = {isa = PBXFileReference; lastKnownFileType = image.png; path = q_background_9.png; sourceTree = "<group>"; };
		685D3112290598F1002FBC8D /* E0C398.png */ = {isa = PBXFileReference; lastKnownFileType = image.png; path = E0C398.png; sourceTree = "<group>"; };
		685D3113290598F1002FBC8D /* q_background_10.png */ = {isa = PBXFileReference; lastKnownFileType = image.png; path = q_background_10.png; sourceTree = "<group>"; };
		685D3114290598F1002FBC8D /* q_background_4.png */ = {isa = PBXFileReference; lastKnownFileType = image.png; path = q_background_4.png; sourceTree = "<group>"; };
		685D3115290598F1002FBC8D /* q_background_5.png */ = {isa = PBXFileReference; lastKnownFileType = image.png; path = q_background_5.png; sourceTree = "<group>"; };
		685D3116290598F1002FBC8D /* q_background_7.png */ = {isa = PBXFileReference; lastKnownFileType = image.png; path = q_background_7.png; sourceTree = "<group>"; };
		685D3117290598F1002FBC8D /* 989FE0.png */ = {isa = PBXFileReference; lastKnownFileType = image.png; path = 989FE0.png; sourceTree = "<group>"; };
		685D3118290598F1002FBC8D /* q_background_6.png */ = {isa = PBXFileReference; lastKnownFileType = image.png; path = q_background_6.png; sourceTree = "<group>"; };
		685D311C290598F1002FBC8D /* EyesAccesory.json */ = {isa = PBXFileReference; fileEncoding = 4; lastKnownFileType = text.json; path = EyesAccesory.json; sourceTree = "<group>"; };
		685D3121290598F1002FBC8D /* FaceAccesory.json */ = {isa = PBXFileReference; fileEncoding = 4; lastKnownFileType = text.json; path = FaceAccesory.json; sourceTree = "<group>"; };
		685D3123290598F1002FBC8D /* Hat.json */ = {isa = PBXFileReference; fileEncoding = 4; lastKnownFileType = text.json; path = Hat.json; sourceTree = "<group>"; };
		685D3125290598F1002FBC8D /* eyes_white_1_2.png */ = {isa = PBXFileReference; lastKnownFileType = image.png; path = eyes_white_1_2.png; sourceTree = "<group>"; };
		685D3126290598F1002FBC8D /* Eyes.json */ = {isa = PBXFileReference; fileEncoding = 4; lastKnownFileType = text.json; path = Eyes.json; sourceTree = "<group>"; };
		685D3127290598F1002FBC8D /* eyes_white_1_3.png */ = {isa = PBXFileReference; lastKnownFileType = image.png; path = eyes_white_1_3.png; sourceTree = "<group>"; };
		685D3128290598F1002FBC8D /* eyes_white_1_1.png */ = {isa = PBXFileReference; lastKnownFileType = image.png; path = eyes_white_1_1.png; sourceTree = "<group>"; };
		685D3129290598F1002FBC8D /* eyes_strng_yellow_2.png */ = {isa = PBXFileReference; lastKnownFileType = image.png; path = eyes_strng_yellow_2.png; sourceTree = "<group>"; };
		685D312A290598F1002FBC8D /* eyes_strng_yellow_3.png */ = {isa = PBXFileReference; lastKnownFileType = image.png; path = eyes_strng_yellow_3.png; sourceTree = "<group>"; };
		685D312B290598F1002FBC8D /* eyes_strng_yellow_1.png */ = {isa = PBXFileReference; lastKnownFileType = image.png; path = eyes_strng_yellow_1.png; sourceTree = "<group>"; };
		685D312C290598F1002FBC8D /* eyes_white_2_3.png */ = {isa = PBXFileReference; lastKnownFileType = image.png; path = eyes_white_2_3.png; sourceTree = "<group>"; };
		685D312D290598F1002FBC8D /* eyes_strng_green_3.png */ = {isa = PBXFileReference; lastKnownFileType = image.png; path = eyes_strng_green_3.png; sourceTree = "<group>"; };
		685D312E290598F1002FBC8D /* eyes_strng_green_2.png */ = {isa = PBXFileReference; lastKnownFileType = image.png; path = eyes_strng_green_2.png; sourceTree = "<group>"; };
		685D312F290598F1002FBC8D /* eyes_white_2_2.png */ = {isa = PBXFileReference; lastKnownFileType = image.png; path = eyes_white_2_2.png; sourceTree = "<group>"; };
		685D3130290598F1002FBC8D /* eyes_black_2_1.png */ = {isa = PBXFileReference; lastKnownFileType = image.png; path = eyes_black_2_1.png; sourceTree = "<group>"; };
		685D3131290598F1002FBC8D /* eyes_black_2_3.png */ = {isa = PBXFileReference; lastKnownFileType = image.png; path = eyes_black_2_3.png; sourceTree = "<group>"; };
		685D3132290598F1002FBC8D /* eyes_strng_green_1.png */ = {isa = PBXFileReference; lastKnownFileType = image.png; path = eyes_strng_green_1.png; sourceTree = "<group>"; };
		685D3133290598F1002FBC8D /* eyes_white_2_1.png */ = {isa = PBXFileReference; lastKnownFileType = image.png; path = eyes_white_2_1.png; sourceTree = "<group>"; };
		685D3134290598F1002FBC8D /* eyes_black_2_2.png */ = {isa = PBXFileReference; lastKnownFileType = image.png; path = eyes_black_2_2.png; sourceTree = "<group>"; };
		685D3135290598F1002FBC8D /* eyes_white_+1_3.png */ = {isa = PBXFileReference; lastKnownFileType = image.png; path = "eyes_white_+1_3.png"; sourceTree = "<group>"; };
		685D3136290598F1002FBC8D /* eyes_white_+1_2.png */ = {isa = PBXFileReference; lastKnownFileType = image.png; path = "eyes_white_+1_2.png"; sourceTree = "<group>"; };
		685D3137290598F1002FBC8D /* eyes_white_+1_1.png */ = {isa = PBXFileReference; lastKnownFileType = image.png; path = "eyes_white_+1_1.png"; sourceTree = "<group>"; };
		685D3138290598F1002FBC8D /* eyes_strng_perple_1.png */ = {isa = PBXFileReference; lastKnownFileType = image.png; path = eyes_strng_perple_1.png; sourceTree = "<group>"; };
		685D3139290598F1002FBC8D /* eyes_strng_perple_2.png */ = {isa = PBXFileReference; lastKnownFileType = image.png; path = eyes_strng_perple_2.png; sourceTree = "<group>"; };
		685D313A290598F1002FBC8D /* eyes_strng_perple_3.png */ = {isa = PBXFileReference; lastKnownFileType = image.png; path = eyes_strng_perple_3.png; sourceTree = "<group>"; };
		685D313D290598F1002FBC8D /* plumber_overall_red.png */ = {isa = PBXFileReference; lastKnownFileType = image.png; path = plumber_overall_red.png; sourceTree = "<group>"; };
		685D313E290598F1002FBC8D /* uniform_tShirt_brown.png */ = {isa = PBXFileReference; lastKnownFileType = image.png; path = uniform_tShirt_brown.png; sourceTree = "<group>"; };
		685D313F290598F1002FBC8D /* plumber_overall_violet.png */ = {isa = PBXFileReference; lastKnownFileType = image.png; path = plumber_overall_violet.png; sourceTree = "<group>"; };
		685D3140290598F1002FBC8D /* uniform_shirt_brown.png */ = {isa = PBXFileReference; lastKnownFileType = image.png; path = uniform_shirt_brown.png; sourceTree = "<group>"; };
		685D3141290598F1002FBC8D /* builder_neonOrange_vest.png */ = {isa = PBXFileReference; lastKnownFileType = image.png; path = builder_neonOrange_vest.png; sourceTree = "<group>"; };
		685D3142290598F1002FBC8D /* uniform_shirt_blue.png */ = {isa = PBXFileReference; lastKnownFileType = image.png; path = uniform_shirt_blue.png; sourceTree = "<group>"; };
		685D3143290598F1002FBC8D /* builder_neonGreen_vest.png */ = {isa = PBXFileReference; lastKnownFileType = image.png; path = builder_neonGreen_vest.png; sourceTree = "<group>"; };
		685D3144290598F1002FBC8D /* uniform_tShirt_khaki.png */ = {isa = PBXFileReference; lastKnownFileType = image.png; path = uniform_tShirt_khaki.png; sourceTree = "<group>"; };
		685D3145290598F1002FBC8D /* uniform_tShirt_blue.png */ = {isa = PBXFileReference; lastKnownFileType = image.png; path = uniform_tShirt_blue.png; sourceTree = "<group>"; };
		685D3146290598F1002FBC8D /* plumber_overall_babyBlue.png */ = {isa = PBXFileReference; lastKnownFileType = image.png; path = plumber_overall_babyBlue.png; sourceTree = "<group>"; };
		685D3148290598F1002FBC8D /* cellie_prisonOverall_grey.png */ = {isa = PBXFileReference; lastKnownFileType = image.png; path = cellie_prisonOverall_grey.png; sourceTree = "<group>"; };
		685D3149290598F1002FBC8D /* funky_prisonJumpsuit_orange.png */ = {isa = PBXFileReference; lastKnownFileType = image.png; path = funky_prisonJumpsuit_orange.png; sourceTree = "<group>"; };
		685D314A290598F1002FBC8D /* strapped_tornClothing_brown.png */ = {isa = PBXFileReference; lastKnownFileType = image.png; path = strapped_tornClothing_brown.png; sourceTree = "<group>"; };
		685D314B290598F1002FBC8D /* jailbird_sweatshirt_red.png */ = {isa = PBXFileReference; lastKnownFileType = image.png; path = jailbird_sweatshirt_red.png; sourceTree = "<group>"; };
		685D314C290598F1002FBC8D /* cellie_prisonOverall_dark.png */ = {isa = PBXFileReference; lastKnownFileType = image.png; path = cellie_prisonOverall_dark.png; sourceTree = "<group>"; };
		685D314D290598F1002FBC8D /* jailbird_sweatshirt_orange.png */ = {isa = PBXFileReference; lastKnownFileType = image.png; path = jailbird_sweatshirt_orange.png; sourceTree = "<group>"; };
		685D314E290598F1002FBC8D /* funky_prisonJumpsuit_grey.png */ = {isa = PBXFileReference; lastKnownFileType = image.png; path = funky_prisonJumpsuit_grey.png; sourceTree = "<group>"; };
		685D314F290598F1002FBC8D /* strapped_tornClothing_orange.png */ = {isa = PBXFileReference; lastKnownFileType = image.png; path = strapped_tornClothing_orange.png; sourceTree = "<group>"; };
		685D3151290598F1002FBC8D /* jacket_green.png */ = {isa = PBXFileReference; lastKnownFileType = image.png; path = jacket_green.png; sourceTree = "<group>"; };
		685D3152290598F1002FBC8D /* shirt_grey.png */ = {isa = PBXFileReference; lastKnownFileType = image.png; path = shirt_grey.png; sourceTree = "<group>"; };
		685D3153290598F1002FBC8D /* blouse_red.png */ = {isa = PBXFileReference; lastKnownFileType = image.png; path = blouse_red.png; sourceTree = "<group>"; };
		685D3154290598F1002FBC8D /* shirt_brown.png */ = {isa = PBXFileReference; lastKnownFileType = image.png; path = shirt_brown.png; sourceTree = "<group>"; };
		685D3155290598F1002FBC8D /* suit_blue.png */ = {isa = PBXFileReference; lastKnownFileType = image.png; path = suit_blue.png; sourceTree = "<group>"; };
		685D3156290598F1002FBC8D /* jacket_blue.png */ = {isa = PBXFileReference; lastKnownFileType = image.png; path = jacket_blue.png; sourceTree = "<group>"; };
		685D3157290598F1002FBC8D /* tShirt_grey.png */ = {isa = PBXFileReference; lastKnownFileType = image.png; path = tShirt_grey.png; sourceTree = "<group>"; };
		685D3158290598F1002FBC8D /* sweater_blacknred.png */ = {isa = PBXFileReference; lastKnownFileType = image.png; path = sweater_blacknred.png; sourceTree = "<group>"; };
		685D3159290598F1002FBC8D /* sweater_Vibrant.png */ = {isa = PBXFileReference; lastKnownFileType = image.png; path = sweater_Vibrant.png; sourceTree = "<group>"; };
		685D315A290598F1002FBC8D /* tShirt_milk.png */ = {isa = PBXFileReference; lastKnownFileType = image.png; path = tShirt_milk.png; sourceTree = "<group>"; };
		685D315B290598F1002FBC8D /* suit_brown.png */ = {isa = PBXFileReference; lastKnownFileType = image.png; path = suit_brown.png; sourceTree = "<group>"; };
		685D315C290598F1002FBC8D /* tShirt_blue.png */ = {isa = PBXFileReference; lastKnownFileType = image.png; path = tShirt_blue.png; sourceTree = "<group>"; };
		685D315D290598F1002FBC8D /* tShirt_violet.png */ = {isa = PBXFileReference; lastKnownFileType = image.png; path = tShirt_violet.png; sourceTree = "<group>"; };
		685D315E290598F1002FBC8D /* sweater_blacknwhite.png */ = {isa = PBXFileReference; lastKnownFileType = image.png; path = sweater_blacknwhite.png; sourceTree = "<group>"; };
		685D315F290598F1002FBC8D /* shirt_blue.png */ = {isa = PBXFileReference; lastKnownFileType = image.png; path = shirt_blue.png; sourceTree = "<group>"; };
		685D3160290598F1002FBC8D /* shirt_camel.png */ = {isa = PBXFileReference; lastKnownFileType = image.png; path = shirt_camel.png; sourceTree = "<group>"; };
		685D3161290598F1002FBC8D /* tShirt_brown.png */ = {isa = PBXFileReference; lastKnownFileType = image.png; path = tShirt_brown.png; sourceTree = "<group>"; };
		685D3162290598F1002FBC8D /* tShirt_teal.png */ = {isa = PBXFileReference; lastKnownFileType = image.png; path = tShirt_teal.png; sourceTree = "<group>"; };
		685D3163290598F1002FBC8D /* Clothing.json */ = {isa = PBXFileReference; fileEncoding = 4; lastKnownFileType = text.json; path = Clothing.json; sourceTree = "<group>"; };
		685D3165290598F1002FBC8D /* singer_dress_teal.png */ = {isa = PBXFileReference; lastKnownFileType = image.png; path = singer_dress_teal.png; sourceTree = "<group>"; };
		685D3166290598F1002FBC8D /* author_coat_brown.png */ = {isa = PBXFileReference; lastKnownFileType = image.png; path = author_coat_brown.png; sourceTree = "<group>"; };
		685D3167290598F1002FBC8D /* rapper_longsleeve_blue.png */ = {isa = PBXFileReference; lastKnownFileType = image.png; path = rapper_longsleeve_blue.png; sourceTree = "<group>"; };
		685D3168290598F1002FBC8D /* tattoo master_tShirt_aegean.png */ = {isa = PBXFileReference; lastKnownFileType = image.png; path = "tattoo master_tShirt_aegean.png"; sourceTree = "<group>"; };
		685D3169290598F1002FBC8D /* dancer_jacket_orange.png */ = {isa = PBXFileReference; lastKnownFileType = image.png; path = dancer_jacket_orange.png; sourceTree = "<group>"; };
		685D316A290598F1002FBC8D /* rapper_longsleeve_purple.png */ = {isa = PBXFileReference; lastKnownFileType = image.png; path = rapper_longsleeve_purple.png; sourceTree = "<group>"; };
		685D316B290598F1002FBC8D /* sculptere_overall_clay.png */ = {isa = PBXFileReference; lastKnownFileType = image.png; path = sculptere_overall_clay.png; sourceTree = "<group>"; };
		685D316C290598F1002FBC8D /* painter_overall_ink.png */ = {isa = PBXFileReference; lastKnownFileType = image.png; path = painter_overall_ink.png; sourceTree = "<group>"; };
		685D316D290598F1002FBC8D /* singer_dress_red.png */ = {isa = PBXFileReference; lastKnownFileType = image.png; path = singer_dress_red.png; sourceTree = "<group>"; };
		685D316E290598F1002FBC8D /* author_coat_beige.png */ = {isa = PBXFileReference; lastKnownFileType = image.png; path = author_coat_beige.png; sourceTree = "<group>"; };
		685D316F290598F1002FBC8D /* tattoo master_tShirt_violet.png */ = {isa = PBXFileReference; lastKnownFileType = image.png; path = "tattoo master_tShirt_violet.png"; sourceTree = "<group>"; };
		685D3170290598F1002FBC8D /* dancer_jacket_blue.png */ = {isa = PBXFileReference; lastKnownFileType = image.png; path = dancer_jacket_blue.png; sourceTree = "<group>"; };
		685D3172290598F1002FBC8D /* taxist_shirt_white.png */ = {isa = PBXFileReference; lastKnownFileType = image.png; path = taxist_shirt_white.png; sourceTree = "<group>"; };
		685D3173290598F1002FBC8D /* maid_pinafore_darkBlie.png */ = {isa = PBXFileReference; lastKnownFileType = image.png; path = maid_pinafore_darkBlie.png; sourceTree = "<group>"; };
		685D3174290598F1002FBC8D /* taxist_shirt_brown.png */ = {isa = PBXFileReference; lastKnownFileType = image.png; path = taxist_shirt_brown.png; sourceTree = "<group>"; };
		685D3175290598F1002FBC8D /* maid_pinafore_darkGreen.png */ = {isa = PBXFileReference; lastKnownFileType = image.png; path = maid_pinafore_darkGreen.png; sourceTree = "<group>"; };
		685D3176290598F1002FBC8D /* housemaid_apron_musturd.png */ = {isa = PBXFileReference; lastKnownFileType = image.png; path = housemaid_apron_musturd.png; sourceTree = "<group>"; };
		685D3177290598F1002FBC8D /* bartender_apron_frappuccino.png */ = {isa = PBXFileReference; lastKnownFileType = image.png; path = bartender_apron_frappuccino.png; sourceTree = "<group>"; };
		685D3178290598F1002FBC8D /* policeman_uniform_pink.png */ = {isa = PBXFileReference; lastKnownFileType = image.png; path = policeman_uniform_pink.png; sourceTree = "<group>"; };
		685D3179290598F1002FBC8D /* policeman_uniform_blue.png */ = {isa = PBXFileReference; lastKnownFileType = image.png; path = policeman_uniform_blue.png; sourceTree = "<group>"; };
		685D317A290598F1002FBC8D /* medicalGown_pink.png */ = {isa = PBXFileReference; lastKnownFileType = image.png; path = medicalGown_pink.png; sourceTree = "<group>"; };
		685D317B290598F1002FBC8D /* medicalGown_blue.png */ = {isa = PBXFileReference; lastKnownFileType = image.png; path = medicalGown_blue.png; sourceTree = "<group>"; };
		685D317C290598F1002FBC8D /* fireman_uniform_green.png */ = {isa = PBXFileReference; lastKnownFileType = image.png; path = fireman_uniform_green.png; sourceTree = "<group>"; };
		685D317D290598F1002FBC8D /* fireman_uniform_orange.png */ = {isa = PBXFileReference; lastKnownFileType = image.png; path = fireman_uniform_orange.png; sourceTree = "<group>"; };
		685D317E290598F1002FBC8D /* waistcoat_peach.png */ = {isa = PBXFileReference; lastKnownFileType = image.png; path = waistcoat_peach.png; sourceTree = "<group>"; };
		685D317F290598F1002FBC8D /* chef_jacket_peach.png */ = {isa = PBXFileReference; lastKnownFileType = image.png; path = chef_jacket_peach.png; sourceTree = "<group>"; };
		685D3180290598F1002FBC8D /* waistcoat_blue.png */ = {isa = PBXFileReference; lastKnownFileType = image.png; path = waistcoat_blue.png; sourceTree = "<group>"; };
		685D3181290598F1002FBC8D /* barista_apron_milk.png */ = {isa = PBXFileReference; lastKnownFileType = image.png; path = barista_apron_milk.png; sourceTree = "<group>"; };
		685D3182290598F1002FBC8D /* chef_jacket_blue.png */ = {isa = PBXFileReference; lastKnownFileType = image.png; path = chef_jacket_blue.png; sourceTree = "<group>"; };
		685D3183290598F1002FBC8D /* housemaid_apron_green.png */ = {isa = PBXFileReference; lastKnownFileType = image.png; path = housemaid_apron_green.png; sourceTree = "<group>"; };
		685D3185290598F1002FBC8D /* Mouth.json */ = {isa = PBXFileReference; fileEncoding = 4; lastKnownFileType = text.json; path = Mouth.json; sourceTree = "<group>"; };
		685D3186290598F1002FBC8D /* F1_mouth_4.png */ = {isa = PBXFileReference; lastKnownFileType = image.png; path = F1_mouth_4.png; sourceTree = "<group>"; };
		685D3187290598F1002FBC8D /* F1_mouth_5.png */ = {isa = PBXFileReference; lastKnownFileType = image.png; path = F1_mouth_5.png; sourceTree = "<group>"; };
		685D3188290598F1002FBC8D /* F1_mouth_2.png */ = {isa = PBXFileReference; lastKnownFileType = image.png; path = F1_mouth_2.png; sourceTree = "<group>"; };
		685D3189290598F1002FBC8D /* F1_mouth_3.png */ = {isa = PBXFileReference; lastKnownFileType = image.png; path = F1_mouth_3.png; sourceTree = "<group>"; };
		685D318A290598F1002FBC8D /* F1_mouth_1.png */ = {isa = PBXFileReference; lastKnownFileType = image.png; path = F1_mouth_1.png; sourceTree = "<group>"; };
		685D318D290598F1002FBC8D /* Outerwear.json */ = {isa = PBXFileReference; fileEncoding = 4; lastKnownFileType = text.json; path = Outerwear.json; sourceTree = "<group>"; };
		685D3193290598F1002FBC8D /* Facilities.json */ = {isa = PBXFileReference; fileEncoding = 4; lastKnownFileType = text.json; path = Facilities.json; sourceTree = "<group>"; };
		685D3194290598F1002FBC8D /* NFTGenerator.xcodeproj */ = {isa = PBXFileReference; lastKnownFileType = "wrapper.pb-project"; path = NFTGenerator.xcodeproj; sourceTree = "<group>"; };
		685D3198290598F1002FBC8D /* ViewController.swift */ = {isa = PBXFileReference; fileEncoding = 4; lastKnownFileType = sourcecode.swift; path = ViewController.swift; sourceTree = "<group>"; };
		685D3199290598F1002FBC8D /* NFTGenerator.entitlements */ = {isa = PBXFileReference; fileEncoding = 4; lastKnownFileType = text.plist.entitlements; path = NFTGenerator.entitlements; sourceTree = "<group>"; };
		685D319B290598F1002FBC8D /* AnyModel.swift */ = {isa = PBXFileReference; fileEncoding = 4; lastKnownFileType = sourcecode.swift; path = AnyModel.swift; sourceTree = "<group>"; };
		685D319D290598F1002FBC8D /* ArrayExtensions.swift */ = {isa = PBXFileReference; fileEncoding = 4; lastKnownFileType = sourcecode.swift; path = ArrayExtensions.swift; sourceTree = "<group>"; };
		685D319E290598F1002FBC8D /* StringExtensions.swift */ = {isa = PBXFileReference; fileEncoding = 4; lastKnownFileType = sourcecode.swift; path = StringExtensions.swift; sourceTree = "<group>"; };
		685D319F290598F1002FBC8D /* CIFilterExtension.swift */ = {isa = PBXFileReference; fileEncoding = 4; lastKnownFileType = sourcecode.swift; path = CIFilterExtension.swift; sourceTree = "<group>"; };
		685D31A1290598F1002FBC8D /* Asset.swift */ = {isa = PBXFileReference; fileEncoding = 4; lastKnownFileType = sourcecode.swift; path = Asset.swift; sourceTree = "<group>"; };
		685D31A2290598F1002FBC8D /* Assets.xcassets */ = {isa = PBXFileReference; lastKnownFileType = folder.assetcatalog; path = Assets.xcassets; sourceTree = "<group>"; };
		685D31A4290598F1002FBC8D /* Base */ = {isa = PBXFileReference; lastKnownFileType = file.storyboard; name = Base; path = Base.lproj/Main.storyboard; sourceTree = "<group>"; };
		685D31A5290598F1002FBC8D /* AppDelegate.swift */ = {isa = PBXFileReference; fileEncoding = 4; lastKnownFileType = sourcecode.swift; path = AppDelegate.swift; sourceTree = "<group>"; };
		685D31A6290598F1002FBC8D /* .gitignore */ = {isa = PBXFileReference; fileEncoding = 4; lastKnownFileType = text; path = .gitignore; sourceTree = "<group>"; };
		F1646E252872F3E2009B2FF9 /* NFTGenerator.app */ = {isa = PBXFileReference; explicitFileType = wrapper.application; includeInIndex = 0; path = NFTGenerator.app; sourceTree = BUILT_PRODUCTS_DIR; };
		F1646E282872F3E2009B2FF9 /* AppDelegate.swift */ = {isa = PBXFileReference; lastKnownFileType = sourcecode.swift; path = AppDelegate.swift; sourceTree = "<group>"; };
		F1646E2A2872F3E2009B2FF9 /* ViewController.swift */ = {isa = PBXFileReference; lastKnownFileType = sourcecode.swift; path = ViewController.swift; sourceTree = "<group>"; };
		F1646E2C2872F3E4009B2FF9 /* Assets.xcassets */ = {isa = PBXFileReference; lastKnownFileType = folder.assetcatalog; path = Assets.xcassets; sourceTree = "<group>"; };
		F1646E2F2872F3E4009B2FF9 /* Base */ = {isa = PBXFileReference; lastKnownFileType = file.storyboard; name = Base; path = Base.lproj/Main.storyboard; sourceTree = "<group>"; };
		F1646E312872F3E4009B2FF9 /* NFTGenerator.entitlements */ = {isa = PBXFileReference; lastKnownFileType = text.plist.entitlements; path = NFTGenerator.entitlements; sourceTree = "<group>"; };
		F1646E382872F873009B2FF9 /* AnyModel.swift */ = {isa = PBXFileReference; lastKnownFileType = sourcecode.swift; path = AnyModel.swift; sourceTree = "<group>"; };
		F1646E3B2872F892009B2FF9 /* StringExtensions.swift */ = {isa = PBXFileReference; lastKnownFileType = sourcecode.swift; path = StringExtensions.swift; sourceTree = "<group>"; };
		F1646E3E2872F8B9009B2FF9 /* Asset.swift */ = {isa = PBXFileReference; lastKnownFileType = sourcecode.swift; path = Asset.swift; sourceTree = "<group>"; };
		F1646E402872F8F9009B2FF9 /* ArrayExtensions.swift */ = {isa = PBXFileReference; lastKnownFileType = sourcecode.swift; path = ArrayExtensions.swift; sourceTree = "<group>"; };
		F17298C729059573008A97C4 /* Config.swift */ = {isa = PBXFileReference; lastKnownFileType = sourcecode.swift; path = Config.swift; sourceTree = "<group>"; };
		F17298C929059846008A97C4 /* Resource.swift */ = {isa = PBXFileReference; lastKnownFileType = sourcecode.swift; path = Resource.swift; sourceTree = "<group>"; };
		F17298CB29059868008A97C4 /* Tag.swift */ = {isa = PBXFileReference; lastKnownFileType = sourcecode.swift; path = Tag.swift; sourceTree = "<group>"; };
		F17298CD29059898008A97C4 /* UniqueIdentifier.swift */ = {isa = PBXFileReference; lastKnownFileType = sourcecode.swift; path = UniqueIdentifier.swift; sourceTree = "<group>"; };
		F17298CF290598C0008A97C4 /* LayerRarity.swift */ = {isa = PBXFileReference; lastKnownFileType = sourcecode.swift; path = LayerRarity.swift; sourceTree = "<group>"; };
		F17298D1290598E8008A97C4 /* LayerOrderNumber.swift */ = {isa = PBXFileReference; lastKnownFileType = sourcecode.swift; path = LayerOrderNumber.swift; sourceTree = "<group>"; };
		F17298D32905992B008A97C4 /* Tags.swift */ = {isa = PBXFileReference; lastKnownFileType = sourcecode.swift; path = Tags.swift; sourceTree = "<group>"; };
		F17298D529059947008A97C4 /* Attributes.swift */ = {isa = PBXFileReference; lastKnownFileType = sourcecode.swift; path = Attributes.swift; sourceTree = "<group>"; };
		F17298D72905997B008A97C4 /* AssetType.swift */ = {isa = PBXFileReference; lastKnownFileType = sourcecode.swift; path = AssetType.swift; sourceTree = "<group>"; };
		F17298D929059986008A97C4 /* AssetRarity.swift */ = {isa = PBXFileReference; lastKnownFileType = sourcecode.swift; path = AssetRarity.swift; sourceTree = "<group>"; };
		F17298DB29059C34008A97C4 /* ImageConfig.swift */ = {isa = PBXFileReference; lastKnownFileType = sourcecode.swift; path = ImageConfig.swift; sourceTree = "<group>"; };
/* End PBXFileReference section */

/* Begin PBXFrameworksBuildPhase section */
		F1646E222872F3E2009B2FF9 /* Frameworks */ = {
			isa = PBXFrameworksBuildPhase;
			buildActionMask = 2147483647;
			files = (
			);
			runOnlyForDeploymentPostprocessing = 0;
		};
/* End PBXFrameworksBuildPhase section */

/* Begin PBXGroup section */
		685D2F7C29058832002FBC8D /* assets_export */ = {
			isa = PBXGroup;
			children = (
				685D2F8929058832002FBC8D /* base_hand */,
				685D2F9229058832002FBC8D /* Config.json */,
				685D2F9329058832002FBC8D /* base_wings */,
				685D2FAD29058832002FBC8D /* base_body */,
				685D2FBC29058832002FBC8D /* base_background */,
				685D2FD429058832002FBC8D /* base_eyes */,
				685D2FEB29058832002FBC8D /* cloth */,
				685D303329058832002FBC8D /* base_mouth */,
			);
			path = assets_export;
			sourceTree = SOURCE_ROOT;
		};
		685D2F8929058832002FBC8D /* base_hand */ = {
			isa = PBXGroup;
			children = (
				685D2F8A29058832002FBC8D /* hand_black_2.png */,
				685D2F8B29058832002FBC8D /* hand_strng_yellow.png */,
				685D2F8C29058832002FBC8D /* hand_strng_perple.png */,
				685D2F8D29058832002FBC8D /* hand_white_1.png */,
				685D2F8E29058832002FBC8D /* hand_white_2.png */,
				685D2F8F29058832002FBC8D /* Hand.json */,
				685D2F9029058832002FBC8D /* hand_white_+1.png */,
				685D2F9129058832002FBC8D /* hand_strng_green.png */,
			);
			path = base_hand;
			sourceTree = "<group>";
		};
		685D30E3290598F1002FBC8D /* base_wings */ = {
			isa = PBXGroup;
			children = (
				685D30E4290598F1002FBC8D /* F1_wings_2_c.png */,
				685D30E5290598F1002FBC8D /* F1_wings_2_b.png */,
				685D30E6290598F1002FBC8D /* F1_wings_2_a.png */,
				685D30E7290598F1002FBC8D /* Wings.json */,
				685D30E8290598F1002FBC8D /* F1_wings_1_d.png */,
				685D30E9290598F1002FBC8D /* F1_wings_1_e.png */,
				685D30EA290598F1002FBC8D /* F1_wings_3_d.png */,
				685D30EB290598F1002FBC8D /* F1_wings_1_b.png */,
				685D30EC290598F1002FBC8D /* F1_wings_1_c.png */,
				685D30ED290598F1002FBC8D /* F1_wings_3_a.png */,
				685D30EE290598F1002FBC8D /* F1_wings_3_c.png */,
				685D30EF290598F1002FBC8D /* F1_wings_1_a.png */,
				685D30F0290598F1002FBC8D /* F1_wings_3_b.png */,
			);
			path = base_wings;
			sourceTree = "<group>";
		};
		685D2FAD29058832002FBC8D /* base_body */ = {
			isa = PBXGroup;
			children = (
				685D2FAE29058832002FBC8D /* body_strng_perple.png */,
				685D2FAF29058832002FBC8D /* body_white_2.png */,
				685D2FB029058832002FBC8D /* body_white_1.png */,
				685D2FB129058832002FBC8D /* body_strng_yellow.png */,
				685D2FB229058832002FBC8D /* body_black_2.png */,
				685D2FB329058832002FBC8D /* body_strng_green.png */,
				685D2FB429058832002FBC8D /* Body.json */,
				685D2FB529058832002FBC8D /* body_white_+1.png */,
			);
			path = base_body;
			sourceTree = "<group>";
		};
		685D2FBC29058832002FBC8D /* base_background */ = {
			isa = PBXGroup;
			children = (
				685D2FBD29058832002FBC8D /* FF7777.png */,
				685D2FBE29058832002FBC8D /* Background.json */,
				685D2FBF29058832002FBC8D /* q_background_8.png */,
				685D2FC029058832002FBC8D /* q_background_9.png */,
				685D2FC129058832002FBC8D /* E0C398.png */,
				685D2FC229058832002FBC8D /* q_background_10.png */,
				685D2FC329058832002FBC8D /* q_background_4.png */,
				685D2FC429058832002FBC8D /* q_background_5.png */,
				685D2FC529058832002FBC8D /* q_background_7.png */,
				685D2FC629058832002FBC8D /* 989FE0.png */,
				685D2FC729058832002FBC8D /* q_background_6.png */,
			);
			path = base_background;
			sourceTree = "<group>";
		};
		685D3119290598F1002FBC8D /* eyes accessory */ = {
			isa = PBXGroup;
			children = (
				685D311A290598F1002FBC8D /* handyman */,
				685D311B290598F1002FBC8D /* jailbird */,
				685D311C290598F1002FBC8D /* EyesAccesory.json */,
				685D311D290598F1002FBC8D /* office */,
				685D311E290598F1002FBC8D /* creative */,
				685D311F290598F1002FBC8D /* service */,
			);
			path = "eyes accessory";
			sourceTree = "<group>";
		};
		685D311A290598F1002FBC8D /* handyman */ = {
			isa = PBXGroup;
			children = (
			);
			path = handyman;
			sourceTree = "<group>";
		};
		685D311B290598F1002FBC8D /* jailbird */ = {
			isa = PBXGroup;
			children = (
			);
			path = jailbird;
			sourceTree = "<group>";
		};
		685D311D290598F1002FBC8D /* office */ = {
			isa = PBXGroup;
			children = (
			);
			path = office;
			sourceTree = "<group>";
		};
		685D311E290598F1002FBC8D /* creative */ = {
			isa = PBXGroup;
			children = (
			);
			path = creative;
			sourceTree = "<group>";
		};
		685D311F290598F1002FBC8D /* service */ = {
			isa = PBXGroup;
			children = (
			);
			path = service;
			sourceTree = "<group>";
		};
		685D3120290598F1002FBC8D /* face accessory */ = {
			isa = PBXGroup;
			children = (
				685D3121290598F1002FBC8D /* FaceAccesory.json */,
			);
			path = "face accessory";
			sourceTree = "<group>";
		};
		685D3122290598F1002FBC8D /* hat */ = {
			isa = PBXGroup;
			children = (
				685D3123290598F1002FBC8D /* Hat.json */,
			);
			path = hat;
			sourceTree = "<group>";
		};
		685D2FD429058832002FBC8D /* base_eyes */ = {
			isa = PBXGroup;
			children = (
				685D2FD529058832002FBC8D /* eyes_white_1_2.png */,
				685D2FD629058832002FBC8D /* eyes_white_1_3.png */,
				685D2FD729058832002FBC8D /* eyes_white_1_1.png */,
				685D2FD829058832002FBC8D /* eyes_strng_yellow_2.png */,
				685D2FD929058832002FBC8D /* eyes_strng_yellow_3.png */,
				685D2FDA29058832002FBC8D /* eyes_strng_yellow_1.png */,
				685D2FDB29058832002FBC8D /* eyes_white_2_3.png */,
				685D2FDC29058832002FBC8D /* eyes_strng_green_3.png */,
				685D2FDD29058832002FBC8D /* eyes_strng_green_2.png */,
				685D2FDE29058832002FBC8D /* eyes_white_2_2.png */,
				685D2FDF29058832002FBC8D /* eyes_black_2_1.png */,
				685D2FE029058832002FBC8D /* eyes_black_2_3.png */,
				685D2FE129058832002FBC8D /* eyes_strng_green_1.png */,
				685D2FE229058832002FBC8D /* eyes_white_2_1.png */,
				685D2FE329058832002FBC8D /* eyes_black_2_2.png */,
				685D2FE429058832002FBC8D /* eyes_white_+1_3.png */,
				685D2FE529058832002FBC8D /* eyes_white_+1_2.png */,
				685D2FE629058832002FBC8D /* eyes_white_+1_1.png */,
				685D2FE729058832002FBC8D /* eyes_strng_perple_1.png */,
				685D2FE829058832002FBC8D /* eyes_strng_perple_2.png */,
				685D2FE929058832002FBC8D /* eyes_strng_perple_3.png */,
				685D2FEA29058832002FBC8D /* Eye.json */,
			);
			path = base_eyes;
			sourceTree = "<group>";
		};
		685D313B290598F1002FBC8D /* cloth */ = {
			isa = PBXGroup;
			children = (
				685D313C290598F1002FBC8D /* handyman */,
				685D3147290598F1002FBC8D /* jailbird */,
				685D3150290598F1002FBC8D /* office */,
				685D3163290598F1002FBC8D /* Clothing.json */,
				685D3164290598F1002FBC8D /* creative */,
				685D3171290598F1002FBC8D /* service */,
			);
			path = cloth;
			sourceTree = "<group>";
		};
		685D313C290598F1002FBC8D /* handyman */ = {
			isa = PBXGroup;
			children = (
				685D313D290598F1002FBC8D /* plumber_overall_red.png */,
				685D313E290598F1002FBC8D /* uniform_tShirt_brown.png */,
				685D313F290598F1002FBC8D /* plumber_overall_violet.png */,
				685D3140290598F1002FBC8D /* uniform_shirt_brown.png */,
				685D3141290598F1002FBC8D /* builder_neonOrange_vest.png */,
				685D3142290598F1002FBC8D /* uniform_shirt_blue.png */,
				685D3143290598F1002FBC8D /* builder_neonGreen_vest.png */,
				685D3144290598F1002FBC8D /* uniform_tShirt_khaki.png */,
				685D3145290598F1002FBC8D /* uniform_tShirt_blue.png */,
				685D3146290598F1002FBC8D /* plumber_overall_babyBlue.png */,
			);
			path = handyman;
			sourceTree = "<group>";
		};
		685D3147290598F1002FBC8D /* jailbird */ = {
			isa = PBXGroup;
			children = (
				685D3148290598F1002FBC8D /* cellie_prisonOverall_grey.png */,
				685D3149290598F1002FBC8D /* funky_prisonJumpsuit_orange.png */,
				685D314A290598F1002FBC8D /* strapped_tornClothing_brown.png */,
				685D314B290598F1002FBC8D /* jailbird_sweatshirt_red.png */,
				685D314C290598F1002FBC8D /* cellie_prisonOverall_dark.png */,
				685D314D290598F1002FBC8D /* jailbird_sweatshirt_orange.png */,
				685D314E290598F1002FBC8D /* funky_prisonJumpsuit_grey.png */,
				685D314F290598F1002FBC8D /* strapped_tornClothing_orange.png */,
			);
			path = jailbird;
			sourceTree = "<group>";
		};
		685D3150290598F1002FBC8D /* office */ = {
			isa = PBXGroup;
			children = (
				685D3151290598F1002FBC8D /* jacket_green.png */,
				685D3152290598F1002FBC8D /* shirt_grey.png */,
				685D3153290598F1002FBC8D /* blouse_red.png */,
				685D3154290598F1002FBC8D /* shirt_brown.png */,
				685D3155290598F1002FBC8D /* suit_blue.png */,
				685D3156290598F1002FBC8D /* jacket_blue.png */,
				685D3157290598F1002FBC8D /* tShirt_grey.png */,
				685D3158290598F1002FBC8D /* sweater_blacknred.png */,
				685D3159290598F1002FBC8D /* sweater_Vibrant.png */,
				685D315A290598F1002FBC8D /* tShirt_milk.png */,
				685D315B290598F1002FBC8D /* suit_brown.png */,
				685D315C290598F1002FBC8D /* tShirt_blue.png */,
				685D315D290598F1002FBC8D /* tShirt_violet.png */,
				685D315E290598F1002FBC8D /* sweater_blacknwhite.png */,
				685D315F290598F1002FBC8D /* shirt_blue.png */,
				685D3160290598F1002FBC8D /* shirt_camel.png */,
				685D3161290598F1002FBC8D /* tShirt_brown.png */,
				685D3162290598F1002FBC8D /* tShirt_teal.png */,
			);
			path = office;
			sourceTree = "<group>";
		};
		685D3164290598F1002FBC8D /* creative */ = {
			isa = PBXGroup;
			children = (
				685D3165290598F1002FBC8D /* singer_dress_teal.png */,
				685D3166290598F1002FBC8D /* author_coat_brown.png */,
				685D3167290598F1002FBC8D /* rapper_longsleeve_blue.png */,
				685D3168290598F1002FBC8D /* tattoo master_tShirt_aegean.png */,
				685D3169290598F1002FBC8D /* dancer_jacket_orange.png */,
				685D316A290598F1002FBC8D /* rapper_longsleeve_purple.png */,
				685D316B290598F1002FBC8D /* sculptere_overall_clay.png */,
				685D316C290598F1002FBC8D /* painter_overall_ink.png */,
				685D316D290598F1002FBC8D /* singer_dress_red.png */,
				685D316E290598F1002FBC8D /* author_coat_beige.png */,
				685D316F290598F1002FBC8D /* tattoo master_tShirt_violet.png */,
				685D3170290598F1002FBC8D /* dancer_jacket_blue.png */,
			);
			path = creative;
			sourceTree = "<group>";
		};
		685D3171290598F1002FBC8D /* service */ = {
			isa = PBXGroup;
			children = (
				685D3172290598F1002FBC8D /* taxist_shirt_white.png */,
				685D3173290598F1002FBC8D /* maid_pinafore_darkBlie.png */,
				685D3174290598F1002FBC8D /* taxist_shirt_brown.png */,
				685D3175290598F1002FBC8D /* maid_pinafore_darkGreen.png */,
				685D3176290598F1002FBC8D /* housemaid_apron_musturd.png */,
				685D3177290598F1002FBC8D /* bartender_apron_frappuccino.png */,
				685D3178290598F1002FBC8D /* policeman_uniform_pink.png */,
				685D3179290598F1002FBC8D /* policeman_uniform_blue.png */,
				685D317A290598F1002FBC8D /* medicalGown_pink.png */,
				685D317B290598F1002FBC8D /* medicalGown_blue.png */,
				685D317C290598F1002FBC8D /* fireman_uniform_green.png */,
				685D317D290598F1002FBC8D /* fireman_uniform_orange.png */,
				685D317E290598F1002FBC8D /* waistcoat_peach.png */,
				685D317F290598F1002FBC8D /* chef_jacket_peach.png */,
				685D3180290598F1002FBC8D /* waistcoat_blue.png */,
				685D3181290598F1002FBC8D /* barista_apron_milk.png */,
				685D3182290598F1002FBC8D /* chef_jacket_blue.png */,
				685D3183290598F1002FBC8D /* housemaid_apron_green.png */,
			);
			path = service;
			sourceTree = "<group>";
		};
		685D3184290598F1002FBC8D /* base_mouth */ = {
			isa = PBXGroup;
			children = (
				685D3185290598F1002FBC8D /* Mouth.json */,
				685D3186290598F1002FBC8D /* F1_mouth_4.png */,
				685D3187290598F1002FBC8D /* F1_mouth_5.png */,
				685D3188290598F1002FBC8D /* F1_mouth_2.png */,
				685D3189290598F1002FBC8D /* F1_mouth_3.png */,
				685D318A290598F1002FBC8D /* F1_mouth_1.png */,
			);
			path = base_mouth;
			sourceTree = "<group>";
		};
		685D318B290598F1002FBC8D /* outerwear */ = {
			isa = PBXGroup;
			children = (
				685D318C290598F1002FBC8D /* handyman */,
				685D318D290598F1002FBC8D /* Outerwear.json */,
				685D318E290598F1002FBC8D /* jailbird */,
				685D318F290598F1002FBC8D /* office */,
				685D3190290598F1002FBC8D /* creative */,
				685D3191290598F1002FBC8D /* service */,
			);
			path = outerwear;
			sourceTree = "<group>";
		};
		685D318C290598F1002FBC8D /* handyman */ = {
			isa = PBXGroup;
			children = (
			);
			path = handyman;
			sourceTree = "<group>";
		};
		685D318E290598F1002FBC8D /* jailbird */ = {
			isa = PBXGroup;
			children = (
			);
			path = jailbird;
			sourceTree = "<group>";
		};
		685D318F290598F1002FBC8D /* office */ = {
			isa = PBXGroup;
			children = (
			);
			path = office;
			sourceTree = "<group>";
		};
		685D3190290598F1002FBC8D /* creative */ = {
			isa = PBXGroup;
			children = (
			);
			path = creative;
			sourceTree = "<group>";
		};
		685D3191290598F1002FBC8D /* service */ = {
			isa = PBXGroup;
			children = (
			);
			path = service;
			sourceTree = "<group>";
		};
		F1646E1C2872F3E2009B2FF9 = {
			isa = PBXGroup;
			children = (
				F1646E272872F3E2009B2FF9 /* NFTGenerator */,
				F1646E262872F3E2009B2FF9 /* Products */,
			);
			path = facilities;
			sourceTree = "<group>";
		};
		685D3195290598F1002FBC8D /* Products */ = {
			isa = PBXGroup;
			name = Products;
			sourceTree = "<group>";
		};
		685D3197290598F1002FBC8D /* NFTGenerator */ = {
			isa = PBXGroup;
			children = (
				685D3198290598F1002FBC8D /* ViewController.swift */,
				685D3199290598F1002FBC8D /* NFTGenerator.entitlements */,
				685D319A290598F1002FBC8D /* Source */,
				685D31A2290598F1002FBC8D /* Assets.xcassets */,
				685D31A3290598F1002FBC8D /* Main.storyboard */,
				685D31A5290598F1002FBC8D /* AppDelegate.swift */,
			);
			path = NFTGenerator;
			sourceTree = "<group>";
		};
		685D319A290598F1002FBC8D /* Source */ = {
			isa = PBXGroup;
			children = (
				685D319B290598F1002FBC8D /* AnyModel.swift */,
				685D319C290598F1002FBC8D /* Extensions */,
				685D31A0290598F1002FBC8D /* Entities */,
			);
			path = Source;
			sourceTree = "<group>";
		};
		685D319C290598F1002FBC8D /* Extensions */ = {
			isa = PBXGroup;
			children = (
				685D319D290598F1002FBC8D /* ArrayExtensions.swift */,
				685D319E290598F1002FBC8D /* StringExtensions.swift */,
				685D319F290598F1002FBC8D /* CIFilterExtension.swift */,
			);
			path = Extensions;
			sourceTree = "<group>";
		};
		685D31A0290598F1002FBC8D /* Entities */ = {
			isa = PBXGroup;
			children = (
				F17298C729059573008A97C4 /* Config.swift */,
				F1646E3E2872F8B9009B2FF9 /* Asset.swift */,
				F17298D72905997B008A97C4 /* AssetType.swift */,
				F17298D929059986008A97C4 /* AssetRarity.swift */,
				F17298D529059947008A97C4 /* Attributes.swift */,
				F17298C929059846008A97C4 /* Resource.swift */,
				F17298CB29059868008A97C4 /* Tag.swift */,
				F17298D32905992B008A97C4 /* Tags.swift */,
				F17298CD29059898008A97C4 /* UniqueIdentifier.swift */,
				F17298CF290598C0008A97C4 /* LayerRarity.swift */,
				F17298D1290598E8008A97C4 /* LayerOrderNumber.swift */,
				F17298DB29059C34008A97C4 /* ImageConfig.swift */,
			);
			path = Entities;
			sourceTree = "<group>";
		};
		F1646E1C2872F3E2009B2FF9 = {
			isa = PBXGroup;
			children = (
				685D30C7290598F1002FBC8D /* NFTGenerator */,
				F1646E262872F3E2009B2FF9 /* Products */,
			);
			sourceTree = "<group>";
		};
		F1646E262872F3E2009B2FF9 /* Products */ = {
			isa = PBXGroup;
			children = (
				F1646E252872F3E2009B2FF9 /* NFTGenerator.app */,
			);
			name = Products;
			sourceTree = "<group>";
		};
/* End PBXGroup section */

/* Begin PBXNativeTarget section */
		F1646E242872F3E2009B2FF9 /* NFTGenerator */ = {
			isa = PBXNativeTarget;
			buildConfigurationList = F1646E342872F3E4009B2FF9 /* Build configuration list for PBXNativeTarget "NFTGenerator" */;
			buildPhases = (
				F1646E212872F3E2009B2FF9 /* Sources */,
				F1646E222872F3E2009B2FF9 /* Frameworks */,
				F1646E232872F3E2009B2FF9 /* Resources */,
			);
			buildRules = (
			);
			dependencies = (
			);
			name = NFTGenerator;
			productName = NFTGenerator;
			productReference = F1646E252872F3E2009B2FF9 /* NFTGenerator.app */;
			productType = "com.apple.product-type.application";
		};
/* End PBXNativeTarget section */

/* Begin PBXProject section */
		F1646E1D2872F3E2009B2FF9 /* Project object */ = {
			isa = PBXProject;
			attributes = {
				BuildIndependentTargetsInParallel = 1;
				LastSwiftUpdateCheck = 1340;
				LastUpgradeCheck = 1340;
				TargetAttributes = {
					F1646E242872F3E2009B2FF9 = {
						CreatedOnToolsVersion = 13.4.1;
					};
				};
			};
			buildConfigurationList = F1646E202872F3E2009B2FF9 /* Build configuration list for PBXProject "NFTGenerator" */;
			compatibilityVersion = "Xcode 13.0";
			developmentRegion = en;
			hasScannedForEncodings = 0;
			knownRegions = (
				en,
				Base,
			);
			mainGroup = F1646E1C2872F3E2009B2FF9;
			productRefGroup = F1646E262872F3E2009B2FF9 /* Products */;
			projectDirPath = "";
			projectReferences = (
				{
					ProductGroup = 685D3195290598F1002FBC8D /* Products */;
					ProjectRef = 685D3194290598F1002FBC8D /* NFTGenerator.xcodeproj */;
				},
			);
			projectRoot = "";
			targets = (
				F1646E242872F3E2009B2FF9 /* NFTGenerator */,
			);
		};
/* End PBXProject section */

/* Begin PBXResourcesBuildPhase section */
		F1646E232872F3E2009B2FF9 /* Resources */ = {
			isa = PBXResourcesBuildPhase;
			buildActionMask = 2147483647;
			files = (
				685D31F1290598F1002FBC8D /* plumber_overall_red.png in Resources */,
				685D31E0290598F1002FBC8D /* eyes_strng_yellow_3.png in Resources */,
				685D321C290598F1002FBC8D /* sculptere_overall_clay.png in Resources */,
				685D31E1290598F1002FBC8D /* eyes_strng_yellow_1.png in Resources */,
				685D31AD290598F1002FBC8D /* hand_white_1.png in Resources */,
				685D31EB290598F1002FBC8D /* eyes_white_+1_3.png in Resources */,
				685D31E4290598F1002FBC8D /* eyes_strng_green_2.png in Resources */,
				685D31BE290598F1002FBC8D /* F1_wings_1_a.png in Resources */,
				685D31F8290598F1002FBC8D /* uniform_tShirt_khaki.png in Resources */,
				685D321F290598F1002FBC8D /* author_coat_beige.png in Resources */,
				685D31FF290598F1002FBC8D /* cellie_prisonOverall_dark.png in Resources */,
				685D31BF290598F1002FBC8D /* F1_wings_3_b.png in Resources */,
				685D320C290598F1002FBC8D /* tShirt_milk.png in Resources */,
				685D3229290598F1002FBC8D /* policeman_uniform_blue.png in Resources */,
				685D31CC290598F1002FBC8D /* Hair.json in Resources */,
				685D31F6290598F1002FBC8D /* uniform_shirt_blue.png in Resources */,
				685D31C0290598F1002FBC8D /* HandAccessory.json in Resources */,
				685D31EF290598F1002FBC8D /* eyes_strng_perple_2.png in Resources */,
				685D31D7290598F1002FBC8D /* q_background_6.png in Resources */,
				685D3237290598F1002FBC8D /* F1_mouth_2.png in Resources */,
				685D31C8290598F1002FBC8D /* body_strng_green.png in Resources */,
				685D3203290598F1002FBC8D /* jacket_green.png in Resources */,
				685D31B8290598F1002FBC8D /* F1_wings_1_e.png in Resources */,
				685D31EE290598F1002FBC8D /* eyes_strng_perple_1.png in Resources */,
				685D3219290598F1002FBC8D /* tattoo master_tShirt_aegean.png in Resources */,
				685D3206290598F1002FBC8D /* shirt_brown.png in Resources */,
				685D3218290598F1002FBC8D /* rapper_longsleeve_blue.png in Resources */,
				685D3228290598F1002FBC8D /* policeman_uniform_pink.png in Resources */,
				685D31D4290598F1002FBC8D /* q_background_5.png in Resources */,
				685D3213290598F1002FBC8D /* tShirt_brown.png in Resources */,
				685D3222290598F1002FBC8D /* taxist_shirt_white.png in Resources */,
				685D31BA290598F1002FBC8D /* F1_wings_1_b.png in Resources */,
				685D31C4290598F1002FBC8D /* body_white_2.png in Resources */,
				685D31DB290598F1002FBC8D /* eyes_white_1_2.png in Resources */,
				685D3220290598F1002FBC8D /* tattoo master_tShirt_violet.png in Resources */,
				685D321A290598F1002FBC8D /* dancer_jacket_orange.png in Resources */,
				685D3238290598F1002FBC8D /* F1_mouth_3.png in Resources */,
				685D31F0290598F1002FBC8D /* eyes_strng_perple_3.png in Resources */,
				685D31F5290598F1002FBC8D /* builder_neonOrange_vest.png in Resources */,
				685D3232290598F1002FBC8D /* chef_jacket_blue.png in Resources */,
				685D31E2290598F1002FBC8D /* eyes_white_2_3.png in Resources */,
				685D322A290598F1002FBC8D /* medicalGown_pink.png in Resources */,
				685D3236290598F1002FBC8D /* F1_mouth_5.png in Resources */,
				685D31E9290598F1002FBC8D /* eyes_white_2_1.png in Resources */,
				685D31CD290598F1002FBC8D /* FF7777.png in Resources */,
				685D3205290598F1002FBC8D /* blouse_red.png in Resources */,
				685D31D3290598F1002FBC8D /* q_background_4.png in Resources */,
				685D3207290598F1002FBC8D /* suit_blue.png in Resources */,
				685D31B2290598F1002FBC8D /* Config.json in Resources */,
				685D31A7290598F1002FBC8D /* ClothAccessory.json in Resources */,
				685D31A9290598F1002FBC8D /* FaceHair.json in Resources */,
				685D3230290598F1002FBC8D /* waistcoat_blue.png in Resources */,
				685D31E5290598F1002FBC8D /* eyes_white_2_2.png in Resources */,
				685D31FD290598F1002FBC8D /* strapped_tornClothing_brown.png in Resources */,
				685D3214290598F1002FBC8D /* tShirt_teal.png in Resources */,
				685D31B9290598F1002FBC8D /* F1_wings_3_d.png in Resources */,
				685D31DA290598F1002FBC8D /* Hat.json in Resources */,
				685D31DE290598F1002FBC8D /* eyes_white_1_1.png in Resources */,
				685D322E290598F1002FBC8D /* waistcoat_peach.png in Resources */,
				685D3212290598F1002FBC8D /* shirt_camel.png in Resources */,
				685D322D290598F1002FBC8D /* fireman_uniform_orange.png in Resources */,
				685D3223290598F1002FBC8D /* maid_pinafore_darkBlie.png in Resources */,
				685D31C5290598F1002FBC8D /* body_white_1.png in Resources */,
				685D321E290598F1002FBC8D /* singer_dress_red.png in Resources */,
				685D31CA290598F1002FBC8D /* body_white_+1.png in Resources */,
				685D321B290598F1002FBC8D /* rapper_longsleeve_purple.png in Resources */,
				685D31D6290598F1002FBC8D /* 989FE0.png in Resources */,
				685D31A8290598F1002FBC8D /* ForearmAccessory.json in Resources */,
				685D31DC290598F1002FBC8D /* Eyes.json in Resources */,
				685D31D0290598F1002FBC8D /* q_background_9.png in Resources */,
				685D31B1290598F1002FBC8D /* hand_strng_green.png in Resources */,
				685D31EC290598F1002FBC8D /* eyes_white_+1_2.png in Resources */,
				685D31BC290598F1002FBC8D /* F1_wings_3_a.png in Resources */,
				685D3226290598F1002FBC8D /* housemaid_apron_musturd.png in Resources */,
				685D31CF290598F1002FBC8D /* q_background_8.png in Resources */,
				685D3202290598F1002FBC8D /* strapped_tornClothing_orange.png in Resources */,
				685D3209290598F1002FBC8D /* tShirt_grey.png in Resources */,
				685D3235290598F1002FBC8D /* F1_mouth_4.png in Resources */,
				685D31D9290598F1002FBC8D /* FaceAccesory.json in Resources */,
				685D31DD290598F1002FBC8D /* eyes_white_1_3.png in Resources */,
				685D31EA290598F1002FBC8D /* eyes_black_2_2.png in Resources */,
				685D31BD290598F1002FBC8D /* F1_wings_3_c.png in Resources */,
				685D321D290598F1002FBC8D /* painter_overall_ink.png in Resources */,
				685D31F7290598F1002FBC8D /* builder_neonGreen_vest.png in Resources */,
				685D3215290598F1002FBC8D /* Clothing.json in Resources */,
				685D31DF290598F1002FBC8D /* eyes_strng_yellow_2.png in Resources */,
				685D31D2290598F1002FBC8D /* q_background_10.png in Resources */,
				685D322C290598F1002FBC8D /* fireman_uniform_green.png in Resources */,
				685D31B0290598F1002FBC8D /* hand_white_+1.png in Resources */,
				685D31B5290598F1002FBC8D /* F1_wings_2_a.png in Resources */,
				685D31AC290598F1002FBC8D /* hand_strng_perple.png in Resources */,
				685D31F9290598F1002FBC8D /* uniform_tShirt_blue.png in Resources */,
				685D31E3290598F1002FBC8D /* eyes_strng_green_3.png in Resources */,
				685D3216290598F1002FBC8D /* singer_dress_teal.png in Resources */,
				685D31ED290598F1002FBC8D /* eyes_white_+1_1.png in Resources */,
				685D3204290598F1002FBC8D /* shirt_grey.png in Resources */,
				685D31B7290598F1002FBC8D /* F1_wings_1_d.png in Resources */,
				685D31BB290598F1002FBC8D /* F1_wings_1_c.png in Resources */,
				685D31AA290598F1002FBC8D /* hand_black_2.png in Resources */,
				685D31B6290598F1002FBC8D /* Wings.json in Resources */,
				685D3208290598F1002FBC8D /* jacket_blue.png in Resources */,
				685D31FE290598F1002FBC8D /* jailbird_sweatshirt_red.png in Resources */,
				685D320A290598F1002FBC8D /* sweater_blacknred.png in Resources */,
				685D31C2290598F1002FBC8D /* HandTattoo.json in Resources */,
				685D3201290598F1002FBC8D /* funky_prisonJumpsuit_grey.png in Resources */,
				685D31E8290598F1002FBC8D /* eyes_strng_green_1.png in Resources */,
				685D31E7290598F1002FBC8D /* eyes_black_2_3.png in Resources */,
				685D31C3290598F1002FBC8D /* body_strng_perple.png in Resources */,
				685D31B4290598F1002FBC8D /* F1_wings_2_b.png in Resources */,
				685D3224290598F1002FBC8D /* taxist_shirt_brown.png in Resources */,
				685D31CB290598F1002FBC8D /* NeckAccesory.json in Resources */,
				685D3211290598F1002FBC8D /* shirt_blue.png in Resources */,
				685D320B290598F1002FBC8D /* sweater_Vibrant.png in Resources */,
				685D31FA290598F1002FBC8D /* plumber_overall_babyBlue.png in Resources */,
				685D3231290598F1002FBC8D /* barista_apron_milk.png in Resources */,
				685D31CE290598F1002FBC8D /* Background.json in Resources */,
				685D31C1290598F1002FBC8D /* Tatto.json in Resources */,
				685D31D1290598F1002FBC8D /* E0C398.png in Resources */,
				685D322F290598F1002FBC8D /* chef_jacket_peach.png in Resources */,
				685D31FB290598F1002FBC8D /* cellie_prisonOverall_grey.png in Resources */,
				685D320E290598F1002FBC8D /* tShirt_blue.png in Resources */,
				685D31AF290598F1002FBC8D /* Hand.json in Resources */,
				685D31F3290598F1002FBC8D /* plumber_overall_violet.png in Resources */,
				685D320D290598F1002FBC8D /* suit_brown.png in Resources */,
				685D3242290598F1002FBC8D /* Assets.xcassets in Resources */,
				685D31D5290598F1002FBC8D /* q_background_7.png in Resources */,
				685D3210290598F1002FBC8D /* sweater_blacknwhite.png in Resources */,
				685D3200290598F1002FBC8D /* jailbird_sweatshirt_orange.png in Resources */,
				685D31E6290598F1002FBC8D /* eyes_black_2_1.png in Resources */,
				685D3233290598F1002FBC8D /* housemaid_apron_green.png in Resources */,
				685D31AB290598F1002FBC8D /* hand_strng_yellow.png in Resources */,
				685D31D8290598F1002FBC8D /* EyesAccesory.json in Resources */,
				685D31AE290598F1002FBC8D /* hand_white_2.png in Resources */,
				685D323A290598F1002FBC8D /* Outerwear.json in Resources */,
				685D31C9290598F1002FBC8D /* Body.json in Resources */,
				685D31C6290598F1002FBC8D /* body_strng_yellow.png in Resources */,
				685D3227290598F1002FBC8D /* bartender_apron_frappuccino.png in Resources */,
				685D31C7290598F1002FBC8D /* body_black_2.png in Resources */,
				685D31B3290598F1002FBC8D /* F1_wings_2_c.png in Resources */,
				685D322B290598F1002FBC8D /* medicalGown_blue.png in Resources */,
				685D31F4290598F1002FBC8D /* uniform_shirt_brown.png in Resources */,
				685D3225290598F1002FBC8D /* maid_pinafore_darkGreen.png in Resources */,
				685D3239290598F1002FBC8D /* F1_mouth_1.png in Resources */,
				685D320F290598F1002FBC8D /* tShirt_violet.png in Resources */,
				685D3245290598F1002FBC8D /* .gitignore in Resources */,
				685D323B290598F1002FBC8D /* Facilities.json in Resources */,
				685D3243290598F1002FBC8D /* Main.storyboard in Resources */,
				685D3217290598F1002FBC8D /* author_coat_brown.png in Resources */,
				685D31F2290598F1002FBC8D /* uniform_tShirt_brown.png in Resources */,
				685D3221290598F1002FBC8D /* dancer_jacket_blue.png in Resources */,
				685D31FC290598F1002FBC8D /* funky_prisonJumpsuit_orange.png in Resources */,
				685D3234290598F1002FBC8D /* Mouth.json in Resources */,
			);
			runOnlyForDeploymentPostprocessing = 0;
		};
/* End PBXResourcesBuildPhase section */

/* Begin PBXSourcesBuildPhase section */
		F1646E212872F3E2009B2FF9 /* Sources */ = {
			isa = PBXSourcesBuildPhase;
			buildActionMask = 2147483647;
			files = (
				F17298CA29059846008A97C4 /* Resource.swift in Sources */,
				F17298DA29059986008A97C4 /* AssetRarity.swift in Sources */,
				F1646E3C2872F892009B2FF9 /* StringExtensions.swift in Sources */,
				F17298D42905992B008A97C4 /* Tags.swift in Sources */,
				F17298CC29059868008A97C4 /* Tag.swift in Sources */,
				F1646E412872F8F9009B2FF9 /* ArrayExtensions.swift in Sources */,
				F17298D2290598E8008A97C4 /* LayerOrderNumber.swift in Sources */,
				F1646E2B2872F3E2009B2FF9 /* ViewController.swift in Sources */,
				F1646E3F2872F8B9009B2FF9 /* Asset.swift in Sources */,
				F17298DC29059C34008A97C4 /* ImageConfig.swift in Sources */,
				F17298CE29059898008A97C4 /* UniqueIdentifier.swift in Sources */,
				F125D08E2873296600049427 /* CIFilterExtension.swift in Sources */,
				F17298D0290598C0008A97C4 /* LayerRarity.swift in Sources */,
				F17298C829059573008A97C4 /* Config.swift in Sources */,
				F17298D82905997B008A97C4 /* AssetType.swift in Sources */,
				F1646E292872F3E2009B2FF9 /* AppDelegate.swift in Sources */,
				F17298D629059947008A97C4 /* Attributes.swift in Sources */,
				F1646E392872F873009B2FF9 /* AnyModel.swift in Sources */,
			);
			runOnlyForDeploymentPostprocessing = 0;
		};
/* End PBXSourcesBuildPhase section */

/* Begin PBXVariantGroup section */
		685D31A3290598F1002FBC8D /* Main.storyboard */ = {
			isa = PBXVariantGroup;
			children = (
				685D31A4290598F1002FBC8D /* Base */,
			);
			name = Main.storyboard;
			sourceTree = "<group>";
		};
/* End PBXVariantGroup section */

/* Begin XCBuildConfiguration section */
		F1646E322872F3E4009B2FF9 /* Debug */ = {
			isa = XCBuildConfiguration;
			buildSettings = {
				ALWAYS_SEARCH_USER_PATHS = NO;
				CLANG_ANALYZER_NONNULL = YES;
				CLANG_ANALYZER_NUMBER_OBJECT_CONVERSION = YES_AGGRESSIVE;
				CLANG_CXX_LANGUAGE_STANDARD = "gnu++17";
				CLANG_ENABLE_MODULES = YES;
				CLANG_ENABLE_OBJC_ARC = YES;
				CLANG_ENABLE_OBJC_WEAK = YES;
				CLANG_WARN_BLOCK_CAPTURE_AUTORELEASING = YES;
				CLANG_WARN_BOOL_CONVERSION = YES;
				CLANG_WARN_COMMA = YES;
				CLANG_WARN_CONSTANT_CONVERSION = YES;
				CLANG_WARN_DEPRECATED_OBJC_IMPLEMENTATIONS = YES;
				CLANG_WARN_DIRECT_OBJC_ISA_USAGE = YES_ERROR;
				CLANG_WARN_DOCUMENTATION_COMMENTS = YES;
				CLANG_WARN_EMPTY_BODY = YES;
				CLANG_WARN_ENUM_CONVERSION = YES;
				CLANG_WARN_INFINITE_RECURSION = YES;
				CLANG_WARN_INT_CONVERSION = YES;
				CLANG_WARN_NON_LITERAL_NULL_CONVERSION = YES;
				CLANG_WARN_OBJC_IMPLICIT_RETAIN_SELF = YES;
				CLANG_WARN_OBJC_LITERAL_CONVERSION = YES;
				CLANG_WARN_OBJC_ROOT_CLASS = YES_ERROR;
				CLANG_WARN_QUOTED_INCLUDE_IN_FRAMEWORK_HEADER = YES;
				CLANG_WARN_RANGE_LOOP_ANALYSIS = YES;
				CLANG_WARN_STRICT_PROTOTYPES = YES;
				CLANG_WARN_SUSPICIOUS_MOVE = YES;
				CLANG_WARN_UNGUARDED_AVAILABILITY = YES_AGGRESSIVE;
				CLANG_WARN_UNREACHABLE_CODE = YES;
				CLANG_WARN__DUPLICATE_METHOD_MATCH = YES;
				COPY_PHASE_STRIP = NO;
				DEBUG_INFORMATION_FORMAT = dwarf;
				ENABLE_STRICT_OBJC_MSGSEND = YES;
				ENABLE_TESTABILITY = YES;
				GCC_C_LANGUAGE_STANDARD = gnu11;
				GCC_DYNAMIC_NO_PIC = NO;
				GCC_NO_COMMON_BLOCKS = YES;
				GCC_OPTIMIZATION_LEVEL = 0;
				GCC_PREPROCESSOR_DEFINITIONS = (
					"DEBUG=1",
					"$(inherited)",
				);
				GCC_WARN_64_TO_32_BIT_CONVERSION = YES;
				GCC_WARN_ABOUT_RETURN_TYPE = YES_ERROR;
				GCC_WARN_UNDECLARED_SELECTOR = YES;
				GCC_WARN_UNINITIALIZED_AUTOS = YES_AGGRESSIVE;
				GCC_WARN_UNUSED_FUNCTION = YES;
				GCC_WARN_UNUSED_VARIABLE = YES;
				MACOSX_DEPLOYMENT_TARGET = 12.3;
				MTL_ENABLE_DEBUG_INFO = INCLUDE_SOURCE;
				MTL_FAST_MATH = YES;
				ONLY_ACTIVE_ARCH = YES;
				SDKROOT = macosx;
				SWIFT_ACTIVE_COMPILATION_CONDITIONS = DEBUG;
				SWIFT_OPTIMIZATION_LEVEL = "-Onone";
			};
			name = Debug;
		};
		F1646E332872F3E4009B2FF9 /* Release */ = {
			isa = XCBuildConfiguration;
			buildSettings = {
				ALWAYS_SEARCH_USER_PATHS = NO;
				CLANG_ANALYZER_NONNULL = YES;
				CLANG_ANALYZER_NUMBER_OBJECT_CONVERSION = YES_AGGRESSIVE;
				CLANG_CXX_LANGUAGE_STANDARD = "gnu++17";
				CLANG_ENABLE_MODULES = YES;
				CLANG_ENABLE_OBJC_ARC = YES;
				CLANG_ENABLE_OBJC_WEAK = YES;
				CLANG_WARN_BLOCK_CAPTURE_AUTORELEASING = YES;
				CLANG_WARN_BOOL_CONVERSION = YES;
				CLANG_WARN_COMMA = YES;
				CLANG_WARN_CONSTANT_CONVERSION = YES;
				CLANG_WARN_DEPRECATED_OBJC_IMPLEMENTATIONS = YES;
				CLANG_WARN_DIRECT_OBJC_ISA_USAGE = YES_ERROR;
				CLANG_WARN_DOCUMENTATION_COMMENTS = YES;
				CLANG_WARN_EMPTY_BODY = YES;
				CLANG_WARN_ENUM_CONVERSION = YES;
				CLANG_WARN_INFINITE_RECURSION = YES;
				CLANG_WARN_INT_CONVERSION = YES;
				CLANG_WARN_NON_LITERAL_NULL_CONVERSION = YES;
				CLANG_WARN_OBJC_IMPLICIT_RETAIN_SELF = YES;
				CLANG_WARN_OBJC_LITERAL_CONVERSION = YES;
				CLANG_WARN_OBJC_ROOT_CLASS = YES_ERROR;
				CLANG_WARN_QUOTED_INCLUDE_IN_FRAMEWORK_HEADER = YES;
				CLANG_WARN_RANGE_LOOP_ANALYSIS = YES;
				CLANG_WARN_STRICT_PROTOTYPES = YES;
				CLANG_WARN_SUSPICIOUS_MOVE = YES;
				CLANG_WARN_UNGUARDED_AVAILABILITY = YES_AGGRESSIVE;
				CLANG_WARN_UNREACHABLE_CODE = YES;
				CLANG_WARN__DUPLICATE_METHOD_MATCH = YES;
				COPY_PHASE_STRIP = NO;
				DEBUG_INFORMATION_FORMAT = "dwarf-with-dsym";
				ENABLE_NS_ASSERTIONS = NO;
				ENABLE_STRICT_OBJC_MSGSEND = YES;
				GCC_C_LANGUAGE_STANDARD = gnu11;
				GCC_NO_COMMON_BLOCKS = YES;
				GCC_WARN_64_TO_32_BIT_CONVERSION = YES;
				GCC_WARN_ABOUT_RETURN_TYPE = YES_ERROR;
				GCC_WARN_UNDECLARED_SELECTOR = YES;
				GCC_WARN_UNINITIALIZED_AUTOS = YES_AGGRESSIVE;
				GCC_WARN_UNUSED_FUNCTION = YES;
				GCC_WARN_UNUSED_VARIABLE = YES;
				MACOSX_DEPLOYMENT_TARGET = 12.3;
				MTL_ENABLE_DEBUG_INFO = NO;
				MTL_FAST_MATH = YES;
				SDKROOT = macosx;
				SWIFT_COMPILATION_MODE = wholemodule;
				SWIFT_OPTIMIZATION_LEVEL = "-O";
			};
			name = Release;
		};
		F1646E352872F3E4009B2FF9 /* Debug */ = {
			isa = XCBuildConfiguration;
			buildSettings = {
				ASSETCATALOG_COMPILER_APPICON_NAME = AppIcon;
				ASSETCATALOG_COMPILER_GLOBAL_ACCENT_COLOR_NAME = AccentColor;
				CODE_SIGN_ENTITLEMENTS = NFTGenerator/NFTGenerator.entitlements;
				CODE_SIGN_STYLE = Automatic;
				COMBINE_HIDPI_IMAGES = YES;
				CURRENT_PROJECT_VERSION = 1;
				DEVELOPMENT_TEAM = QF9TKHN83N;
				ENABLE_HARDENED_RUNTIME = YES;
				GCC_OPTIMIZATION_LEVEL = 0;
				GENERATE_INFOPLIST_FILE = YES;
				INFOPLIST_KEY_NSHumanReadableCopyright = "";
				INFOPLIST_KEY_NSMainStoryboardFile = Main;
				INFOPLIST_KEY_NSPrincipalClass = NSApplication;
				LD_RUNPATH_SEARCH_PATHS = (
					"$(inherited)",
					"@executable_path/../Frameworks",
				);
				MARKETING_VERSION = 1.0;
				PRODUCT_BUNDLE_IDENTIFIER = com.fairies.NFTGenerator;
				PRODUCT_NAME = "$(TARGET_NAME)";
				SWIFT_COMPILATION_MODE = wholemodule;
				SWIFT_EMIT_LOC_STRINGS = YES;
				SWIFT_OPTIMIZATION_LEVEL = "-Onone";
				SWIFT_VERSION = 5.0;
			};
			name = Debug;
		};
		F1646E362872F3E4009B2FF9 /* Release */ = {
			isa = XCBuildConfiguration;
			buildSettings = {
				ASSETCATALOG_COMPILER_APPICON_NAME = AppIcon;
				ASSETCATALOG_COMPILER_GLOBAL_ACCENT_COLOR_NAME = AccentColor;
				CODE_SIGN_ENTITLEMENTS = NFTGenerator/NFTGenerator.entitlements;
				CODE_SIGN_STYLE = Automatic;
				COMBINE_HIDPI_IMAGES = YES;
				CURRENT_PROJECT_VERSION = 1;
				DEBUG_INFORMATION_FORMAT = dwarf;
				DEVELOPMENT_TEAM = QF9TKHN83N;
				ENABLE_HARDENED_RUNTIME = YES;
				GCC_OPTIMIZATION_LEVEL = 3;
				GENERATE_INFOPLIST_FILE = YES;
				INFOPLIST_KEY_NSHumanReadableCopyright = "";
				INFOPLIST_KEY_NSMainStoryboardFile = Main;
				INFOPLIST_KEY_NSPrincipalClass = NSApplication;
				LD_RUNPATH_SEARCH_PATHS = (
					"$(inherited)",
					"@executable_path/../Frameworks",
				);
				MARKETING_VERSION = 1.0;
				PRODUCT_BUNDLE_IDENTIFIER = com.fairies.NFTGenerator;
				PRODUCT_NAME = "$(TARGET_NAME)";
				SWIFT_EMIT_LOC_STRINGS = YES;
				SWIFT_VERSION = 5.0;
			};
			name = Release;
		};
/* End XCBuildConfiguration section */

/* Begin XCConfigurationList section */
		F1646E202872F3E2009B2FF9 /* Build configuration list for PBXProject "NFTGenerator" */ = {
			isa = XCConfigurationList;
			buildConfigurations = (
				F1646E322872F3E4009B2FF9 /* Debug */,
				F1646E332872F3E4009B2FF9 /* Release */,
			);
			defaultConfigurationIsVisible = 0;
			defaultConfigurationName = Release;
		};
		F1646E342872F3E4009B2FF9 /* Build configuration list for PBXNativeTarget "NFTGenerator" */ = {
			isa = XCConfigurationList;
			buildConfigurations = (
				F1646E352872F3E4009B2FF9 /* Debug */,
				F1646E362872F3E4009B2FF9 /* Release */,
			);
			defaultConfigurationIsVisible = 0;
			defaultConfigurationName = Release;
		};
/* End XCConfigurationList section */
	};
	rootObject = F1646E1D2872F3E2009B2FF9 /* Project object */;
}
